<?xml version="1.0" encoding="utf-8"?>
<Project ToolsVersion="4.0" xmlns="http://schemas.microsoft.com/developer/msbuild/2003">
  <ItemGroup>
    <Filter Include="Header Files">
      <UniqueIdentifier>{5b7d1b95-ec4d-45de-96cf-c89198391d2d}</UniqueIdentifier>
      <Extensions>h</Extensions>
    </Filter>
    <Filter Include="Source Files">
      <UniqueIdentifier>{365806d6-8c25-425f-ad2c-bc3bb3be6264}</UniqueIdentifier>
      <Extensions>cpp</Extensions>
    </Filter>
    <Filter Include="Source Files\ShipAI">
      <UniqueIdentifier>{5e07b5b7-bb1a-4bc3-902e-2d064be3a596}</UniqueIdentifier>
    </Filter>
    <Filter Include="Source Files\SFX">
      <UniqueIdentifier>{15745ca2-351c-4d90-bee6-732814b02273}</UniqueIdentifier>
    </Filter>
    <Filter Include="Source Files\DesignTypes">
      <UniqueIdentifier>{45dd5eb8-8522-4345-bda8-05865897e18d}</UniqueIdentifier>
    </Filter>
    <Filter Include="Source Files\Utilities">
      <UniqueIdentifier>{0614c2a9-dbdd-4bbc-96f4-9b8e44b98658}</UniqueIdentifier>
    </Filter>
    <Filter Include="Source Files\Items">
      <UniqueIdentifier>{29b5d97d-be2e-4edc-8690-9a95a4346e95}</UniqueIdentifier>
    </Filter>
    <Filter Include="Source Files\Topology">
      <UniqueIdentifier>{9bbd529b-d64c-4889-8db0-2c62f4383f11}</UniqueIdentifier>
    </Filter>
    <Filter Include="Source Files\StarSystem">
      <UniqueIdentifier>{aac9a1a6-0de8-4df8-889d-2641b781aebc}</UniqueIdentifier>
    </Filter>
    <Filter Include="Source Files\Images">
      <UniqueIdentifier>{9ba52a15-71f0-4fd2-9fe1-4b771f842a7b}</UniqueIdentifier>
    </Filter>
    <Filter Include="Source Files\TransLISP">
      <UniqueIdentifier>{e6f75494-d58d-4357-bbf8-ed2c977d7299}</UniqueIdentifier>
    </Filter>
    <Filter Include="Source Files\SpaceObjects">
      <UniqueIdentifier>{14ee9bf9-560e-444c-ad20-e23095a605dd}</UniqueIdentifier>
    </Filter>
    <Filter Include="Source Files\Multiverse">
      <UniqueIdentifier>{09b42baa-8339-46f8-8c88-c102263a8481}</UniqueIdentifier>
    </Filter>
    <Filter Include="Source Files\Missions">
      <UniqueIdentifier>{89d53c3d-c95d-4433-9d43-15892b39fc94}</UniqueIdentifier>
    </Filter>
    <Filter Include="Source Files\Sound">
      <UniqueIdentifier>{2090b34e-be38-44e4-b7c3-4abe3d0e51ff}</UniqueIdentifier>
    </Filter>
    <Filter Include="Source Files\Ships">
      <UniqueIdentifier>{cf0514bc-e424-404e-a805-0331b997edaa}</UniqueIdentifier>
    </Filter>
  </ItemGroup>
  <ItemGroup>
    <ClInclude Include="Geometry.h">
      <Filter>Header Files</Filter>
    </ClInclude>
    <ClInclude Include="PreComp.h">
      <Filter>Header Files</Filter>
    </ClInclude>
    <ClInclude Include="TSE.h">
      <Filter>Header Files</Filter>
    </ClInclude>
    <ClInclude Include="TSEDesign.h">
      <Filter>Header Files</Filter>
    </ClInclude>
    <ClInclude Include="TSEDeviceClassesImpl.h">
      <Filter>Header Files</Filter>
    </ClInclude>
    <ClInclude Include="TSEMultiverse.h">
      <Filter>Header Files</Filter>
    </ClInclude>
    <ClInclude Include="TSEOrderModuleImpl.h">
      <Filter>Header Files</Filter>
    </ClInclude>
    <ClInclude Include="TSESFXImpl.h">
      <Filter>Header Files</Filter>
    </ClInclude>
    <ClInclude Include="TSEShipControllersImpl.h">
      <Filter>Header Files</Filter>
    </ClInclude>
    <ClInclude Include="TSESpaceObjectsImpl.h">
      <Filter>Header Files</Filter>
    </ClInclude>
    <ClInclude Include="TSEStorage.h">
      <Filter>Header Files</Filter>
    </ClInclude>
    <ClInclude Include="TSETopologyProcessorsImpl.h">
      <Filter>Header Files</Filter>
    </ClInclude>
    <ClInclude Include="TSETypes.h">
      <Filter>Header Files</Filter>
    </ClInclude>
    <ClInclude Include="TSEUtil.h">
      <Filter>Header Files</Filter>
    </ClInclude>
    <ClInclude Include="TSEMissions.h">
      <Filter>Header Files</Filter>
    </ClInclude>
    <ClInclude Include="TSEPaint.h">
      <Filter>Header Files</Filter>
    </ClInclude>
    <ClInclude Include="TSETransLisp.h">
      <Filter>Header Files</Filter>
    </ClInclude>
  </ItemGroup>
  <ItemGroup>
    <ClCompile Include="CAdventureRecord.cpp">
      <Filter>Source Files</Filter>
    </ClCompile>
    <ClCompile Include="CCommunicationsHandler.cpp">
      <Filter>Source Files</Filter>
    </ClCompile>
    <ClCompile Include="CDockingPorts.cpp">
      <Filter>Source Files</Filter>
    </ClCompile>
    <ClCompile Include="CEnergyField.cpp">
      <Filter>Source Files</Filter>
    </ClCompile>
    <ClCompile Include="CEnergyFieldList.cpp">
      <Filter>Source Files</Filter>
    </ClCompile>
    <ClCompile Include="CGameFile.cpp">
      <Filter>Source Files</Filter>
    </ClCompile>
    <ClCompile Include="CGameRecord.cpp">
      <Filter>Source Files</Filter>
    </ClCompile>
    <ClCompile Include="CGameStats.cpp">
      <Filter>Source Files</Filter>
    </ClCompile>
    <ClCompile Include="CMoveCtx.cpp">
      <Filter>Source Files</Filter>
    </ClCompile>
    <ClCompile Include="CParticleArray.cpp">
      <Filter>Source Files</Filter>
    </ClCompile>
    <ClCompile Include="CResourceDb.cpp">
      <Filter>Source Files</Filter>
    </ClCompile>
    <ClCompile Include="CShockwaveHitTest.cpp">
      <Filter>Source Files</Filter>
    </ClCompile>
    <ClCompile Include="CTradingDesc.cpp">
      <Filter>Source Files</Filter>
    </ClCompile>
    <ClCompile Include="CUniverse.cpp">
      <Filter>Source Files</Filter>
    </ClCompile>
    <ClCompile Include="CUserProfile.cpp">
      <Filter>Source Files</Filter>
    </ClCompile>
    <ClCompile Include="Damage.cpp">
      <Filter>Source Files</Filter>
    </ClCompile>
    <ClCompile Include="Events.cpp">
      <Filter>Source Files</Filter>
    </ClCompile>
    <ClCompile Include="XMLLoader.cpp">
      <Filter>Source Files</Filter>
    </ClCompile>
    <ClCompile Include="AIManeuvers.cpp">
      <Filter>Source Files\ShipAI</Filter>
    </ClCompile>
    <ClCompile Include="CAIBehaviorCtx.cpp">
      <Filter>Source Files\ShipAI</Filter>
    </ClCompile>
    <ClCompile Include="CAIShipControls.cpp">
      <Filter>Source Files\ShipAI</Filter>
    </ClCompile>
    <ClCompile Include="CAutonAI.cpp">
      <Filter>Source Files\ShipAI</Filter>
    </ClCompile>
    <ClCompile Include="CBaseShipAI.cpp">
      <Filter>Source Files\ShipAI</Filter>
    </ClCompile>
    <ClCompile Include="CFerianShipAI.cpp">
      <Filter>Source Files\ShipAI</Filter>
    </ClCompile>
    <ClCompile Include="CFleetCommandAI.cpp">
      <Filter>Source Files\ShipAI</Filter>
    </ClCompile>
    <ClCompile Include="CFleetShipAI.cpp">
      <Filter>Source Files\ShipAI</Filter>
    </ClCompile>
    <ClCompile Include="CGaianProcessor.cpp">
      <Filter>Source Files\ShipAI</Filter>
    </ClCompile>
    <ClCompile Include="CGladiatorAI.cpp">
      <Filter>Source Files\ShipAI</Filter>
    </ClCompile>
    <ClCompile Include="CStandardShipAI.cpp">
      <Filter>Source Files\ShipAI</Filter>
    </ClCompile>
    <ClCompile Include="CZoanthropeAI.cpp">
      <Filter>Source Files\ShipAI</Filter>
    </ClCompile>
    <ClCompile Include="OrderModules.cpp">
      <Filter>Source Files\ShipAI</Filter>
    </ClCompile>
    <ClCompile Include="CEffectCreator.cpp">
      <Filter>Source Files\SFX</Filter>
    </ClCompile>
    <ClCompile Include="CEffectGroupCreator.cpp">
      <Filter>Source Files\SFX</Filter>
    </ClCompile>
    <ClCompile Include="SFXBeam.cpp">
      <Filter>Source Files\SFX</Filter>
    </ClCompile>
    <ClCompile Include="SFXBolt.cpp">
      <Filter>Source Files\SFX</Filter>
    </ClCompile>
    <ClCompile Include="SFXEllipse.cpp">
      <Filter>Source Files\SFX</Filter>
    </ClCompile>
    <ClCompile Include="SFXFlare.cpp">
      <Filter>Source Files\SFX</Filter>
    </ClCompile>
    <ClCompile Include="SFXImage.cpp">
      <Filter>Source Files\SFX</Filter>
    </ClCompile>
    <ClCompile Include="SFXImageAndTail.cpp">
      <Filter>Source Files\SFX</Filter>
    </ClCompile>
    <ClCompile Include="SFXImageFracture.cpp">
      <Filter>Source Files\SFX</Filter>
    </ClCompile>
    <ClCompile Include="SFXLightningShockwave.cpp">
      <Filter>Source Files\SFX</Filter>
    </ClCompile>
    <ClCompile Include="SFXMoltenBolt.cpp">
      <Filter>Source Files\SFX</Filter>
    </ClCompile>
    <ClCompile Include="SFXParticleCloud.cpp">
      <Filter>Source Files\SFX</Filter>
    </ClCompile>
    <ClCompile Include="SFXParticleComet.cpp">
      <Filter>Source Files\SFX</Filter>
    </ClCompile>
    <ClCompile Include="SFXParticleExplosion.cpp">
      <Filter>Source Files\SFX</Filter>
    </ClCompile>
    <ClCompile Include="SFXPlasmaSphere.cpp">
      <Filter>Source Files\SFX</Filter>
    </ClCompile>
    <ClCompile Include="SFXPolyflash.cpp">
      <Filter>Source Files\SFX</Filter>
    </ClCompile>
    <ClCompile Include="SFXSequencer.cpp">
      <Filter>Source Files\SFX</Filter>
    </ClCompile>
    <ClCompile Include="SFXShape.cpp">
      <Filter>Source Files\SFX</Filter>
    </ClCompile>
    <ClCompile Include="SFXShockwave.cpp">
      <Filter>Source Files\SFX</Filter>
    </ClCompile>
    <ClCompile Include="SFXSingleParticle.cpp">
      <Filter>Source Files\SFX</Filter>
    </ClCompile>
    <ClCompile Include="SFXSmokeTrail.cpp">
      <Filter>Source Files\SFX</Filter>
    </ClCompile>
    <ClCompile Include="SFXStarbust.cpp">
      <Filter>Source Files\SFX</Filter>
    </ClCompile>
    <ClCompile Include="SFXText.cpp">
      <Filter>Source Files\SFX</Filter>
    </ClCompile>
    <ClCompile Include="SFXVariants.cpp">
      <Filter>Source Files\SFX</Filter>
    </ClCompile>
    <ClCompile Include="CAdventureDesc.cpp">
      <Filter>Source Files\DesignTypes</Filter>
    </ClCompile>
    <ClCompile Include="CDesignCollection.cpp">
      <Filter>Source Files\DesignTypes</Filter>
    </ClCompile>
    <ClCompile Include="CDesignTable.cpp">
      <Filter>Source Files\DesignTypes</Filter>
    </ClCompile>
    <ClCompile Include="CDesignType.cpp">
      <Filter>Source Files\DesignTypes</Filter>
    </ClCompile>
    <ClCompile Include="CDockScreenType.cpp">
      <Filter>Source Files\DesignTypes</Filter>
    </ClCompile>
    <ClCompile Include="CDynamicDesignTable.cpp">
      <Filter>Source Files\DesignTypes</Filter>
    </ClCompile>
    <ClCompile Include="CEconomyType.cpp">
      <Filter>Source Files\DesignTypes</Filter>
    </ClCompile>
    <ClCompile Include="CExtension.cpp">
      <Filter>Source Files\DesignTypes</Filter>
    </ClCompile>
    <ClCompile Include="CExtensionCollection.cpp">
      <Filter>Source Files\DesignTypes</Filter>
    </ClCompile>
    <ClCompile Include="CNameGenerator.cpp">
      <Filter>Source Files\DesignTypes</Filter>
    </ClCompile>
    <ClCompile Include="CPower.cpp">
      <Filter>Source Files\DesignTypes</Filter>
    </ClCompile>
    <ClCompile Include="CShipEnergyFieldType.cpp">
      <Filter>Source Files\DesignTypes</Filter>
    </ClCompile>
    <ClCompile Include="CSovereign.cpp">
      <Filter>Source Files\DesignTypes</Filter>
    </ClCompile>
    <ClCompile Include="CStationType.cpp">
      <Filter>Source Files\DesignTypes</Filter>
    </ClCompile>
    <ClCompile Include="C3DConversion.cpp">
      <Filter>Source Files\Utilities</Filter>
    </ClCompile>
    <ClCompile Include="CAStarPathFinder.cpp">
      <Filter>Source Files\Utilities</Filter>
    </ClCompile>
    <ClCompile Include="CAttackDetector.cpp">
      <Filter>Source Files\Utilities</Filter>
    </ClCompile>
    <ClCompile Include="CAttributeCriteria.cpp">
      <Filter>Source Files\Utilities</Filter>
    </ClCompile>
    <ClCompile Include="CAttributeDataBlock.cpp">
      <Filter>Source Files\Utilities</Filter>
    </ClCompile>
    <ClCompile Include="CComplexArea.cpp">
      <Filter>Source Files\Utilities</Filter>
    </ClCompile>
    <ClCompile Include="CCurrencyBlock.cpp">
      <Filter>Source Files\Utilities</Filter>
    </ClCompile>
    <ClCompile Include="CDamageAdjDesc.cpp">
      <Filter>Source Files\Utilities</Filter>
    </ClCompile>
    <ClCompile Include="CDamageSource.cpp">
      <Filter>Source Files\Utilities</Filter>
    </ClCompile>
    <ClCompile Include="CDeviceStorage.cpp">
      <Filter>Source Files\Utilities</Filter>
    </ClCompile>
    <ClCompile Include="CEventHandler.cpp">
      <Filter>Source Files\Utilities</Filter>
    </ClCompile>
    <ClCompile Include="CFormulaText.cpp">
      <Filter>Source Files\Utilities</Filter>
    </ClCompile>
    <ClCompile Include="CGameTimeKeeper.cpp">
      <Filter>Source Files\Utilities</Filter>
    </ClCompile>
    <ClCompile Include="CGlobalEventCache.cpp">
      <Filter>Source Files\Utilities</Filter>
    </ClCompile>
    <ClCompile Include="CLanguageDataBlock.cpp">
      <Filter>Source Files\Utilities</Filter>
    </ClCompile>
    <ClCompile Include="CNavigationPath.cpp">
      <Filter>Source Files\Utilities</Filter>
    </ClCompile>
    <ClCompile Include="ContantsUtilities.cpp">
      <Filter>Source Files\Utilities</Filter>
    </ClCompile>
    <ClCompile Include="CRandomEntryGenerator.cpp">
      <Filter>Source Files\Utilities</Filter>
    </ClCompile>
    <ClCompile Include="CSpaceObjectGrid.cpp">
      <Filter>Source Files\Utilities</Filter>
    </ClCompile>
    <ClCompile Include="CSpaceObjectList.cpp">
      <Filter>Source Files\Utilities</Filter>
    </ClCompile>
    <ClCompile Include="CSpaceObjectTable.cpp">
      <Filter>Source Files\Utilities</Filter>
    </ClCompile>
    <ClCompile Include="CTileMap.cpp">
      <Filter>Source Files\Utilities</Filter>
    </ClCompile>
    <ClCompile Include="CZoneGrid.cpp">
      <Filter>Source Files\Utilities</Filter>
    </ClCompile>
    <ClCompile Include="Geometry.cpp">
      <Filter>Source Files\Utilities</Filter>
    </ClCompile>
    <ClCompile Include="I2DFunction.cpp">
      <Filter>Source Files\Utilities</Filter>
    </ClCompile>
    <ClCompile Include="PaintUtilities.cpp">
      <Filter>Source Files\Utilities</Filter>
    </ClCompile>
    <ClCompile Include="Utilities.cpp">
      <Filter>Source Files\Utilities</Filter>
    </ClCompile>
    <ClCompile Include="CArmorClass.cpp">
      <Filter>Source Files\Items</Filter>
    </ClCompile>
    <ClCompile Include="CAutoDefenseClass.cpp">
      <Filter>Source Files\Items</Filter>
    </ClCompile>
    <ClCompile Include="CCargoSpaceClass.cpp">
      <Filter>Source Files\Items</Filter>
    </ClCompile>
    <ClCompile Include="CCyberDeckClass.cpp">
      <Filter>Source Files\Items</Filter>
    </ClCompile>
    <ClCompile Include="CDeviceTable.cpp">
      <Filter>Source Files\Items</Filter>
    </ClCompile>
    <ClCompile Include="CDriveClass.cpp">
      <Filter>Source Files\Items</Filter>
    </ClCompile>
    <ClCompile Include="CEnhancerClass.cpp">
      <Filter>Source Files\Items</Filter>
    </ClCompile>
    <ClCompile Include="CInstalledArmor.cpp">
      <Filter>Source Files\Items</Filter>
    </ClCompile>
    <ClCompile Include="CItem.cpp">
      <Filter>Source Files\Items</Filter>
    </ClCompile>
    <ClCompile Include="CItemEnhancement.cpp">
      <Filter>Source Files\Items</Filter>
    </ClCompile>
    <ClCompile Include="CItemEventDispatcher.cpp">
      <Filter>Source Files\Items</Filter>
    </ClCompile>
    <ClCompile Include="CItemList.cpp">
      <Filter>Source Files\Items</Filter>
    </ClCompile>
    <ClCompile Include="CItemListManipulator.cpp">
      <Filter>Source Files\Items</Filter>
    </ClCompile>
    <ClCompile Include="CItemTable.cpp">
      <Filter>Source Files\Items</Filter>
    </ClCompile>
    <ClCompile Include="CItemType.cpp">
      <Filter>Source Files\Items</Filter>
    </ClCompile>
    <ClCompile Include="CMiscellaneousClass.cpp">
      <Filter>Source Files\Items</Filter>
    </ClCompile>
    <ClCompile Include="CReactorClass.cpp">
      <Filter>Source Files\Items</Filter>
    </ClCompile>
    <ClCompile Include="CRepairerClass.cpp">
      <Filter>Source Files\Items</Filter>
    </ClCompile>
    <ClCompile Include="CShieldClass.cpp">
      <Filter>Source Files\Items</Filter>
    </ClCompile>
    <ClCompile Include="CSolarDeviceClass.cpp">
      <Filter>Source Files\Items</Filter>
    </ClCompile>
    <ClCompile Include="CWeaponClass.cpp">
      <Filter>Source Files\Items</Filter>
    </ClCompile>
    <ClCompile Include="CWeaponFireDesc.cpp">
      <Filter>Source Files\Items</Filter>
    </ClCompile>
    <ClCompile Include="Devices.cpp">
      <Filter>Source Files\Items</Filter>
    </ClCompile>
    <ClCompile Include="CApplySystemProc.cpp">
      <Filter>Source Files\Topology</Filter>
    </ClCompile>
    <ClCompile Include="CConquerNodesProc.cpp">
      <Filter>Source Files\Topology</Filter>
    </ClCompile>
    <ClCompile Include="CDistributeNodesProc.cpp">
      <Filter>Source Files\Topology</Filter>
    </ClCompile>
    <ClCompile Include="CFillNodesProc.cpp">
      <Filter>Source Files\Topology</Filter>
    </ClCompile>
    <ClCompile Include="CGroupTopologyProc.cpp">
      <Filter>Source Files\Topology</Filter>
    </ClCompile>
    <ClCompile Include="CLocateNodesProc.cpp">
      <Filter>Source Files\Topology</Filter>
    </ClCompile>
    <ClCompile Include="CPartitionNodesProc.cpp">
      <Filter>Source Files\Topology</Filter>
    </ClCompile>
    <ClCompile Include="CRandomPointsProc.cpp">
      <Filter>Source Files\Topology</Filter>
    </ClCompile>
    <ClCompile Include="CSystemMap.cpp">
      <Filter>Source Files\Topology</Filter>
    </ClCompile>
    <ClCompile Include="CTableTopologyProc.cpp">
      <Filter>Source Files\Topology</Filter>
    </ClCompile>
    <ClCompile Include="CTopology.cpp">
      <Filter>Source Files\Topology</Filter>
    </ClCompile>
    <ClCompile Include="CTopologyDesc.cpp">
      <Filter>Source Files\Topology</Filter>
    </ClCompile>
    <ClCompile Include="CTopologyDescTable.cpp">
      <Filter>Source Files\Topology</Filter>
    </ClCompile>
    <ClCompile Include="CTopologyNode.cpp">
      <Filter>Source Files\Topology</Filter>
    </ClCompile>
    <ClCompile Include="CTopologyNodeList.cpp">
      <Filter>Source Files\Topology</Filter>
    </ClCompile>
    <ClCompile Include="ITopologyProcessor.cpp">
      <Filter>Source Files\Topology</Filter>
    </ClCompile>
    <ClCompile Include="CLocationDef.cpp">
      <Filter>Source Files\StarSystem</Filter>
    </ClCompile>
    <ClCompile Include="CLocationList.cpp">
      <Filter>Source Files\StarSystem</Filter>
    </ClCompile>
    <ClCompile Include="COrbit.cpp">
      <Filter>Source Files\StarSystem</Filter>
    </ClCompile>
    <ClCompile Include="CreateSystem.cpp">
      <Filter>Source Files\StarSystem</Filter>
    </ClCompile>
    <ClCompile Include="CSpaceEnvironmentType.cpp">
      <Filter>Source Files\StarSystem</Filter>
    </ClCompile>
    <ClCompile Include="CSystem.cpp">
      <Filter>Source Files\StarSystem</Filter>
    </ClCompile>
    <ClCompile Include="CSystemCreateEvents.cpp">
      <Filter>Source Files\StarSystem</Filter>
    </ClCompile>
    <ClCompile Include="CSystemCreateStats.cpp">
      <Filter>Source Files\StarSystem</Filter>
    </ClCompile>
    <ClCompile Include="CSystemEventHandler.cpp">
      <Filter>Source Files\StarSystem</Filter>
    </ClCompile>
    <ClCompile Include="CSystemTable.cpp">
      <Filter>Source Files\StarSystem</Filter>
    </ClCompile>
    <ClCompile Include="CSystemType.cpp">
      <Filter>Source Files\StarSystem</Filter>
    </ClCompile>
    <ClCompile Include="CTerritoryDef.cpp">
      <Filter>Source Files\StarSystem</Filter>
    </ClCompile>
    <ClCompile Include="CTerritoryList.cpp">
      <Filter>Source Files\StarSystem</Filter>
    </ClCompile>
    <ClCompile Include="CCompositeImageDesc.cpp">
      <Filter>Source Files\Images</Filter>
    </ClCompile>
    <ClCompile Include="CCompositeImageSelector.cpp">
      <Filter>Source Files\Images</Filter>
    </ClCompile>
    <ClCompile Include="CObjectImage.cpp">
      <Filter>Source Files\Images</Filter>
    </ClCompile>
    <ClCompile Include="CObjectImageArray.cpp">
      <Filter>Source Files\Images</Filter>
    </ClCompile>
    <ClCompile Include="CCExtensions.cpp">
      <Filter>Source Files\TransLISP</Filter>
    </ClCompile>
    <ClCompile Include="CCodeChainCtx.cpp">
      <Filter>Source Files\TransLISP</Filter>
    </ClCompile>
    <ClCompile Include="CCUtil.cpp">
      <Filter>Source Files\TransLISP</Filter>
    </ClCompile>
    <ClCompile Include="CFunctionContextWrapper.cpp">
      <Filter>Source Files\TransLISP</Filter>
    </ClCompile>
    <ClCompile Include="CAreaDamage.cpp">
      <Filter>Source Files\SpaceObjects</Filter>
    </ClCompile>
    <ClCompile Include="CBeam.cpp">
      <Filter>Source Files\SpaceObjects</Filter>
    </ClCompile>
    <ClCompile Include="CBoundaryMarker.cpp">
      <Filter>Source Files\SpaceObjects</Filter>
    </ClCompile>
    <ClCompile Include="CDisintegrationEffect.cpp">
      <Filter>Source Files\SpaceObjects</Filter>
    </ClCompile>
    <ClCompile Include="CEffect.cpp">
      <Filter>Source Files\SpaceObjects</Filter>
    </ClCompile>
    <ClCompile Include="CFractureEffect.cpp">
      <Filter>Source Files\SpaceObjects</Filter>
    </ClCompile>
    <ClCompile Include="CMissile.cpp">
      <Filter>Source Files\SpaceObjects</Filter>
    </ClCompile>
    <ClCompile Include="CParticleDamage.cpp">
      <Filter>Source Files\SpaceObjects</Filter>
    </ClCompile>
    <ClCompile Include="CParticleEffect.cpp">
      <Filter>Source Files\SpaceObjects</Filter>
    </ClCompile>
    <ClCompile Include="CRadiusDamage.cpp">
      <Filter>Source Files\SpaceObjects</Filter>
    </ClCompile>
    <ClCompile Include="CSequencerEffect.cpp">
      <Filter>Source Files\SpaceObjects</Filter>
    </ClCompile>
    <ClCompile Include="CSpaceObject.cpp">
      <Filter>Source Files\SpaceObjects</Filter>
    </ClCompile>
    <ClCompile Include="CStaticEffect.cpp">
      <Filter>Source Files\SpaceObjects</Filter>
    </ClCompile>
    <ClCompile Include="CStation.cpp">
      <Filter>Source Files\SpaceObjects</Filter>
    </ClCompile>
    <ClCompile Include="Markers.cpp">
      <Filter>Source Files\SpaceObjects</Filter>
    </ClCompile>
    <ClCompile Include="CHexarc.cpp">
      <Filter>Source Files\Multiverse</Filter>
    </ClCompile>
    <ClCompile Include="CHexarcDownloader.cpp">
      <Filter>Source Files\Multiverse</Filter>
    </ClCompile>
    <ClCompile Include="CHexarcSession.cpp">
      <Filter>Source Files\Multiverse</Filter>
    </ClCompile>
    <ClCompile Include="CMultiverseCatalogEntry.cpp">
      <Filter>Source Files\Multiverse</Filter>
    </ClCompile>
    <ClCompile Include="CMultiverseCollection.cpp">
      <Filter>Source Files\Multiverse</Filter>
    </ClCompile>
    <ClCompile Include="CMultiverseFileRef.cpp">
      <Filter>Source Files\Multiverse</Filter>
    </ClCompile>
    <ClCompile Include="CMultiverseModel.cpp">
      <Filter>Source Files\Multiverse</Filter>
    </ClCompile>
    <ClCompile Include="CGlobalSpaceObject.cpp">
      <Filter>Source Files\Utilities</Filter>
    </ClCompile>
    <ClCompile Include="CMission.cpp">
      <Filter>Source Files\Missions</Filter>
    </ClCompile>
    <ClCompile Include="CMissionList.cpp">
      <Filter>Source Files\Missions</Filter>
    </ClCompile>
    <ClCompile Include="CTimedMissionEvent.cpp">
      <Filter>Source Files\Missions</Filter>
    </ClCompile>
    <ClCompile Include="CTimedEventList.cpp">
      <Filter>Source Files\Utilities</Filter>
    </ClCompile>
    <ClCompile Include="CEnvironmentGrid.cpp">
      <Filter>Source Files\StarSystem</Filter>
    </ClCompile>
    <ClCompile Include="CMissionType.cpp">
      <Filter>Source Files\Missions</Filter>
    </ClCompile>
    <ClCompile Include="CObjectTracker.cpp">
      <Filter>Source Files\SpaceObjects</Filter>
    </ClCompile>
    <ClCompile Include="CStationEncounterDesc.cpp">
      <Filter>Source Files\Utilities</Filter>
    </ClCompile>
    <ClCompile Include="CStationEncounterCtx.cpp">
      <Filter>Source Files\Utilities</Filter>
    </ClCompile>
    <ClCompile Include="COrderList.cpp">
      <Filter>Source Files\ShipAI</Filter>
    </ClCompile>
    <ClCompile Include="CObjectStats.cpp">
      <Filter>Source Files\SpaceObjects</Filter>
    </ClCompile>
    <ClCompile Include="CSpaceObjectAddressResolver.cpp">
      <Filter>Source Files\Utilities</Filter>
    </ClCompile>
    <ClCompile Include="CAscendedObjectList.cpp">
      <Filter>Source Files\SpaceObjects</Filter>
    </ClCompile>
    <ClCompile Include="CWaveGenerator.cpp">
      <Filter>Source Files\Utilities</Filter>
    </ClCompile>
    <ClCompile Include="CImageArranger.cpp">
      <Filter>Source Files\Utilities</Filter>
    </ClCompile>
    <ClCompile Include="CStationTableCache.cpp">
      <Filter>Source Files\StarSystem</Filter>
    </ClCompile>
    <ClCompile Include="SFXRay.cpp">
      <Filter>Source Files\SFX</Filter>
    </ClCompile>
    <ClCompile Include="CEffectParamDesc.cpp">
      <Filter>Source Files\SFX</Filter>
    </ClCompile>
    <ClCompile Include="CCreatePainterCtx.cpp">
      <Filter>Source Files\SFX</Filter>
    </ClCompile>
    <ClCompile Include="CSoundRef.cpp">
      <Filter>Source Files\Sound</Filter>
    </ClCompile>
    <ClCompile Include="CSoundType.cpp">
      <Filter>Source Files\Sound</Filter>
    </ClCompile>
    <ClCompile Include="CItemEnhancementStack.cpp">
      <Filter>Source Files\Items</Filter>
    </ClCompile>
    <ClCompile Include="CInstalledDevice.cpp">
      <Filter>Source Files\Items</Filter>
    </ClCompile>
    <ClCompile Include="CCompositeImageModifiers.cpp">
      <Filter>Source Files\Images</Filter>
    </ClCompile>
    <ClCompile Include="IListData.cpp">
      <Filter>Source Files\Utilities</Filter>
    </ClCompile>
    <ClCompile Include="CDisplayAttributeDefinitions.cpp">
      <Filter>Source Files\Utilities</Filter>
    </ClCompile>
    <ClCompile Include="CMultiverseNews.cpp">
      <Filter>Source Files\Multiverse</Filter>
    </ClCompile>
    <ClCompile Include="CMultiverseNewsEntry.cpp">
      <Filter>Source Files\Multiverse</Filter>
    </ClCompile>
    <ClCompile Include="CShipClass.cpp">
      <Filter>Source Files\Ships</Filter>
    </ClCompile>
    <ClCompile Include="CShip.cpp">
      <Filter>Source Files\Ships</Filter>
    </ClCompile>
    <ClCompile Include="CAISettings.cpp">
      <Filter>Source Files\ShipAI</Filter>
    </ClCompile>
    <ClCompile Include="CShipInterior.cpp">
      <Filter>Source Files\Ships</Filter>
    </ClCompile>
    <ClCompile Include="CShipInteriorDesc.cpp">
      <Filter>Source Files\Ships</Filter>
    </ClCompile>
    <ClCompile Include="CRegenDesc.cpp">
      <Filter>Source Files\Utilities</Filter>
    </ClCompile>
    <ClCompile Include="CShipTable.cpp">
      <Filter>Source Files\Ships</Filter>
    </ClCompile>
    <ClCompile Include="CPlayerSettings.cpp">
      <Filter>Source Files\Ships</Filter>
    </ClCompile>
    <ClCompile Include="CIntegralRotationDesc.cpp">
      <Filter>Source Files\Ships</Filter>
    </ClCompile>
    <ClCompile Include="CIntegralRotation.cpp">
      <Filter>Source Files\Ships</Filter>
    </ClCompile>
    <ClCompile Include="CObjectEffectDesc.cpp">
      <Filter>Source Files\Ships</Filter>
    </ClCompile>
    <ClCompile Include="CObjectEffectList.cpp">
      <Filter>Source Files\Ships</Filter>
    </ClCompile>
    <ClCompile Include="CMapViewportCtx.cpp">
      <Filter>Source Files\StarSystem</Filter>
    </ClCompile>
    <ClCompile Include="SFXParticleJet.cpp">
      <Filter>Source Files\SFX</Filter>
    </ClCompile>
    <ClCompile Include="CPaintHelper.cpp">
      <Filter>Source Files\Utilities</Filter>
    </ClCompile>
    <ClCompile Include="SFXOrb.cpp">
      <Filter>Source Files\SFX</Filter>
    </ClCompile>
    <ClCompile Include="CItemCtx.cpp">
      <Filter>Source Files\Items</Filter>
    </ClCompile>
  </ItemGroup>
</Project>