<?xml version="1.0" encoding="utf-8"?>
<Project ToolsVersion="4.0" xmlns="http://schemas.microsoft.com/developer/msbuild/2003">
  <ItemGroup>
    <Filter Include="Source Files">
      <UniqueIdentifier>{867e4bc8-a63f-4252-87a4-ed89f5dbcd35}</UniqueIdentifier>
      <Extensions>cpp;c;cxx;rc;def;r;odl;idl;hpj;bat</Extensions>
    </Filter>
    <Filter Include="Header Files">
      <UniqueIdentifier>{5db49b8e-1403-4a3b-8374-a1f83606d139}</UniqueIdentifier>
      <Extensions>h;hpp;hxx;hm;inl</Extensions>
    </Filter>
    <Filter Include="Resource Files">
      <UniqueIdentifier>{1bd7a7db-4715-4024-ac22-66f4879edbb5}</UniqueIdentifier>
      <Extensions>ico;cur;bmp;dlg;rc2;rct;bin;rgs;gif;jpg;jpeg;jpe</Extensions>
    </Filter>
    <Filter Include="XML Files">
      <UniqueIdentifier>{907de3ae-7d49-4088-afb7-f3daa875d329}</UniqueIdentifier>
    </Filter>
    <Filter Include="TLisp Files">
      <UniqueIdentifier>{44ee7372-84e8-4e57-879b-9be2fbbf64a4}</UniqueIdentifier>
    </Filter>
  </ItemGroup>
  <ItemGroup>
    <ClCompile Include="Armor.cpp">
      <Filter>Source Files</Filter>
    </ClCompile>
    <ClCompile Include="Attributes.cpp">
      <Filter>Source Files</Filter>
    </ClCompile>
    <ClCompile Include="CImageGrid.cpp">
      <Filter>Source Files</Filter>
    </ClCompile>
    <ClCompile Include="Compile.cpp">
      <Filter>Source Files</Filter>
    </ClCompile>
    <ClCompile Include="CSimViewer.cpp">
      <Filter>Source Files</Filter>
    </ClCompile>
    <ClCompile Include="Effects.cpp">
      <Filter>Source Files</Filter>
    </ClCompile>
    <ClCompile Include="EncounterSim.cpp">
      <Filter>Source Files</Filter>
    </ClCompile>
    <ClCompile Include="EncounterTable.cpp">
      <Filter>Source Files</Filter>
    </ClCompile>
    <ClCompile Include="Entities.cpp">
      <Filter>Source Files</Filter>
    </ClCompile>
    <ClCompile Include="Help.cpp">
      <Filter>Source Files</Filter>
    </ClCompile>
    <ClCompile Include="Hexarc.cpp">
      <Filter>Source Files</Filter>
    </ClCompile>
    <ClCompile Include="ItemTable.cpp">
      <Filter>Source Files</Filter>
    </ClCompile>
    <ClCompile Include="LootSim.cpp">
      <Filter>Source Files</Filter>
    </ClCompile>
    <ClCompile Include="main.cpp">
      <Filter>Source Files</Filter>
    </ClCompile>
    <ClCompile Include="PerformanceTest.cpp">
      <Filter>Source Files</Filter>
    </ClCompile>
    <ClCompile Include="RandomItemTables.cpp">
      <Filter>Source Files</Filter>
    </ClCompile>
    <ClCompile Include="ShieldStats.cpp">
      <Filter>Source Files</Filter>
    </ClCompile>
    <ClCompile Include="ShipImage.cpp">
      <Filter>Source Files</Filter>
    </ClCompile>
    <ClCompile Include="ShipImageChart.cpp">
      <Filter>Source Files</Filter>
    </ClCompile>
    <ClCompile Include="ShipTable.cpp">
      <Filter>Source Files</Filter>
    </ClCompile>
    <ClCompile Include="SimTables.cpp">
      <Filter>Source Files</Filter>
    </ClCompile>
    <ClCompile Include="SmokeTest.cpp">
      <Filter>Source Files</Filter>
    </ClCompile>
    <ClCompile Include="Snapshot.cpp">
      <Filter>Source Files</Filter>
    </ClCompile>
    <ClCompile Include="StationPlaceSim.cpp">
      <Filter>Source Files</Filter>
    </ClCompile>
    <ClCompile Include="Stats.cpp">
      <Filter>Source Files</Filter>
    </ClCompile>
    <ClCompile Include="SystemLabelCount.cpp">
      <Filter>Source Files</Filter>
    </ClCompile>
    <ClCompile Include="SystemTest.cpp">
      <Filter>Source Files</Filter>
    </ClCompile>
    <ClCompile Include="Topology.cpp">
      <Filter>Source Files</Filter>
    </ClCompile>
    <ClCompile Include="Words.cpp">
      <Filter>Source Files</Filter>
    </ClCompile>
    <ClCompile Include="TradeSim.cpp">
      <Filter>Source Files</Filter>
    </ClCompile>
    <ClCompile Include="WorldImageChart.cpp">
      <Filter>Source Files</Filter>
    </ClCompile>
    <ClCompile Include="WeaponEffectChart.cpp">
      <Filter>Source Files</Filter>
    </ClCompile>
    <ClCompile Include="CItemTypeTable.cpp">
      <Filter>Source Files</Filter>
    </ClCompile>
    <ClCompile Include="COutputChart.cpp">
      <Filter>Source Files</Filter>
    </ClCompile>
    <ClCompile Include="TypeTable.cpp">
      <Filter>Source Files</Filter>
    </ClCompile>
    <ClCompile Include="ImageChart.cpp">
      <Filter>Source Files</Filter>
    </ClCompile>
    <ClCompile Include="TopologyMap.cpp">
      <Filter>Source Files</Filter>
    </ClCompile>
    <ClCompile Include="SystemImages.cpp">
      <Filter>Source Files</Filter>
    </ClCompile>
    <ClCompile Include="EncounterCount.cpp">
      <Filter>Source Files</Filter>
    </ClCompile>
    <ClCompile Include="SystemCount.cpp">
      <Filter>Source Files</Filter>
    </ClCompile>
    <ClCompile Include="EncounterFrequency.cpp">
      <Filter>Source Files</Filter>
    </ClCompile>
    <ClCompile Include="CWeaponBenchmarkCtx.cpp">
      <Filter>Source Files</Filter>
    </ClCompile>
    <ClCompile Include="EffectPerformanceTest.cpp">
      <Filter>Source Files</Filter>
    </ClCompile>
    <ClCompile Include="TLisp.cpp">
      <Filter>Source Files</Filter>
    </ClCompile>
    <ClCompile Include="Diagnostics.cpp">
      <Filter>Source Files</Filter>
    </ClCompile>
    <ClCompile Include="TradeTable.cpp">
      <Filter>Source Files</Filter>
    </ClCompile>
    <ClCompile Include="CHost.cpp">
      <Filter>Source Files</Filter>
    </ClCompile>
    <ClCompile Include="LanguageTable.cpp">
      <Filter>Source Files</Filter>
    </ClCompile>
    <ClCompile Include="CCTransDataLibrary.cpp">
      <Filter>Source Files</Filter>
    </ClCompile>
  </ItemGroup>
  <ItemGroup>
    <ClInclude Include="resource.h">
      <Filter>Header Files</Filter>
    </ClInclude>
    <ClInclude Include="TransData.h">
      <Filter>Header Files</Filter>
    </ClInclude>
    <ClInclude Include="Utilities.h">
      <Filter>Header Files</Filter>
    </ClInclude>
    <ClInclude Include="ItemBenchmarks.h">
      <Filter>Header Files</Filter>
    </ClInclude>
  </ItemGroup>
  <ItemGroup>
    <ResourceCompile Include="TransData.rc">
      <Filter>Resource Files</Filter>
    </ResourceCompile>
  </ItemGroup>
  <ItemGroup>
    <None Include="..\Game\TLisp\MathUnitTest.tlisp">
      <Filter>TLisp Files</Filter>
    </None>
    <None Include="..\Game\TLisp\ComparisonUnitTest.tlisp">
      <Filter>TLisp Files</Filter>
    </None>
    <None Include="..\Game\TransData.xml" />
    <None Include="Readme.htm" />
    <None Include="..\Game\TLisp\ListUnitTest.tlisp">
      <Filter>TLisp Files</Filter>
    </None>
    <None Include="..\Game\TLisp\LanguageUnitTest.tlisp">
      <Filter>TLisp Files</Filter>
    </None>
    <None Include="..\Game\TLisp\GetDistancePerformance.tlisp">
      <Filter>TLisp Files</Filter>
    </None>
    <None Include="..\Game\TLisp\ArmorUnitTest.tlisp">
      <Filter>TLisp Files</Filter>
    </None>
  </ItemGroup>
</Project>