
Microsoft Visual Studio Solution File, Format Version 9.00
# Visual Studio 2005
Project("{8BC9CEB8-8B4A-11D0-8D11-00A0C91BC942}") = "HI", "..\HI\HI.vcproj", "{54A735D5-A8EA-4D72-A4B5-593F79080882}"
EndProject
Project("{8BC9CEB8-8B4A-11D0-8D11-00A0C91BC942}") = "S1", "S1.vcproj", "{BBB645C8-9C88-4EFC-A343-0F6D50C35483}"
	ProjectSection(ProjectDependencies) = postProject
		{ECAC7E19-ACBC-4C3C-B89A-7BC7049B6F2E} = {ECAC7E19-ACBC-4C3C-B89A-7BC7049B6F2E}
		{482B1658-7F28-4E62-94B6-ED71259C5F44} = {482B1658-7F28-4E62-94B6-ED71259C5F44}
		{696AFBF6-CA1A-4302-B9EF-01BDBC483280} = {696AFBF6-CA1A-4302-B9EF-01BDBC483280}
		{54A735D5-A8EA-4D72-A4B5-593F79080882} = {54A735D5-A8EA-4D72-A4B5-593F79080882}
		{86CE5721-1967-49B7-9EED-3A014171DAF1} = {86CE5721-1967-49B7-9EED-3A014171DAF1}
		{D52D8A0E-FD89-44D9-903D-624AAD7E7155} = {D52D8A0E-FD89-44D9-903D-624AAD7E7155}
	EndProjectSection
EndProject
Project("{8BC9CEB8-8B4A-11D0-8D11-00A0C91BC942}") = "Kernel", "..\Alchemy\Kernel\Kernel.vcproj", "{86CE5721-1967-49B7-9EED-3A014171DAF1}"
EndProject
Project("{8BC9CEB8-8B4A-11D0-8D11-00A0C91BC942}") = "DirectXUtil", "..\DirectXUtil\DirectXUtil.vcproj", "{696AFBF6-CA1A-4302-B9EF-01BDBC483280}"
EndProject
Project("{8BC9CEB8-8B4A-11D0-8D11-00A0C91BC942}") = "IntelJPEGUtil", "..\IntelJPEGUtil\IntelJPEGUtil.vcproj", "{ECAC7E19-ACBC-4C3C-B89A-7BC7049B6F2E}"
EndProject
Project("{8BC9CEB8-8B4A-11D0-8D11-00A0C91BC942}") = "Graphics", "..\Alchemy\Graphics\Graphics.vcproj", "{D52D8A0E-FD89-44D9-903D-624AAD7E7155}"
EndProject
Project("{8BC9CEB8-8B4A-11D0-8D11-00A0C91BC942}") = "XMLUtil", "..\XMLUtil\XMLUtil.vcproj", "{482B1658-7F28-4E62-94B6-ED71259C5F44}"
EndProject
Global
	GlobalSection(SolutionConfigurationPlatforms) = preSolution
		Debug|Win32 = Debug|Win32
		Release|Win32 = Release|Win32
	EndGlobalSection
	GlobalSection(ProjectConfigurationPlatforms) = postSolution
		{54A735D5-A8EA-4D72-A4B5-593F79080882}.Debug|Win32.ActiveCfg = Debug|Win32
		{54A735D5-A8EA-4D72-A4B5-593F79080882}.Debug|Win32.Build.0 = Debug|Win32
		{54A735D5-A8EA-4D72-A4B5-593F79080882}.Release|Win32.ActiveCfg = Release|Win32
		{54A735D5-A8EA-4D72-A4B5-593F79080882}.Release|Win32.Build.0 = Release|Win32
		{BBB645C8-9C88-4EFC-A343-0F6D50C35483}.Debug|Win32.ActiveCfg = Debug|Win32
		{BBB645C8-9C88-4EFC-A343-0F6D50C35483}.Debug|Win32.Build.0 = Debug|Win32
		{BBB645C8-9C88-4EFC-A343-0F6D50C35483}.Release|Win32.ActiveCfg = Release|Win32
		{BBB645C8-9C88-4EFC-A343-0F6D50C35483}.Release|Win32.Build.0 = Release|Win32
		{86CE5721-1967-49B7-9EED-3A014171DAF1}.Debug|Win32.ActiveCfg = Debug|Win32
		{86CE5721-1967-49B7-9EED-3A014171DAF1}.Debug|Win32.Build.0 = Debug|Win32
		{86CE5721-1967-49B7-9EED-3A014171DAF1}.Release|Win32.ActiveCfg = Release|Win32
		{86CE5721-1967-49B7-9EED-3A014171DAF1}.Release|Win32.Build.0 = Release|Win32
		{696AFBF6-CA1A-4302-B9EF-01BDBC483280}.Debug|Win32.ActiveCfg = Debug|Win32
		{696AFBF6-CA1A-4302-B9EF-01BDBC483280}.Debug|Win32.Build.0 = Debug|Win32
		{696AFBF6-CA1A-4302-B9EF-01BDBC483280}.Release|Win32.ActiveCfg = Release|Win32
		{696AFBF6-CA1A-4302-B9EF-01BDBC483280}.Release|Win32.Build.0 = Release|Win32
		{ECAC7E19-ACBC-4C3C-B89A-7BC7049B6F2E}.Debug|Win32.ActiveCfg = Debug|Win32
		{ECAC7E19-ACBC-4C3C-B89A-7BC7049B6F2E}.Debug|Win32.Build.0 = Debug|Win32
		{ECAC7E19-ACBC-4C3C-B89A-7BC7049B6F2E}.Release|Win32.ActiveCfg = Release|Win32
		{ECAC7E19-ACBC-4C3C-B89A-7BC7049B6F2E}.Release|Win32.Build.0 = Release|Win32
		{D52D8A0E-FD89-44D9-903D-624AAD7E7155}.Debug|Win32.ActiveCfg = Debug|Win32
		{D52D8A0E-FD89-44D9-903D-624AAD7E7155}.Debug|Win32.Build.0 = Debug|Win32
		{D52D8A0E-FD89-44D9-903D-624AAD7E7155}.Release|Win32.ActiveCfg = Release|Win32
		{D52D8A0E-FD89-44D9-903D-624AAD7E7155}.Release|Win32.Build.0 = Release|Win32
		{482B1658-7F28-4E62-94B6-ED71259C5F44}.Debug|Win32.ActiveCfg = Debug|Win32
		{482B1658-7F28-4E62-94B6-ED71259C5F44}.Debug|Win32.Build.0 = Debug|Win32
		{482B1658-7F28-4E62-94B6-ED71259C5F44}.Release|Win32.ActiveCfg = Release|Win32
		{482B1658-7F28-4E62-94B6-ED71259C5F44}.Release|Win32.Build.0 = Release|Win32
	EndGlobalSection
	GlobalSection(SolutionProperties) = preSolution
		HideSolutionNode = FALSE
	EndGlobalSection
EndGlobal
