<?xml version="1.0" encoding="utf-8"?>
<Project ToolsVersion="4.0" xmlns="http://schemas.microsoft.com/developer/msbuild/2003">
  <ItemGroup>
    <Filter Include="Source Files">
      <UniqueIdentifier>{8f3eac88-f924-4c07-b3f0-b1c81cd8dca3}</UniqueIdentifier>
      <Extensions>cpp;c;cxx;rc;def;r;odl;hpj;bat;for;f90</Extensions>
    </Filter>
    <Filter Include="Source Files\Internets">
      <UniqueIdentifier>{b009d7b8-558b-4cd8-ac7e-f1a913eb8b04}</UniqueIdentifier>
    </Filter>
    <Filter Include="Source Files\Euclid">
      <UniqueIdentifier>{9cf9f0b5-75b6-43d2-9912-b1b65ec5b8e3}</UniqueIdentifier>
    </Filter>
    <Filter Include="Source Files\Lingua">
      <UniqueIdentifier>{072340e2-7dc2-43a7-90b8-7f5f5bc8a1b2}</UniqueIdentifier>
    </Filter>
    <Filter Include="Source Files\Crypto">
      <UniqueIdentifier>{15cfaedb-4739-47af-a694-fe63da53ca6f}</UniqueIdentifier>
    </Filter>
    <Filter Include="Header Files">
      <UniqueIdentifier>{3a93196e-dab2-4c5e-ae27-720fd6dc859c}</UniqueIdentifier>
      <Extensions>h;hpp;hxx;hm;inl;fi;fd</Extensions>
    </Filter>
    <Filter Include="Resource Files">
      <UniqueIdentifier>{a98f25ff-1fe0-4649-89b3-c8669291417f}</UniqueIdentifier>
      <Extensions>ico;cur;bmp;dlg;rc2;rct;bin;cnt;rtf;gif;jpg;jpeg;jpe</Extensions>
    </Filter>
    <Filter Include="Source Files\Zip">
      <UniqueIdentifier>{06d51e6d-d484-4d67-a70e-684c0dcf49ca}</UniqueIdentifier>
    </Filter>
  </ItemGroup>
  <ItemGroup>
    <ClCompile Include="CArchiver.cpp">
      <Filter>Source Files</Filter>
    </ClCompile>
    <ClCompile Include="CArrayBase.cpp">
      <Filter>Source Files</Filter>
    </ClCompile>
    <ClCompile Include="CAtomTable.cpp">
      <Filter>Source Files</Filter>
    </ClCompile>
    <ClCompile Include="CDataFile.cpp">
      <Filter>Source Files</Filter>
    </ClCompile>
    <ClCompile Include="CDictionary.cpp">
      <Filter>Source Files</Filter>
    </ClCompile>
    <ClCompile Include="CFileDirectory.cpp">
      <Filter>Source Files</Filter>
    </ClCompile>
    <ClCompile Include="CFileReadBlock.cpp">
      <Filter>Source Files</Filter>
    </ClCompile>
    <ClCompile Include="CFileReadStream.cpp">
      <Filter>Source Files</Filter>
    </ClCompile>
    <ClCompile Include="CFileWriteStream.cpp">
      <Filter>Source Files</Filter>
    </ClCompile>
    <ClCompile Include="CIDTable.cpp">
      <Filter>Source Files</Filter>
    </ClCompile>
    <ClCompile Include="CIntArray.cpp">
      <Filter>Source Files</Filter>
    </ClCompile>
    <ClCompile Include="CINTDynamicArray.cpp">
      <Filter>Source Files</Filter>
    </ClCompile>
    <ClCompile Include="CIntSet.cpp">
      <Filter>Source Files</Filter>
    </ClCompile>
    <ClCompile Include="CLargeSet.cpp">
      <Filter>Source Files</Filter>
    </ClCompile>
    <ClCompile Include="CMapBase.cpp">
      <Filter>Source Files</Filter>
    </ClCompile>
    <ClCompile Include="CMemoryStream.cpp">
      <Filter>Source Files</Filter>
    </ClCompile>
    <ClCompile Include="CObject.cpp">
      <Filter>Source Files</Filter>
    </ClCompile>
    <ClCompile Include="CObjectArray.cpp">
      <Filter>Source Files</Filter>
    </ClCompile>
    <ClCompile Include="CPeriodicWaiter.cpp">
      <Filter>Source Files</Filter>
    </ClCompile>
    <ClCompile Include="CRegKey.cpp">
      <Filter>Source Files</Filter>
    </ClCompile>
    <ClCompile Include="CResourceReadBlock.cpp">
      <Filter>Source Files</Filter>
    </ClCompile>
    <ClCompile Include="CSharedObjectQueue.cpp">
      <Filter>Source Files</Filter>
    </ClCompile>
    <ClCompile Include="CStackBase.cpp">
      <Filter>Source Files</Filter>
    </ClCompile>
    <ClCompile Include="CString.cpp">
      <Filter>Source Files</Filter>
    </ClCompile>
    <ClCompile Include="CStructArray.cpp">
      <Filter>Source Files</Filter>
    </ClCompile>
    <ClCompile Include="CSymbolTable.cpp">
      <Filter>Source Files</Filter>
    </ClCompile>
    <ClCompile Include="CTextFileLog.cpp">
      <Filter>Source Files</Filter>
    </ClCompile>
    <ClCompile Include="Kernel.cpp">
      <Filter>Source Files</Filter>
    </ClCompile>
    <ClCompile Include="Math.cpp">
      <Filter>Source Files</Filter>
    </ClCompile>
    <ClCompile Include="Path.cpp">
      <Filter>Source Files</Filter>
    </ClCompile>
    <ClCompile Include="Pattern.cpp">
      <Filter>Source Files</Filter>
    </ClCompile>
    <ClCompile Include="RegEx.cpp">
      <Filter>Source Files</Filter>
    </ClCompile>
    <ClCompile Include="RunLengthCompression.cpp">
      <Filter>Source Files</Filter>
    </ClCompile>
    <ClCompile Include="Time.cpp">
      <Filter>Source Files</Filter>
    </ClCompile>
    <ClCompile Include="UI.cpp">
      <Filter>Source Files</Filter>
    </ClCompile>
    <ClCompile Include="Unicode.cpp">
      <Filter>Source Files</Filter>
    </ClCompile>
    <ClCompile Include="Utilities.cpp">
      <Filter>Source Files</Filter>
    </ClCompile>
    <ClCompile Include="Base64.cpp">
      <Filter>Source Files\Internets</Filter>
    </ClCompile>
    <ClCompile Include="CHTMLForm.cpp">
      <Filter>Source Files\Internets</Filter>
    </ClCompile>
    <ClCompile Include="CHTTPClientSession.cpp">
      <Filter>Source Files\Internets</Filter>
    </ClCompile>
    <ClCompile Include="CHTTPMessage.cpp">
      <Filter>Source Files\Internets</Filter>
    </ClCompile>
    <ClCompile Include="InternetsUtil.cpp">
      <Filter>Source Files\Internets</Filter>
    </ClCompile>
    <ClCompile Include="CIntegerIP.cpp">
      <Filter>Source Files\Euclid</Filter>
    </ClCompile>
    <ClCompile Include="CIntGraph.cpp">
      <Filter>Source Files\Euclid</Filter>
    </ClCompile>
    <ClCompile Include="CVector.cpp">
      <Filter>Source Files\Euclid</Filter>
    </ClCompile>
    <ClCompile Include="Euclid.cpp">
      <Filter>Source Files\Euclid</Filter>
    </ClCompile>
    <ClCompile Include="Shapes.cpp">
      <Filter>Source Files\Euclid</Filter>
    </ClCompile>
    <ClCompile Include="XForm.cpp">
      <Filter>Source Files\Euclid</Filter>
    </ClCompile>
    <ClCompile Include="CMarkovWordGenerator.cpp">
      <Filter>Source Files\Lingua</Filter>
    </ClCompile>
    <ClCompile Include="CryptoRandom.cpp">
      <Filter>Source Files\Crypto</Filter>
    </ClCompile>
    <ClCompile Include="SecureHashAlgorithm.cpp">
      <Filter>Source Files\Crypto</Filter>
    </ClCompile>
    <ClCompile Include="Zip.cpp">
      <Filter>Source Files\Zip</Filter>
    </ClCompile>
    <ClCompile Include="ZipArchive.cpp">
      <Filter>Source Files\Zip</Filter>
    </ClCompile>
  </ItemGroup>
  <ItemGroup>
    <ClInclude Include="..\..\Includes\Crypto.h">
      <Filter>Header Files</Filter>
    </ClInclude>
    <ClInclude Include="..\..\Includes\Euclid.h">
      <Filter>Header Files</Filter>
    </ClInclude>
    <ClInclude Include="..\..\Includes\Internets.h">
      <Filter>Header Files</Filter>
    </ClInclude>
    <ClInclude Include="..\..\Includes\Kernel.h">
      <Filter>Header Files</Filter>
    </ClInclude>
    <ClInclude Include="..\..\Includes\KernelObjID.h">
      <Filter>Header Files</Filter>
    </ClInclude>
    <ClInclude Include="..\..\Includes\Lingua.h">
      <Filter>Header Files</Filter>
    </ClInclude>
    <ClInclude Include="..\..\Includes\TArray.h">
      <Filter>Header Files</Filter>
    </ClInclude>
    <ClInclude Include="..\..\Includes\TMap.h">
      <Filter>Header Files</Filter>
    </ClInclude>
    <ClInclude Include="..\..\Includes\TQueue.h">
      <Filter>Header Files</Filter>
    </ClInclude>
    <ClInclude Include="..\..\Includes\TStack.h">
      <Filter>Header Files</Filter>
    </ClInclude>
    <ClInclude Include="..\..\Includes\Zip.h">
      <Filter>Header Files</Filter>
    </ClInclude>
  </ItemGroup>
</Project>