Microsoft Visual Studio Solution File, Format Version 12.00
# Visual Studio 14
VisualStudioVersion = 14.0.25420.1
MinimumVisualStudioVersion = 10.0.40219.1
Project("{8BC9CEB8-8B4A-11D0-8D11-00A0C91BC942}") = "CodeChain", "..\Alchemy\CodeChain\CodeChain.vcxproj", "{39983CCD-095B-4B41-854F-4967A254A07C}"
	ProjectSection(ProjectDependencies) = postProject
		{86CE5721-1967-49B7-9EED-3A014171DAF1} = {86CE5721-1967-49B7-9EED-3A014171DAF1}
	EndProjectSection
EndProject
Project("{8BC9CEB8-8B4A-11D0-8D11-00A0C91BC942}") = "Graphics", "..\Alchemy\Graphics\Graphics.vcxproj", "{D52D8A0E-FD89-44D9-903D-624AAD7E7155}"
	ProjectSection(ProjectDependencies) = postProject
		{86CE5721-1967-49B7-9EED-3A014171DAF1} = {86CE5721-1967-49B7-9EED-3A014171DAF1}
	EndProjectSection
EndProject
Project("{8BC9CEB8-8B4A-11D0-8D11-00A0C91BC942}") = "Kernel", "..\Alchemy\Kernel\Kernel.vcxproj", "{86CE5721-1967-49B7-9EED-3A014171DAF1}"
EndProject
Project("{8BC9CEB8-8B4A-11D0-8D11-00A0C91BC942}") = "DirectXUtil", "..\Alchemy\DirectXUtil\DirectXUtil.vcxproj", "{696AFBF6-CA1A-4302-B9EF-01BDBC483280}"
	ProjectSection(ProjectDependencies) = postProject
		{D52D8A0E-FD89-44D9-903D-624AAD7E7155} = {D52D8A0E-FD89-44D9-903D-624AAD7E7155}
		{ECAC7E19-ACBC-4C3C-B89A-7BC7049B6F2E} = {ECAC7E19-ACBC-4C3C-B89A-7BC7049B6F2E}
		{86CE5721-1967-49B7-9EED-3A014171DAF1} = {86CE5721-1967-49B7-9EED-3A014171DAF1}
	EndProjectSection
EndProject
Project("{8BC9CEB8-8B4A-11D0-8D11-00A0C91BC942}") = "IntelJPEGUtil", "..\Alchemy\IntelJPEGUtil\IntelJPEGUtil.vcxproj", "{ECAC7E19-ACBC-4C3C-B89A-7BC7049B6F2E}"
	ProjectSection(ProjectDependencies) = postProject
		{86CE5721-1967-49B7-9EED-3A014171DAF1} = {86CE5721-1967-49B7-9EED-3A014171DAF1}
	EndProjectSection
EndProject
Project("{8BC9CEB8-8B4A-11D0-8D11-00A0C91BC942}") = "XMLUtil", "..\Alchemy\XMLUtil\XMLUtil.vcxproj", "{482B1658-7F28-4E62-94B6-ED71259C5F44}"
	ProjectSection(ProjectDependencies) = postProject
		{86CE5721-1967-49B7-9EED-3A014171DAF1} = {86CE5721-1967-49B7-9EED-3A014171DAF1}
	EndProjectSection
EndProject
Project("{8BC9CEB8-8B4A-11D0-8D11-00A0C91BC942}") = "zlibstat", "..\Alchemy\zlib-1.2.7\contrib\vstudio\vc10\zlibstat.vcxproj", "{745DEC58-EBB3-47A9-A9B8-4C6627C01BF8}"
EndProject
Project("{8BC9CEB8-8B4A-11D0-8D11-00A0C91BC942}") = "TSE", "..\Mammoth\TSE\TSE.vcxproj", "{797712EA-A2B5-4E30-A2F9-5998E90AFECC}"
	ProjectSection(ProjectDependencies) = postProject
		{D52D8A0E-FD89-44D9-903D-624AAD7E7155} = {D52D8A0E-FD89-44D9-903D-624AAD7E7155}
		{ECAC7E19-ACBC-4C3C-B89A-7BC7049B6F2E} = {ECAC7E19-ACBC-4C3C-B89A-7BC7049B6F2E}
		{86CE5721-1967-49B7-9EED-3A014171DAF1} = {86CE5721-1967-49B7-9EED-3A014171DAF1}
		{482B1658-7F28-4E62-94B6-ED71259C5F44} = {482B1658-7F28-4E62-94B6-ED71259C5F44}
		{745DEC58-EBB3-47A9-A9B8-4C6627C01BF8} = {745DEC58-EBB3-47A9-A9B8-4C6627C01BF8}
		{39983CCD-095B-4B41-854F-4967A254A07C} = {39983CCD-095B-4B41-854F-4967A254A07C}
		{696AFBF6-CA1A-4302-B9EF-01BDBC483280} = {696AFBF6-CA1A-4302-B9EF-01BDBC483280}
	EndProjectSection
EndProject
Project("{8BC9CEB8-8B4A-11D0-8D11-00A0C91BC942}") = "TSUI", "..\Mammoth\TSUI\TSUI.vcxproj", "{54A735D5-A8EA-4D72-A4B5-593F79080882}"
	ProjectSection(ProjectDependencies) = postProject
		{D52D8A0E-FD89-44D9-903D-624AAD7E7155} = {D52D8A0E-FD89-44D9-903D-624AAD7E7155}
		{ECAC7E19-ACBC-4C3C-B89A-7BC7049B6F2E} = {ECAC7E19-ACBC-4C3C-B89A-7BC7049B6F2E}
		{86CE5721-1967-49B7-9EED-3A014171DAF1} = {86CE5721-1967-49B7-9EED-3A014171DAF1}
		{482B1658-7F28-4E62-94B6-ED71259C5F44} = {482B1658-7F28-4E62-94B6-ED71259C5F44}
		{745DEC58-EBB3-47A9-A9B8-4C6627C01BF8} = {745DEC58-EBB3-47A9-A9B8-4C6627C01BF8}
		{39983CCD-095B-4B41-854F-4967A254A07C} = {39983CCD-095B-4B41-854F-4967A254A07C}
		{797712EA-A2B5-4E30-A2F9-5998E90AFECC} = {797712EA-A2B5-4E30-A2F9-5998E90AFECC}
		{696AFBF6-CA1A-4302-B9EF-01BDBC483280} = {696AFBF6-CA1A-4302-B9EF-01BDBC483280}
	EndProjectSection
EndProject
Project("{8BC9CEB8-8B4A-11D0-8D11-00A0C91BC942}") = "TransData", "TransData\TransData.vcxproj", "{52B71F3D-BCFA-4BF9-8171-043573D95F34}"
	ProjectSection(ProjectDependencies) = postProject
		{D52D8A0E-FD89-44D9-903D-624AAD7E7155} = {D52D8A0E-FD89-44D9-903D-624AAD7E7155}
		{ECAC7E19-ACBC-4C3C-B89A-7BC7049B6F2E} = {ECAC7E19-ACBC-4C3C-B89A-7BC7049B6F2E}
		{86CE5721-1967-49B7-9EED-3A014171DAF1} = {86CE5721-1967-49B7-9EED-3A014171DAF1}
		{482B1658-7F28-4E62-94B6-ED71259C5F44} = {482B1658-7F28-4E62-94B6-ED71259C5F44}
		{745DEC58-EBB3-47A9-A9B8-4C6627C01BF8} = {745DEC58-EBB3-47A9-A9B8-4C6627C01BF8}
		{39983CCD-095B-4B41-854F-4967A254A07C} = {39983CCD-095B-4B41-854F-4967A254A07C}
		{797712EA-A2B5-4E30-A2F9-5998E90AFECC} = {797712EA-A2B5-4E30-A2F9-5998E90AFECC}
		{696AFBF6-CA1A-4302-B9EF-01BDBC483280} = {696AFBF6-CA1A-4302-B9EF-01BDBC483280}
	EndProjectSection
EndProject
Project("{8BC9CEB8-8B4A-11D0-8D11-00A0C91BC942}") = "TransCompiler", "TransCompiler\TransCompiler.vcxproj", "{4A1A0260-94CB-4E72-ADF5-D927C291670C}"
	ProjectSection(ProjectDependencies) = postProject
		{86CE5721-1967-49B7-9EED-3A014171DAF1} = {86CE5721-1967-49B7-9EED-3A014171DAF1}
		{482B1658-7F28-4E62-94B6-ED71259C5F44} = {482B1658-7F28-4E62-94B6-ED71259C5F44}
		{745DEC58-EBB3-47A9-A9B8-4C6627C01BF8} = {745DEC58-EBB3-47A9-A9B8-4C6627C01BF8}
		{39983CCD-095B-4B41-854F-4967A254A07C} = {39983CCD-095B-4B41-854F-4967A254A07C}
		{797712EA-A2B5-4E30-A2F9-5998E90AFECC} = {797712EA-A2B5-4E30-A2F9-5998E90AFECC}
	EndProjectSection
EndProject
Project("{8BC9CEB8-8B4A-11D0-8D11-00A0C91BC942}") = "Transcendence", "Transcendence\Transcendence.vcxproj", "{EB0AFA5B-DC60-4B46-9BD7-3371612AE9C9}"
	ProjectSection(ProjectDependencies) = postProject
		{8FACC902-E3C3-4B91-AF06-1E74BE8BB4E5} = {8FACC902-E3C3-4B91-AF06-1E74BE8BB4E5}
		{D52D8A0E-FD89-44D9-903D-624AAD7E7155} = {D52D8A0E-FD89-44D9-903D-624AAD7E7155}
		{ECAC7E19-ACBC-4C3C-B89A-7BC7049B6F2E} = {ECAC7E19-ACBC-4C3C-B89A-7BC7049B6F2E}
		{86CE5721-1967-49B7-9EED-3A014171DAF1} = {86CE5721-1967-49B7-9EED-3A014171DAF1}
		{482B1658-7F28-4E62-94B6-ED71259C5F44} = {482B1658-7F28-4E62-94B6-ED71259C5F44}
		{745DEC58-EBB3-47A9-A9B8-4C6627C01BF8} = {745DEC58-EBB3-47A9-A9B8-4C6627C01BF8}
		{39983CCD-095B-4B41-854F-4967A254A07C} = {39983CCD-095B-4B41-854F-4967A254A07C}
		{54A735D5-A8EA-4D72-A4B5-593F79080882} = {54A735D5-A8EA-4D72-A4B5-593F79080882}
		{797712EA-A2B5-4E30-A2F9-5998E90AFECC} = {797712EA-A2B5-4E30-A2F9-5998E90AFECC}
		{696AFBF6-CA1A-4302-B9EF-01BDBC483280} = {696AFBF6-CA1A-4302-B9EF-01BDBC483280}
	EndProjectSection
EndProject
Project("{8BC9CEB8-8B4A-11D0-8D11-00A0C91BC942}") = "TransCore", "TransCore\TransCore.vcxproj", "{32A1A9FA-BBFD-44E6-8BBC-F6F531FDE66E}"
EndProject
Project("{2150E333-8FDC-42A3-9474-1A3956D46DE8}") = "Solution Items", "Solution Items", "{62E99E43-04FA-4F21-9C8F-76F98ED0A571}"
	ProjectSection(SolutionItems) = preProject
		Performance1.psess = Performance1.psess
		Performance2.psess = Performance2.psess
	EndProjectSection
EndProject
Project("{8BC9CEB8-8B4A-11D0-8D11-00A0C91BC942}") = "SteamUtil", "..\Mammoth\SteamUtil\SteamUtil.vcxproj", "{8FACC902-E3C3-4B91-AF06-1E74BE8BB4E5}"
EndProject
Project("{8BC9CEB8-8B4A-11D0-8D11-00A0C91BC942}") = "TransWorkshop", "TransWorkshop\TransWorkshop.vcxproj", "{910B3EA2-DB1B-4F5D-B3C5-9AB1B600936B}"
EndProject
Global
	GlobalSection(SolutionConfigurationPlatforms) = preSolution
		Debug in Program Files|ARM = Debug in Program Files|ARM
		Debug in Program Files|Win32 = Debug in Program Files|Win32
		Debug in Program Files|x64 = Debug in Program Files|x64
		Debug|ARM = Debug|ARM
		Debug|Win32 = Debug|Win32
		Debug|x64 = Debug|x64
		Release|ARM = Release|ARM
		Release|Win32 = Release|Win32
		Release|x64 = Release|x64
		ReleaseWithoutAsm|ARM = ReleaseWithoutAsm|ARM
		ReleaseWithoutAsm|Win32 = ReleaseWithoutAsm|Win32
		ReleaseWithoutAsm|x64 = ReleaseWithoutAsm|x64
		SteamDebug|ARM = SteamDebug|ARM
		SteamDebug|Win32 = SteamDebug|Win32
		SteamDebug|x64 = SteamDebug|x64
		SteamRelease|ARM = SteamRelease|ARM
		SteamRelease|Win32 = SteamRelease|Win32
		SteamRelease|x64 = SteamRelease|x64
	EndGlobalSection
	GlobalSection(ProjectConfigurationPlatforms) = postSolution
		{39983CCD-095B-4B41-854F-4967A254A07C}.Debug in Program Files|ARM.ActiveCfg = Debug in Program Files|Win32
		{39983CCD-095B-4B41-854F-4967A254A07C}.Debug in Program Files|Win32.ActiveCfg = Debug in Program Files|Win32
		{39983CCD-095B-4B41-854F-4967A254A07C}.Debug in Program Files|Win32.Build.0 = Debug in Program Files|Win32
		{39983CCD-095B-4B41-854F-4967A254A07C}.Debug in Program Files|x64.ActiveCfg = Debug in Program Files|Win32
		{39983CCD-095B-4B41-854F-4967A254A07C}.Debug|ARM.ActiveCfg = Debug|Win32
		{39983CCD-095B-4B41-854F-4967A254A07C}.Debug|Win32.ActiveCfg = Debug|Win32
		{39983CCD-095B-4B41-854F-4967A254A07C}.Debug|Win32.Build.0 = Debug|Win32
		{39983CCD-095B-4B41-854F-4967A254A07C}.Debug|x64.ActiveCfg = Debug|Win32
		{39983CCD-095B-4B41-854F-4967A254A07C}.Release|ARM.ActiveCfg = Release|Win32
		{39983CCD-095B-4B41-854F-4967A254A07C}.Release|Win32.ActiveCfg = Release|Win32
		{39983CCD-095B-4B41-854F-4967A254A07C}.Release|Win32.Build.0 = Release|Win32
		{39983CCD-095B-4B41-854F-4967A254A07C}.Release|x64.ActiveCfg = Release|Win32
		{39983CCD-095B-4B41-854F-4967A254A07C}.ReleaseWithoutAsm|ARM.ActiveCfg = Release|Win32
		{39983CCD-095B-4B41-854F-4967A254A07C}.ReleaseWithoutAsm|Win32.ActiveCfg = Release|Win32
		{39983CCD-095B-4B41-854F-4967A254A07C}.ReleaseWithoutAsm|Win32.Build.0 = Release|Win32
		{39983CCD-095B-4B41-854F-4967A254A07C}.ReleaseWithoutAsm|x64.ActiveCfg = Release|Win32
		{39983CCD-095B-4B41-854F-4967A254A07C}.SteamDebug|ARM.ActiveCfg = SteamDebug|Win32
		{39983CCD-095B-4B41-854F-4967A254A07C}.SteamDebug|Win32.ActiveCfg = SteamDebug|Win32
		{39983CCD-095B-4B41-854F-4967A254A07C}.SteamDebug|Win32.Build.0 = SteamDebug|Win32
		{39983CCD-095B-4B41-854F-4967A254A07C}.SteamDebug|x64.ActiveCfg = SteamDebug|Win32
		{39983CCD-095B-4B41-854F-4967A254A07C}.SteamRelease|ARM.ActiveCfg = SteamRelease|Win32
		{39983CCD-095B-4B41-854F-4967A254A07C}.SteamRelease|Win32.ActiveCfg = SteamRelease|Win32
		{39983CCD-095B-4B41-854F-4967A254A07C}.SteamRelease|Win32.Build.0 = SteamRelease|Win32
		{39983CCD-095B-4B41-854F-4967A254A07C}.SteamRelease|x64.ActiveCfg = SteamRelease|Win32
		{D52D8A0E-FD89-44D9-903D-624AAD7E7155}.Debug in Program Files|ARM.ActiveCfg = Debug in Program Files|Win32
		{D52D8A0E-FD89-44D9-903D-624AAD7E7155}.Debug in Program Files|Win32.ActiveCfg = Debug in Program Files|Win32
		{D52D8A0E-FD89-44D9-903D-624AAD7E7155}.Debug in Program Files|Win32.Build.0 = Debug in Program Files|Win32
		{D52D8A0E-FD89-44D9-903D-624AAD7E7155}.Debug in Program Files|x64.ActiveCfg = Debug in Program Files|Win32
		{D52D8A0E-FD89-44D9-903D-624AAD7E7155}.Debug|ARM.ActiveCfg = Debug|Win32
		{D52D8A0E-FD89-44D9-903D-624AAD7E7155}.Debug|Win32.ActiveCfg = Debug|Win32
		{D52D8A0E-FD89-44D9-903D-624AAD7E7155}.Debug|Win32.Build.0 = Debug|Win32
		{D52D8A0E-FD89-44D9-903D-624AAD7E7155}.Debug|x64.ActiveCfg = Debug|Win32
		{D52D8A0E-FD89-44D9-903D-624AAD7E7155}.Release|ARM.ActiveCfg = Release|Win32
		{D52D8A0E-FD89-44D9-903D-624AAD7E7155}.Release|Win32.ActiveCfg = Release|Win32
		{D52D8A0E-FD89-44D9-903D-624AAD7E7155}.Release|Win32.Build.0 = Release|Win32
		{D52D8A0E-FD89-44D9-903D-624AAD7E7155}.Release|x64.ActiveCfg = Release|Win32
		{D52D8A0E-FD89-44D9-903D-624AAD7E7155}.ReleaseWithoutAsm|ARM.ActiveCfg = Release|Win32
		{D52D8A0E-FD89-44D9-903D-624AAD7E7155}.ReleaseWithoutAsm|Win32.ActiveCfg = Release|Win32
		{D52D8A0E-FD89-44D9-903D-624AAD7E7155}.ReleaseWithoutAsm|Win32.Build.0 = Release|Win32
		{D52D8A0E-FD89-44D9-903D-624AAD7E7155}.ReleaseWithoutAsm|x64.ActiveCfg = Release|Win32
		{D52D8A0E-FD89-44D9-903D-624AAD7E7155}.SteamDebug|ARM.ActiveCfg = SteamDebug|Win32
		{D52D8A0E-FD89-44D9-903D-624AAD7E7155}.SteamDebug|Win32.ActiveCfg = SteamDebug|Win32
		{D52D8A0E-FD89-44D9-903D-624AAD7E7155}.SteamDebug|Win32.Build.0 = SteamDebug|Win32
		{D52D8A0E-FD89-44D9-903D-624AAD7E7155}.SteamDebug|x64.ActiveCfg = SteamDebug|Win32
		{D52D8A0E-FD89-44D9-903D-624AAD7E7155}.SteamRelease|ARM.ActiveCfg = SteamRelease|Win32
		{D52D8A0E-FD89-44D9-903D-624AAD7E7155}.SteamRelease|Win32.ActiveCfg = SteamRelease|Win32
		{D52D8A0E-FD89-44D9-903D-624AAD7E7155}.SteamRelease|Win32.Build.0 = SteamRelease|Win32
		{D52D8A0E-FD89-44D9-903D-624AAD7E7155}.SteamRelease|x64.ActiveCfg = SteamRelease|Win32
		{86CE5721-1967-49B7-9EED-3A014171DAF1}.Debug in Program Files|ARM.ActiveCfg = Debug in Program Files|Win32
		{86CE5721-1967-49B7-9EED-3A014171DAF1}.Debug in Program Files|Win32.ActiveCfg = Debug in Program Files|Win32
		{86CE5721-1967-49B7-9EED-3A014171DAF1}.Debug in Program Files|Win32.Build.0 = Debug in Program Files|Win32
		{86CE5721-1967-49B7-9EED-3A014171DAF1}.Debug in Program Files|x64.ActiveCfg = Debug in Program Files|Win32
		{86CE5721-1967-49B7-9EED-3A014171DAF1}.Debug|ARM.ActiveCfg = Debug|Win32
		{86CE5721-1967-49B7-9EED-3A014171DAF1}.Debug|Win32.ActiveCfg = Debug|Win32
		{86CE5721-1967-49B7-9EED-3A014171DAF1}.Debug|Win32.Build.0 = Debug|Win32
		{86CE5721-1967-49B7-9EED-3A014171DAF1}.Debug|x64.ActiveCfg = Debug|Win32
		{86CE5721-1967-49B7-9EED-3A014171DAF1}.Release|ARM.ActiveCfg = Release|Win32
		{86CE5721-1967-49B7-9EED-3A014171DAF1}.Release|Win32.ActiveCfg = Release|Win32
		{86CE5721-1967-49B7-9EED-3A014171DAF1}.Release|Win32.Build.0 = Release|Win32
		{86CE5721-1967-49B7-9EED-3A014171DAF1}.Release|x64.ActiveCfg = Release|Win32
		{86CE5721-1967-49B7-9EED-3A014171DAF1}.ReleaseWithoutAsm|ARM.ActiveCfg = Release|Win32
		{86CE5721-1967-49B7-9EED-3A014171DAF1}.ReleaseWithoutAsm|Win32.ActiveCfg = Release|Win32
		{86CE5721-1967-49B7-9EED-3A014171DAF1}.ReleaseWithoutAsm|Win32.Build.0 = Release|Win32
		{86CE5721-1967-49B7-9EED-3A014171DAF1}.ReleaseWithoutAsm|x64.ActiveCfg = Release|Win32
		{86CE5721-1967-49B7-9EED-3A014171DAF1}.SteamDebug|ARM.ActiveCfg = SteamDebug|Win32
		{86CE5721-1967-49B7-9EED-3A014171DAF1}.SteamDebug|Win32.ActiveCfg = SteamDebug|Win32
		{86CE5721-1967-49B7-9EED-3A014171DAF1}.SteamDebug|Win32.Build.0 = SteamDebug|Win32
		{86CE5721-1967-49B7-9EED-3A014171DAF1}.SteamDebug|x64.ActiveCfg = SteamDebug|Win32
		{86CE5721-1967-49B7-9EED-3A014171DAF1}.SteamRelease|ARM.ActiveCfg = SteamRelease|Win32
		{86CE5721-1967-49B7-9EED-3A014171DAF1}.SteamRelease|Win32.ActiveCfg = SteamRelease|Win32
		{86CE5721-1967-49B7-9EED-3A014171DAF1}.SteamRelease|Win32.Build.0 = SteamRelease|Win32
		{86CE5721-1967-49B7-9EED-3A014171DAF1}.SteamRelease|x64.ActiveCfg = SteamRelease|Win32
		{696AFBF6-CA1A-4302-B9EF-01BDBC483280}.Debug in Program Files|ARM.ActiveCfg = Debug in Program Files|Win32
		{696AFBF6-CA1A-4302-B9EF-01BDBC483280}.Debug in Program Files|Win32.ActiveCfg = Debug in Program Files|Win32
		{696AFBF6-CA1A-4302-B9EF-01BDBC483280}.Debug in Program Files|Win32.Build.0 = Debug in Program Files|Win32
		{696AFBF6-CA1A-4302-B9EF-01BDBC483280}.Debug in Program Files|x64.ActiveCfg = Debug in Program Files|Win32
		{696AFBF6-CA1A-4302-B9EF-01BDBC483280}.Debug|ARM.ActiveCfg = Debug|Win32
		{696AFBF6-CA1A-4302-B9EF-01BDBC483280}.Debug|Win32.ActiveCfg = Debug|Win32
		{696AFBF6-CA1A-4302-B9EF-01BDBC483280}.Debug|Win32.Build.0 = Debug|Win32
		{696AFBF6-CA1A-4302-B9EF-01BDBC483280}.Debug|x64.ActiveCfg = Debug|Win32
		{696AFBF6-CA1A-4302-B9EF-01BDBC483280}.Release|ARM.ActiveCfg = Release|Win32
		{696AFBF6-CA1A-4302-B9EF-01BDBC483280}.Release|Win32.ActiveCfg = Release|Win32
		{696AFBF6-CA1A-4302-B9EF-01BDBC483280}.Release|Win32.Build.0 = Release|Win32
		{696AFBF6-CA1A-4302-B9EF-01BDBC483280}.Release|x64.ActiveCfg = Release|Win32
		{696AFBF6-CA1A-4302-B9EF-01BDBC483280}.ReleaseWithoutAsm|ARM.ActiveCfg = Release|Win32
		{696AFBF6-CA1A-4302-B9EF-01BDBC483280}.ReleaseWithoutAsm|Win32.ActiveCfg = Release|Win32
		{696AFBF6-CA1A-4302-B9EF-01BDBC483280}.ReleaseWithoutAsm|Win32.Build.0 = Release|Win32
		{696AFBF6-CA1A-4302-B9EF-01BDBC483280}.ReleaseWithoutAsm|x64.ActiveCfg = Release|Win32
		{696AFBF6-CA1A-4302-B9EF-01BDBC483280}.SteamDebug|ARM.ActiveCfg = SteamDebug|Win32
		{696AFBF6-CA1A-4302-B9EF-01BDBC483280}.SteamDebug|Win32.ActiveCfg = SteamDebug|Win32
		{696AFBF6-CA1A-4302-B9EF-01BDBC483280}.SteamDebug|Win32.Build.0 = SteamDebug|Win32
		{696AFBF6-CA1A-4302-B9EF-01BDBC483280}.SteamDebug|x64.ActiveCfg = SteamDebug|Win32
		{696AFBF6-CA1A-4302-B9EF-01BDBC483280}.SteamRelease|ARM.ActiveCfg = SteamRelease|Win32
		{696AFBF6-CA1A-4302-B9EF-01BDBC483280}.SteamRelease|Win32.ActiveCfg = SteamRelease|Win32
		{696AFBF6-CA1A-4302-B9EF-01BDBC483280}.SteamRelease|Win32.Build.0 = SteamRelease|Win32
		{696AFBF6-CA1A-4302-B9EF-01BDBC483280}.SteamRelease|x64.ActiveCfg = SteamRelease|Win32
		{ECAC7E19-ACBC-4C3C-B89A-7BC7049B6F2E}.Debug in Program Files|ARM.ActiveCfg = Debug in Program Files|Win32
		{ECAC7E19-ACBC-4C3C-B89A-7BC7049B6F2E}.Debug in Program Files|Win32.ActiveCfg = Debug in Program Files|Win32
		{ECAC7E19-ACBC-4C3C-B89A-7BC7049B6F2E}.Debug in Program Files|Win32.Build.0 = Debug in Program Files|Win32
		{ECAC7E19-ACBC-4C3C-B89A-7BC7049B6F2E}.Debug in Program Files|x64.ActiveCfg = Debug in Program Files|Win32
		{ECAC7E19-ACBC-4C3C-B89A-7BC7049B6F2E}.Debug|ARM.ActiveCfg = Debug|Win32
		{ECAC7E19-ACBC-4C3C-B89A-7BC7049B6F2E}.Debug|Win32.ActiveCfg = Debug|Win32
		{ECAC7E19-ACBC-4C3C-B89A-7BC7049B6F2E}.Debug|Win32.Build.0 = Debug|Win32
		{ECAC7E19-ACBC-4C3C-B89A-7BC7049B6F2E}.Debug|x64.ActiveCfg = Debug|Win32
		{ECAC7E19-ACBC-4C3C-B89A-7BC7049B6F2E}.Release|ARM.ActiveCfg = Release|Win32
		{ECAC7E19-ACBC-4C3C-B89A-7BC7049B6F2E}.Release|Win32.ActiveCfg = Release|Win32
		{ECAC7E19-ACBC-4C3C-B89A-7BC7049B6F2E}.Release|Win32.Build.0 = Release|Win32
		{ECAC7E19-ACBC-4C3C-B89A-7BC7049B6F2E}.Release|x64.ActiveCfg = Release|Win32
		{ECAC7E19-ACBC-4C3C-B89A-7BC7049B6F2E}.ReleaseWithoutAsm|ARM.ActiveCfg = Release|Win32
		{ECAC7E19-ACBC-4C3C-B89A-7BC7049B6F2E}.ReleaseWithoutAsm|Win32.ActiveCfg = Release|Win32
		{ECAC7E19-ACBC-4C3C-B89A-7BC7049B6F2E}.ReleaseWithoutAsm|Win32.Build.0 = Release|Win32
		{ECAC7E19-ACBC-4C3C-B89A-7BC7049B6F2E}.ReleaseWithoutAsm|x64.ActiveCfg = Release|Win32
		{ECAC7E19-ACBC-4C3C-B89A-7BC7049B6F2E}.SteamDebug|ARM.ActiveCfg = SteamDebug|Win32
		{ECAC7E19-ACBC-4C3C-B89A-7BC7049B6F2E}.SteamDebug|Win32.ActiveCfg = SteamDebug|Win32
		{ECAC7E19-ACBC-4C3C-B89A-7BC7049B6F2E}.SteamDebug|Win32.Build.0 = SteamDebug|Win32
		{ECAC7E19-ACBC-4C3C-B89A-7BC7049B6F2E}.SteamDebug|x64.ActiveCfg = SteamDebug|Win32
		{ECAC7E19-ACBC-4C3C-B89A-7BC7049B6F2E}.SteamRelease|ARM.ActiveCfg = SteamRelease|Win32
		{ECAC7E19-ACBC-4C3C-B89A-7BC7049B6F2E}.SteamRelease|Win32.ActiveCfg = SteamRelease|Win32
		{ECAC7E19-ACBC-4C3C-B89A-7BC7049B6F2E}.SteamRelease|Win32.Build.0 = SteamRelease|Win32
		{ECAC7E19-ACBC-4C3C-B89A-7BC7049B6F2E}.SteamRelease|x64.ActiveCfg = SteamRelease|Win32
		{482B1658-7F28-4E62-94B6-ED71259C5F44}.Debug in Program Files|ARM.ActiveCfg = Debug in Program Files|Win32
		{482B1658-7F28-4E62-94B6-ED71259C5F44}.Debug in Program Files|Win32.ActiveCfg = Debug in Program Files|Win32
		{482B1658-7F28-4E62-94B6-ED71259C5F44}.Debug in Program Files|Win32.Build.0 = Debug in Program Files|Win32
		{482B1658-7F28-4E62-94B6-ED71259C5F44}.Debug in Program Files|x64.ActiveCfg = Debug in Program Files|Win32
		{482B1658-7F28-4E62-94B6-ED71259C5F44}.Debug|ARM.ActiveCfg = Debug|Win32
		{482B1658-7F28-4E62-94B6-ED71259C5F44}.Debug|Win32.ActiveCfg = Debug|Win32
		{482B1658-7F28-4E62-94B6-ED71259C5F44}.Debug|Win32.Build.0 = Debug|Win32
		{482B1658-7F28-4E62-94B6-ED71259C5F44}.Debug|x64.ActiveCfg = Debug|Win32
		{482B1658-7F28-4E62-94B6-ED71259C5F44}.Release|ARM.ActiveCfg = Release|Win32
		{482B1658-7F28-4E62-94B6-ED71259C5F44}.Release|Win32.ActiveCfg = Release|Win32
		{482B1658-7F28-4E62-94B6-ED71259C5F44}.Release|Win32.Build.0 = Release|Win32
		{482B1658-7F28-4E62-94B6-ED71259C5F44}.Release|x64.ActiveCfg = Release|Win32
		{482B1658-7F28-4E62-94B6-ED71259C5F44}.ReleaseWithoutAsm|ARM.ActiveCfg = Release|Win32
		{482B1658-7F28-4E62-94B6-ED71259C5F44}.ReleaseWithoutAsm|Win32.ActiveCfg = Release|Win32
		{482B1658-7F28-4E62-94B6-ED71259C5F44}.ReleaseWithoutAsm|Win32.Build.0 = Release|Win32
		{482B1658-7F28-4E62-94B6-ED71259C5F44}.ReleaseWithoutAsm|x64.ActiveCfg = Release|Win32
		{482B1658-7F28-4E62-94B6-ED71259C5F44}.SteamDebug|ARM.ActiveCfg = SteamDebug|Win32
		{482B1658-7F28-4E62-94B6-ED71259C5F44}.SteamDebug|Win32.ActiveCfg = SteamDebug|Win32
		{482B1658-7F28-4E62-94B6-ED71259C5F44}.SteamDebug|Win32.Build.0 = SteamDebug|Win32
		{482B1658-7F28-4E62-94B6-ED71259C5F44}.SteamDebug|x64.ActiveCfg = SteamDebug|Win32
		{482B1658-7F28-4E62-94B6-ED71259C5F44}.SteamRelease|ARM.ActiveCfg = SteamRelease|Win32
		{482B1658-7F28-4E62-94B6-ED71259C5F44}.SteamRelease|Win32.ActiveCfg = SteamRelease|Win32
		{482B1658-7F28-4E62-94B6-ED71259C5F44}.SteamRelease|Win32.Build.0 = SteamRelease|Win32
		{482B1658-7F28-4E62-94B6-ED71259C5F44}.SteamRelease|x64.ActiveCfg = SteamRelease|Win32
		{745DEC58-EBB3-47A9-A9B8-4C6627C01BF8}.Debug in Program Files|ARM.ActiveCfg = Debug|Win32
		{745DEC58-EBB3-47A9-A9B8-4C6627C01BF8}.Debug in Program Files|Win32.ActiveCfg = Debug|Win32
		{745DEC58-EBB3-47A9-A9B8-4C6627C01BF8}.Debug in Program Files|Win32.Build.0 = Debug|Win32
		{745DEC58-EBB3-47A9-A9B8-4C6627C01BF8}.Debug in Program Files|x64.ActiveCfg = Debug|x64
		{745DEC58-EBB3-47A9-A9B8-4C6627C01BF8}.Debug in Program Files|x64.Build.0 = Debug|x64
		{745DEC58-EBB3-47A9-A9B8-4C6627C01BF8}.Debug|ARM.ActiveCfg = Debug|Win32
		{745DEC58-EBB3-47A9-A9B8-4C6627C01BF8}.Debug|Win32.ActiveCfg = Debug|Win32
		{745DEC58-EBB3-47A9-A9B8-4C6627C01BF8}.Debug|Win32.Build.0 = Debug|Win32
		{745DEC58-EBB3-47A9-A9B8-4C6627C01BF8}.Debug|x64.ActiveCfg = Debug|x64
		{745DEC58-EBB3-47A9-A9B8-4C6627C01BF8}.Debug|x64.Build.0 = Debug|x64
		{745DEC58-EBB3-47A9-A9B8-4C6627C01BF8}.Release|ARM.ActiveCfg = Release|Win32
		{745DEC58-EBB3-47A9-A9B8-4C6627C01BF8}.Release|Win32.ActiveCfg = Release|Win32
		{745DEC58-EBB3-47A9-A9B8-4C6627C01BF8}.Release|Win32.Build.0 = Release|Win32
		{745DEC58-EBB3-47A9-A9B8-4C6627C01BF8}.Release|x64.ActiveCfg = Release|x64
		{745DEC58-EBB3-47A9-A9B8-4C6627C01BF8}.Release|x64.Build.0 = Release|x64
		{745DEC58-EBB3-47A9-A9B8-4C6627C01BF8}.ReleaseWithoutAsm|ARM.ActiveCfg = ReleaseWithoutAsm|Win32
		{745DEC58-EBB3-47A9-A9B8-4C6627C01BF8}.ReleaseWithoutAsm|Win32.ActiveCfg = ReleaseWithoutAsm|Win32
		{745DEC58-EBB3-47A9-A9B8-4C6627C01BF8}.ReleaseWithoutAsm|Win32.Build.0 = ReleaseWithoutAsm|Win32
		{745DEC58-EBB3-47A9-A9B8-4C6627C01BF8}.ReleaseWithoutAsm|x64.ActiveCfg = ReleaseWithoutAsm|x64
		{745DEC58-EBB3-47A9-A9B8-4C6627C01BF8}.ReleaseWithoutAsm|x64.Build.0 = ReleaseWithoutAsm|x64
		{745DEC58-EBB3-47A9-A9B8-4C6627C01BF8}.SteamDebug|ARM.ActiveCfg = SteamDebug|Win32
		{745DEC58-EBB3-47A9-A9B8-4C6627C01BF8}.SteamDebug|Win32.ActiveCfg = SteamDebug|Win32
		{745DEC58-EBB3-47A9-A9B8-4C6627C01BF8}.SteamDebug|Win32.Build.0 = SteamDebug|Win32
		{745DEC58-EBB3-47A9-A9B8-4C6627C01BF8}.SteamDebug|x64.ActiveCfg = SteamDebug|x64
		{745DEC58-EBB3-47A9-A9B8-4C6627C01BF8}.SteamDebug|x64.Build.0 = SteamDebug|x64
		{745DEC58-EBB3-47A9-A9B8-4C6627C01BF8}.SteamRelease|ARM.ActiveCfg = SteamRelease|Win32
		{745DEC58-EBB3-47A9-A9B8-4C6627C01BF8}.SteamRelease|Win32.ActiveCfg = SteamRelease|Win32
		{745DEC58-EBB3-47A9-A9B8-4C6627C01BF8}.SteamRelease|Win32.Build.0 = SteamRelease|Win32
		{745DEC58-EBB3-47A9-A9B8-4C6627C01BF8}.SteamRelease|x64.ActiveCfg = SteamRelease|x64
		{745DEC58-EBB3-47A9-A9B8-4C6627C01BF8}.SteamRelease|x64.Build.0 = SteamRelease|x64
		{797712EA-A2B5-4E30-A2F9-5998E90AFECC}.Debug in Program Files|ARM.ActiveCfg = Debug in Program Files|Win32
		{797712EA-A2B5-4E30-A2F9-5998E90AFECC}.Debug in Program Files|Win32.ActiveCfg = Debug in Program Files|Win32
		{797712EA-A2B5-4E30-A2F9-5998E90AFECC}.Debug in Program Files|Win32.Build.0 = Debug in Program Files|Win32
		{797712EA-A2B5-4E30-A2F9-5998E90AFECC}.Debug in Program Files|x64.ActiveCfg = Debug in Program Files|Win32
		{797712EA-A2B5-4E30-A2F9-5998E90AFECC}.Debug|ARM.ActiveCfg = Debug|Win32
		{797712EA-A2B5-4E30-A2F9-5998E90AFECC}.Debug|Win32.ActiveCfg = Debug|Win32
		{797712EA-A2B5-4E30-A2F9-5998E90AFECC}.Debug|Win32.Build.0 = Debug|Win32
		{797712EA-A2B5-4E30-A2F9-5998E90AFECC}.Debug|x64.ActiveCfg = Debug|Win32
		{797712EA-A2B5-4E30-A2F9-5998E90AFECC}.Release|ARM.ActiveCfg = Release|Win32
		{797712EA-A2B5-4E30-A2F9-5998E90AFECC}.Release|Win32.ActiveCfg = Release|Win32
		{797712EA-A2B5-4E30-A2F9-5998E90AFECC}.Release|Win32.Build.0 = Release|Win32
		{797712EA-A2B5-4E30-A2F9-5998E90AFECC}.Release|x64.ActiveCfg = Release|Win32
		{797712EA-A2B5-4E30-A2F9-5998E90AFECC}.ReleaseWithoutAsm|ARM.ActiveCfg = Release|Win32
		{797712EA-A2B5-4E30-A2F9-5998E90AFECC}.ReleaseWithoutAsm|Win32.ActiveCfg = Release|Win32
		{797712EA-A2B5-4E30-A2F9-5998E90AFECC}.ReleaseWithoutAsm|Win32.Build.0 = Release|Win32
		{797712EA-A2B5-4E30-A2F9-5998E90AFECC}.ReleaseWithoutAsm|x64.ActiveCfg = Release|Win32
		{797712EA-A2B5-4E30-A2F9-5998E90AFECC}.SteamDebug|ARM.ActiveCfg = SteamDebug|Win32
		{797712EA-A2B5-4E30-A2F9-5998E90AFECC}.SteamDebug|Win32.ActiveCfg = SteamDebug|Win32
		{797712EA-A2B5-4E30-A2F9-5998E90AFECC}.SteamDebug|Win32.Build.0 = SteamDebug|Win32
		{797712EA-A2B5-4E30-A2F9-5998E90AFECC}.SteamDebug|x64.ActiveCfg = SteamDebug|Win32
		{797712EA-A2B5-4E30-A2F9-5998E90AFECC}.SteamRelease|ARM.ActiveCfg = SteamRelease|Win32
		{797712EA-A2B5-4E30-A2F9-5998E90AFECC}.SteamRelease|Win32.ActiveCfg = SteamRelease|Win32
		{797712EA-A2B5-4E30-A2F9-5998E90AFECC}.SteamRelease|Win32.Build.0 = SteamRelease|Win32
		{797712EA-A2B5-4E30-A2F9-5998E90AFECC}.SteamRelease|x64.ActiveCfg = SteamRelease|Win32
		{54A735D5-A8EA-4D72-A4B5-593F79080882}.Debug in Program Files|ARM.ActiveCfg = Debug in Program Files|Win32
		{54A735D5-A8EA-4D72-A4B5-593F79080882}.Debug in Program Files|Win32.ActiveCfg = Debug in Program Files|Win32
		{54A735D5-A8EA-4D72-A4B5-593F79080882}.Debug in Program Files|Win32.Build.0 = Debug in Program Files|Win32
		{54A735D5-A8EA-4D72-A4B5-593F79080882}.Debug in Program Files|x64.ActiveCfg = Debug in Program Files|Win32
		{54A735D5-A8EA-4D72-A4B5-593F79080882}.Debug|ARM.ActiveCfg = Debug|Win32
		{54A735D5-A8EA-4D72-A4B5-593F79080882}.Debug|Win32.ActiveCfg = Debug|Win32
		{54A735D5-A8EA-4D72-A4B5-593F79080882}.Debug|Win32.Build.0 = Debug|Win32
		{54A735D5-A8EA-4D72-A4B5-593F79080882}.Debug|x64.ActiveCfg = Debug|Win32
		{54A735D5-A8EA-4D72-A4B5-593F79080882}.Release|ARM.ActiveCfg = Release|Win32
		{54A735D5-A8EA-4D72-A4B5-593F79080882}.Release|Win32.ActiveCfg = Release|Win32
		{54A735D5-A8EA-4D72-A4B5-593F79080882}.Release|Win32.Build.0 = Release|Win32
		{54A735D5-A8EA-4D72-A4B5-593F79080882}.Release|x64.ActiveCfg = Release|Win32
		{54A735D5-A8EA-4D72-A4B5-593F79080882}.ReleaseWithoutAsm|ARM.ActiveCfg = Release|Win32
		{54A735D5-A8EA-4D72-A4B5-593F79080882}.ReleaseWithoutAsm|Win32.ActiveCfg = Release|Win32
		{54A735D5-A8EA-4D72-A4B5-593F79080882}.ReleaseWithoutAsm|Win32.Build.0 = Release|Win32
		{54A735D5-A8EA-4D72-A4B5-593F79080882}.ReleaseWithoutAsm|x64.ActiveCfg = Release|Win32
		{54A735D5-A8EA-4D72-A4B5-593F79080882}.SteamDebug|ARM.ActiveCfg = SteamDebug|Win32
		{54A735D5-A8EA-4D72-A4B5-593F79080882}.SteamDebug|Win32.ActiveCfg = SteamDebug|Win32
		{54A735D5-A8EA-4D72-A4B5-593F79080882}.SteamDebug|Win32.Build.0 = SteamDebug|Win32
		{54A735D5-A8EA-4D72-A4B5-593F79080882}.SteamDebug|x64.ActiveCfg = SteamDebug|Win32
		{54A735D5-A8EA-4D72-A4B5-593F79080882}.SteamRelease|ARM.ActiveCfg = SteamRelease|Win32
		{54A735D5-A8EA-4D72-A4B5-593F79080882}.SteamRelease|Win32.ActiveCfg = SteamRelease|Win32
		{54A735D5-A8EA-4D72-A4B5-593F79080882}.SteamRelease|Win32.Build.0 = SteamRelease|Win32
		{54A735D5-A8EA-4D72-A4B5-593F79080882}.SteamRelease|x64.ActiveCfg = SteamRelease|Win32
		{52B71F3D-BCFA-4BF9-8171-043573D95F34}.Debug in Program Files|ARM.ActiveCfg = Debug in Program Files|Win32
		{52B71F3D-BCFA-4BF9-8171-043573D95F34}.Debug in Program Files|Win32.ActiveCfg = Debug in Program Files|Win32
		{52B71F3D-BCFA-4BF9-8171-043573D95F34}.Debug in Program Files|Win32.Build.0 = Debug in Program Files|Win32
		{52B71F3D-BCFA-4BF9-8171-043573D95F34}.Debug in Program Files|x64.ActiveCfg = Debug in Program Files|Win32
		{52B71F3D-BCFA-4BF9-8171-043573D95F34}.Debug|ARM.ActiveCfg = Debug|Win32
		{52B71F3D-BCFA-4BF9-8171-043573D95F34}.Debug|Win32.ActiveCfg = Debug|Win32
		{52B71F3D-BCFA-4BF9-8171-043573D95F34}.Debug|Win32.Build.0 = Debug|Win32
		{52B71F3D-BCFA-4BF9-8171-043573D95F34}.Debug|x64.ActiveCfg = Debug|Win32
		{52B71F3D-BCFA-4BF9-8171-043573D95F34}.Release|ARM.ActiveCfg = Release|Win32
		{52B71F3D-BCFA-4BF9-8171-043573D95F34}.Release|Win32.ActiveCfg = Release|Win32
		{52B71F3D-BCFA-4BF9-8171-043573D95F34}.Release|Win32.Build.0 = Release|Win32
		{52B71F3D-BCFA-4BF9-8171-043573D95F34}.Release|x64.ActiveCfg = Release|Win32
		{52B71F3D-BCFA-4BF9-8171-043573D95F34}.ReleaseWithoutAsm|ARM.ActiveCfg = Release|Win32
		{52B71F3D-BCFA-4BF9-8171-043573D95F34}.ReleaseWithoutAsm|Win32.ActiveCfg = Release|Win32
		{52B71F3D-BCFA-4BF9-8171-043573D95F34}.ReleaseWithoutAsm|Win32.Build.0 = Release|Win32
		{52B71F3D-BCFA-4BF9-8171-043573D95F34}.ReleaseWithoutAsm|x64.ActiveCfg = Release|Win32
		{52B71F3D-BCFA-4BF9-8171-043573D95F34}.SteamDebug|ARM.ActiveCfg = SteamDebug|Win32
		{52B71F3D-BCFA-4BF9-8171-043573D95F34}.SteamDebug|Win32.ActiveCfg = SteamDebug|Win32
		{52B71F3D-BCFA-4BF9-8171-043573D95F34}.SteamDebug|Win32.Build.0 = SteamDebug|Win32
		{52B71F3D-BCFA-4BF9-8171-043573D95F34}.SteamDebug|x64.ActiveCfg = SteamDebug|Win32
		{52B71F3D-BCFA-4BF9-8171-043573D95F34}.SteamRelease|ARM.ActiveCfg = SteamRelease|Win32
		{52B71F3D-BCFA-4BF9-8171-043573D95F34}.SteamRelease|Win32.ActiveCfg = SteamRelease|Win32
		{52B71F3D-BCFA-4BF9-8171-043573D95F34}.SteamRelease|Win32.Build.0 = SteamRelease|Win32
		{52B71F3D-BCFA-4BF9-8171-043573D95F34}.SteamRelease|x64.ActiveCfg = SteamRelease|Win32
		{4A1A0260-94CB-4E72-ADF5-D927C291670C}.Debug in Program Files|ARM.ActiveCfg = Debug in Program Files|Win32
		{4A1A0260-94CB-4E72-ADF5-D927C291670C}.Debug in Program Files|Win32.ActiveCfg = Debug in Program Files|Win32
		{4A1A0260-94CB-4E72-ADF5-D927C291670C}.Debug in Program Files|Win32.Build.0 = Debug in Program Files|Win32
		{4A1A0260-94CB-4E72-ADF5-D927C291670C}.Debug in Program Files|x64.ActiveCfg = Debug in Program Files|Win32
		{4A1A0260-94CB-4E72-ADF5-D927C291670C}.Debug|ARM.ActiveCfg = Debug|Win32
		{4A1A0260-94CB-4E72-ADF5-D927C291670C}.Debug|Win32.ActiveCfg = Debug|Win32
		{4A1A0260-94CB-4E72-ADF5-D927C291670C}.Debug|Win32.Build.0 = Debug|Win32
		{4A1A0260-94CB-4E72-ADF5-D927C291670C}.Debug|x64.ActiveCfg = Debug|Win32
		{4A1A0260-94CB-4E72-ADF5-D927C291670C}.Release|ARM.ActiveCfg = Release|Win32
		{4A1A0260-94CB-4E72-ADF5-D927C291670C}.Release|Win32.ActiveCfg = Release|Win32
		{4A1A0260-94CB-4E72-ADF5-D927C291670C}.Release|Win32.Build.0 = Release|Win32
		{4A1A0260-94CB-4E72-ADF5-D927C291670C}.Release|x64.ActiveCfg = Release|Win32
		{4A1A0260-94CB-4E72-ADF5-D927C291670C}.ReleaseWithoutAsm|ARM.ActiveCfg = Release|Win32
		{4A1A0260-94CB-4E72-ADF5-D927C291670C}.ReleaseWithoutAsm|Win32.ActiveCfg = Release|Win32
		{4A1A0260-94CB-4E72-ADF5-D927C291670C}.ReleaseWithoutAsm|Win32.Build.0 = Release|Win32
		{4A1A0260-94CB-4E72-ADF5-D927C291670C}.ReleaseWithoutAsm|x64.ActiveCfg = Release|Win32
		{4A1A0260-94CB-4E72-ADF5-D927C291670C}.SteamDebug|ARM.ActiveCfg = SteamDebug|Win32
		{4A1A0260-94CB-4E72-ADF5-D927C291670C}.SteamDebug|Win32.ActiveCfg = SteamDebug|Win32
		{4A1A0260-94CB-4E72-ADF5-D927C291670C}.SteamDebug|Win32.Build.0 = SteamDebug|Win32
		{4A1A0260-94CB-4E72-ADF5-D927C291670C}.SteamDebug|x64.ActiveCfg = SteamDebug|Win32
		{4A1A0260-94CB-4E72-ADF5-D927C291670C}.SteamRelease|ARM.ActiveCfg = SteamRelease|Win32
		{4A1A0260-94CB-4E72-ADF5-D927C291670C}.SteamRelease|Win32.ActiveCfg = SteamRelease|Win32
		{4A1A0260-94CB-4E72-ADF5-D927C291670C}.SteamRelease|Win32.Build.0 = SteamRelease|Win32
		{4A1A0260-94CB-4E72-ADF5-D927C291670C}.SteamRelease|x64.ActiveCfg = SteamRelease|Win32
		{EB0AFA5B-DC60-4B46-9BD7-3371612AE9C9}.Debug in Program Files|ARM.ActiveCfg = Debug in Program Files|Win32
		{EB0AFA5B-DC60-4B46-9BD7-3371612AE9C9}.Debug in Program Files|Win32.ActiveCfg = Debug in Program Files|Win32
		{EB0AFA5B-DC60-4B46-9BD7-3371612AE9C9}.Debug in Program Files|Win32.Build.0 = Debug in Program Files|Win32
		{EB0AFA5B-DC60-4B46-9BD7-3371612AE9C9}.Debug in Program Files|x64.ActiveCfg = Debug in Program Files|Win32
		{EB0AFA5B-DC60-4B46-9BD7-3371612AE9C9}.Debug|ARM.ActiveCfg = Debug|Win32
		{EB0AFA5B-DC60-4B46-9BD7-3371612AE9C9}.Debug|Win32.ActiveCfg = Debug|Win32
		{EB0AFA5B-DC60-4B46-9BD7-3371612AE9C9}.Debug|Win32.Build.0 = Debug|Win32
		{EB0AFA5B-DC60-4B46-9BD7-3371612AE9C9}.Debug|x64.ActiveCfg = Debug|Win32
		{EB0AFA5B-DC60-4B46-9BD7-3371612AE9C9}.Release|ARM.ActiveCfg = Release|Win32
		{EB0AFA5B-DC60-4B46-9BD7-3371612AE9C9}.Release|Win32.ActiveCfg = Release|Win32
		{EB0AFA5B-DC60-4B46-9BD7-3371612AE9C9}.Release|Win32.Build.0 = Release|Win32
		{EB0AFA5B-DC60-4B46-9BD7-3371612AE9C9}.Release|x64.ActiveCfg = Release|Win32
		{EB0AFA5B-DC60-4B46-9BD7-3371612AE9C9}.ReleaseWithoutAsm|ARM.ActiveCfg = Release|Win32
		{EB0AFA5B-DC60-4B46-9BD7-3371612AE9C9}.ReleaseWithoutAsm|Win32.ActiveCfg = Release|Win32
		{EB0AFA5B-DC60-4B46-9BD7-3371612AE9C9}.ReleaseWithoutAsm|Win32.Build.0 = Release|Win32
		{EB0AFA5B-DC60-4B46-9BD7-3371612AE9C9}.ReleaseWithoutAsm|x64.ActiveCfg = Release|Win32
		{EB0AFA5B-DC60-4B46-9BD7-3371612AE9C9}.SteamDebug|ARM.ActiveCfg = SteamDebug|Win32
		{EB0AFA5B-DC60-4B46-9BD7-3371612AE9C9}.SteamDebug|Win32.ActiveCfg = SteamDebug|Win32
		{EB0AFA5B-DC60-4B46-9BD7-3371612AE9C9}.SteamDebug|Win32.Build.0 = SteamDebug|Win32
		{EB0AFA5B-DC60-4B46-9BD7-3371612AE9C9}.SteamDebug|x64.ActiveCfg = SteamDebug|Win32
		{EB0AFA5B-DC60-4B46-9BD7-3371612AE9C9}.SteamRelease|ARM.ActiveCfg = SteamRelease|Win32
		{EB0AFA5B-DC60-4B46-9BD7-3371612AE9C9}.SteamRelease|Win32.ActiveCfg = SteamRelease|Win32
		{EB0AFA5B-DC60-4B46-9BD7-3371612AE9C9}.SteamRelease|Win32.Build.0 = SteamRelease|Win32
		{EB0AFA5B-DC60-4B46-9BD7-3371612AE9C9}.SteamRelease|x64.ActiveCfg = SteamRelease|Win32
		{32A1A9FA-BBFD-44E6-8BBC-F6F531FDE66E}.Debug in Program Files|ARM.ActiveCfg = Debug|Win32
		{32A1A9FA-BBFD-44E6-8BBC-F6F531FDE66E}.Debug in Program Files|Win32.ActiveCfg = Debug|Win32
		{32A1A9FA-BBFD-44E6-8BBC-F6F531FDE66E}.Debug in Program Files|x64.ActiveCfg = Debug|Win32
		{32A1A9FA-BBFD-44E6-8BBC-F6F531FDE66E}.Debug|ARM.ActiveCfg = Debug|Win32
		{32A1A9FA-BBFD-44E6-8BBC-F6F531FDE66E}.Debug|Win32.ActiveCfg = Debug|Win32
		{32A1A9FA-BBFD-44E6-8BBC-F6F531FDE66E}.Debug|x64.ActiveCfg = Debug|Win32
		{32A1A9FA-BBFD-44E6-8BBC-F6F531FDE66E}.Release|ARM.ActiveCfg = Release|Win32
		{32A1A9FA-BBFD-44E6-8BBC-F6F531FDE66E}.Release|Win32.ActiveCfg = Release|Win32
		{32A1A9FA-BBFD-44E6-8BBC-F6F531FDE66E}.Release|x64.ActiveCfg = Release|Win32
		{32A1A9FA-BBFD-44E6-8BBC-F6F531FDE66E}.ReleaseWithoutAsm|ARM.ActiveCfg = Release|Win32
		{32A1A9FA-BBFD-44E6-8BBC-F6F531FDE66E}.ReleaseWithoutAsm|Win32.ActiveCfg = Release|Win32
		{32A1A9FA-BBFD-44E6-8BBC-F6F531FDE66E}.ReleaseWithoutAsm|x64.ActiveCfg = Release|Win32
		{32A1A9FA-BBFD-44E6-8BBC-F6F531FDE66E}.SteamDebug|ARM.ActiveCfg = SteamDebug|Win32
		{32A1A9FA-BBFD-44E6-8BBC-F6F531FDE66E}.SteamDebug|Win32.ActiveCfg = SteamDebug|Win32
		{32A1A9FA-BBFD-44E6-8BBC-F6F531FDE66E}.SteamDebug|x64.ActiveCfg = SteamDebug|Win32
		{32A1A9FA-BBFD-44E6-8BBC-F6F531FDE66E}.SteamRelease|ARM.ActiveCfg = SteamRelease|Win32
		{32A1A9FA-BBFD-44E6-8BBC-F6F531FDE66E}.SteamRelease|Win32.ActiveCfg = SteamRelease|Win32
		{32A1A9FA-BBFD-44E6-8BBC-F6F531FDE66E}.SteamRelease|x64.ActiveCfg = SteamRelease|Win32
		{8FACC902-E3C3-4B91-AF06-1E74BE8BB4E5}.Debug in Program Files|ARM.ActiveCfg = Debug|Win32
		{8FACC902-E3C3-4B91-AF06-1E74BE8BB4E5}.Debug in Program Files|Win32.ActiveCfg = Debug|Win32
		{8FACC902-E3C3-4B91-AF06-1E74BE8BB4E5}.Debug in Program Files|Win32.Build.0 = Debug|Win32
		{8FACC902-E3C3-4B91-AF06-1E74BE8BB4E5}.Debug in Program Files|x64.ActiveCfg = Debug|Win32
		{8FACC902-E3C3-4B91-AF06-1E74BE8BB4E5}.Debug|ARM.ActiveCfg = Debug|Win32
		{8FACC902-E3C3-4B91-AF06-1E74BE8BB4E5}.Debug|Win32.ActiveCfg = Debug|Win32
		{8FACC902-E3C3-4B91-AF06-1E74BE8BB4E5}.Debug|Win32.Build.0 = Debug|Win32
		{8FACC902-E3C3-4B91-AF06-1E74BE8BB4E5}.Debug|x64.ActiveCfg = Debug|Win32
		{8FACC902-E3C3-4B91-AF06-1E74BE8BB4E5}.Release|ARM.ActiveCfg = Release|Win32
		{8FACC902-E3C3-4B91-AF06-1E74BE8BB4E5}.Release|Win32.ActiveCfg = Release|Win32
		{8FACC902-E3C3-4B91-AF06-1E74BE8BB4E5}.Release|Win32.Build.0 = Release|Win32
		{8FACC902-E3C3-4B91-AF06-1E74BE8BB4E5}.Release|x64.ActiveCfg = Release|Win32
		{8FACC902-E3C3-4B91-AF06-1E74BE8BB4E5}.ReleaseWithoutAsm|ARM.ActiveCfg = Release|Win32
		{8FACC902-E3C3-4B91-AF06-1E74BE8BB4E5}.ReleaseWithoutAsm|Win32.ActiveCfg = Release|Win32
		{8FACC902-E3C3-4B91-AF06-1E74BE8BB4E5}.ReleaseWithoutAsm|Win32.Build.0 = Release|Win32
		{8FACC902-E3C3-4B91-AF06-1E74BE8BB4E5}.ReleaseWithoutAsm|x64.ActiveCfg = Release|Win32
		{8FACC902-E3C3-4B91-AF06-1E74BE8BB4E5}.SteamDebug|ARM.ActiveCfg = Debug|Win32
		{8FACC902-E3C3-4B91-AF06-1E74BE8BB4E5}.SteamDebug|Win32.ActiveCfg = SteamDebug|Win32
		{8FACC902-E3C3-4B91-AF06-1E74BE8BB4E5}.SteamDebug|Win32.Build.0 = SteamDebug|Win32
		{8FACC902-E3C3-4B91-AF06-1E74BE8BB4E5}.SteamDebug|x64.ActiveCfg = Debug|Win32
		{8FACC902-E3C3-4B91-AF06-1E74BE8BB4E5}.SteamRelease|ARM.ActiveCfg = SteamRelease|Win32
		{8FACC902-E3C3-4B91-AF06-1E74BE8BB4E5}.SteamRelease|Win32.ActiveCfg = SteamRelease|Win32
		{8FACC902-E3C3-4B91-AF06-1E74BE8BB4E5}.SteamRelease|Win32.Build.0 = SteamRelease|Win32
		{8FACC902-E3C3-4B91-AF06-1E74BE8BB4E5}.SteamRelease|x64.ActiveCfg = SteamRelease|Win32
		{910B3EA2-DB1B-4F5D-B3C5-9AB1B600936B}.Debug in Program Files|ARM.ActiveCfg = Release|x64
		{910B3EA2-DB1B-4F5D-B3C5-9AB1B600936B}.Debug in Program Files|ARM.Build.0 = Release|x64
		{910B3EA2-DB1B-4F5D-B3C5-9AB1B600936B}.Debug in Program Files|Win32.ActiveCfg = Debug|Win32
		{910B3EA2-DB1B-4F5D-B3C5-9AB1B600936B}.Debug in Program Files|Win32.Build.0 = Debug|Win32
		{910B3EA2-DB1B-4F5D-B3C5-9AB1B600936B}.Debug in Program Files|x64.ActiveCfg = Debug|x64
		{910B3EA2-DB1B-4F5D-B3C5-9AB1B600936B}.Debug in Program Files|x64.Build.0 = Debug|x64
		{910B3EA2-DB1B-4F5D-B3C5-9AB1B600936B}.Debug|ARM.ActiveCfg = Debug|Win32
		{910B3EA2-DB1B-4F5D-B3C5-9AB1B600936B}.Debug|Win32.ActiveCfg = Debug|Win32
		{910B3EA2-DB1B-4F5D-B3C5-9AB1B600936B}.Debug|x64.ActiveCfg = Debug|x64
		{910B3EA2-DB1B-4F5D-B3C5-9AB1B600936B}.Debug|x64.Build.0 = Debug|x64
		{910B3EA2-DB1B-4F5D-B3C5-9AB1B600936B}.Release|ARM.ActiveCfg = Release|Win32
		{910B3EA2-DB1B-4F5D-B3C5-9AB1B600936B}.Release|Win32.ActiveCfg = Release|Win32
		{910B3EA2-DB1B-4F5D-B3C5-9AB1B600936B}.Release|x64.ActiveCfg = Release|x64
		{910B3EA2-DB1B-4F5D-B3C5-9AB1B600936B}.Release|x64.Build.0 = Release|x64
		{910B3EA2-DB1B-4F5D-B3C5-9AB1B600936B}.ReleaseWithoutAsm|ARM.ActiveCfg = Release|x64
		{910B3EA2-DB1B-4F5D-B3C5-9AB1B600936B}.ReleaseWithoutAsm|ARM.Build.0 = Release|x64
		{910B3EA2-DB1B-4F5D-B3C5-9AB1B600936B}.ReleaseWithoutAsm|Win32.ActiveCfg = Release|Win32
		{910B3EA2-DB1B-4F5D-B3C5-9AB1B600936B}.ReleaseWithoutAsm|Win32.Build.0 = Release|Win32
		{910B3EA2-DB1B-4F5D-B3C5-9AB1B600936B}.ReleaseWithoutAsm|x64.ActiveCfg = Release|x64
		{910B3EA2-DB1B-4F5D-B3C5-9AB1B600936B}.ReleaseWithoutAsm|x64.Build.0 = Release|x64
		{910B3EA2-DB1B-4F5D-B3C5-9AB1B600936B}.SteamDebug|ARM.ActiveCfg = Release|x64
		{910B3EA2-DB1B-4F5D-B3C5-9AB1B600936B}.SteamDebug|ARM.Build.0 = Release|x64
		{910B3EA2-DB1B-4F5D-B3C5-9AB1B600936B}.SteamDebug|Win32.ActiveCfg = Debug|Win32
		{910B3EA2-DB1B-4F5D-B3C5-9AB1B600936B}.SteamDebug|Win32.Build.0 = Debug|Win32
		{910B3EA2-DB1B-4F5D-B3C5-9AB1B600936B}.SteamDebug|x64.ActiveCfg = Debug|x64
		{910B3EA2-DB1B-4F5D-B3C5-9AB1B600936B}.SteamDebug|x64.Build.0 = Debug|x64
		{910B3EA2-DB1B-4F5D-B3C5-9AB1B600936B}.SteamRelease|ARM.ActiveCfg = Release|x64
		{910B3EA2-DB1B-4F5D-B3C5-9AB1B600936B}.SteamRelease|ARM.Build.0 = Release|x64
		{910B3EA2-DB1B-4F5D-B3C5-9AB1B600936B}.SteamRelease|Win32.ActiveCfg = Release|Win32
		{910B3EA2-DB1B-4F5D-B3C5-9AB1B600936B}.SteamRelease|Win32.Build.0 = Release|Win32
		{910B3EA2-DB1B-4F5D-B3C5-9AB1B600936B}.SteamRelease|x64.ActiveCfg = Release|x64
		{910B3EA2-DB1B-4F5D-B3C5-9AB1B600936B}.SteamRelease|x64.Build.0 = Release|x64
	EndGlobalSection
	GlobalSection(SolutionProperties) = preSolution
		HideSolutionNode = FALSE
	EndGlobalSection
EndGlobal
