<?xml version="1.0" encoding="utf-8"?>
<Project ToolsVersion="4.0" xmlns="http://schemas.microsoft.com/developer/msbuild/2003">
  <ItemGroup>
    <Filter Include="Source Files">
      <UniqueIdentifier>{4FC737F1-C7A5-4376-A066-2A32D752A2FF}</UniqueIdentifier>
      <Extensions>cpp;c;cxx;def;odl;idl;hpj;bat;asm;asmx</Extensions>
    </Filter>
    <Filter Include="Header Files">
      <UniqueIdentifier>{93995380-89BD-4b04-88EB-625FBE52EBFB}</UniqueIdentifier>
      <Extensions>h;hpp;hxx;hm;inl;inc;xsd</Extensions>
    </Filter>
    <Filter Include="Resource Files">
      <UniqueIdentifier>{67DA6AB6-F800-4c08-8B7A-83BB121AAD01}</UniqueIdentifier>
      <Extensions>rc;ico;cur;bmp;dlg;rc2;rct;bin;rgs;gif;jpg;jpeg;jpe;resx</Extensions>
    </Filter>
    <Filter Include="XML Files">
      <UniqueIdentifier>{0dc1a35b-a0cc-44ad-9a46-98806d624188}</UniqueIdentifier>
    </Filter>
  </ItemGroup>
  <ItemGroup>
    <ClCompile Include="CBattlesSessions.cpp">
      <Filter>Source Files</Filter>
    </ClCompile>
    <ClCompile Include="CLoadingSession.cpp">
      <Filter>Source Files</Filter>
    </ClCompile>
    <ClCompile Include="CTransSaverController.cpp">
      <Filter>Source Files</Filter>
    </ClCompile>
    <ClCompile Include="CTransSaverModel.cpp">
      <Filter>Source Files</Filter>
    </ClCompile>
    <ClCompile Include="TransSaver.cpp">
      <Filter>Source Files</Filter>
    </ClCompile>
  </ItemGroup>
  <ItemGroup>
    <None Include="TransSaver.def">
      <Filter>Source Files</Filter>
    </None>
    <None Include="..\Game\Resources\Stargate.JPG">
      <Filter>Resource Files</Filter>
    </None>
    <None Include="..\Game\Resources\StargateMask.BMP">
      <Filter>Resource Files</Filter>
    </None>
    <None Include="Transcendence.ico">
      <Filter>Resource Files</Filter>
    </None>
    <None Include="TDB\AresOrthodoxy.xml">
      <Filter>XML Files</Filter>
    </None>
    <None Include="TDB\BlackMarket.xml">
      <Filter>XML Files</Filter>
    </None>
    <None Include="TDB\CentauriWarlords.xml">
      <Filter>XML Files</Filter>
    </None>
    <None Include="TDB\CharonPirates.xml">
      <Filter>XML Files</Filter>
    </None>
    <None Include="TDB\Commonwealth.xml">
      <Filter>XML Files</Filter>
    </None>
    <None Include="TDB\CommonwealthFleet.xml">
      <Filter>XML Files</Filter>
    </None>
    <None Include="TDB\CorporateHierarchy.xml">
      <Filter>XML Files</Filter>
    </None>
    <None Include="TDB\DwargRaiders.xml">
      <Filter>XML Files</Filter>
    </None>
    <None Include="TDB\EncountersVol01.xml">
      <Filter>XML Files</Filter>
    </None>
    <None Include="TDB\Huari.xml">
      <Filter>XML Files</Filter>
    </None>
    <None Include="TDB\Iocrym.xml">
      <Filter>XML Files</Filter>
    </None>
    <None Include="TDB\KorolovShipping.xml">
      <Filter>XML Files</Filter>
    </None>
    <None Include="TDB\Luminous.xml">
      <Filter>XML Files</Filter>
    </None>
    <None Include="TDB\MiscItems.xml">
      <Filter>XML Files</Filter>
    </None>
    <None Include="TDB\OutlawMiners.xml">
      <Filter>XML Files</Filter>
    </None>
    <None Include="TDB\StdArmor.xml">
      <Filter>XML Files</Filter>
    </None>
    <None Include="TDB\StdAutons.xml">
      <Filter>XML Files</Filter>
    </None>
    <None Include="TDB\StdDevices.xml">
      <Filter>XML Files</Filter>
    </None>
    <None Include="TDB\StdExplosions.xml">
      <Filter>XML Files</Filter>
    </None>
    <None Include="TDB\StdShields.xml">
      <Filter>XML Files</Filter>
    </None>
    <None Include="TDB\StdWeapons.xml">
      <Filter>XML Files</Filter>
    </None>
    <None Include="TDB\SungSlavers.xml">
      <Filter>XML Files</Filter>
    </None>
    <None Include="TDB\Transcendence.xml">
      <Filter>XML Files</Filter>
    </None>
    <None Include="TDB\UrakWarlords.xml">
      <Filter>XML Files</Filter>
    </None>
    <None Include="TDB\UsefulItems.xml">
      <Filter>XML Files</Filter>
    </None>
    <None Include="..\Game\Resources\Header.dxfn" />
    <None Include="..\Game\Resources\HeaderBold.dxfn" />
    <None Include="..\Game\Resources\LogoTitle.dxfn" />
    <None Include="..\Game\Resources\SubTitle.dxfn" />
    <None Include="..\Game\Resources\SubTitleBold.dxfn" />
    <None Include="..\Game\Resources\SubTitleHeavyBold.dxfn" />
    <None Include="..\Game\Resources\Title.dxfn" />
    <None Include="TransSaver.tdb" />
  </ItemGroup>
  <ItemGroup>
    <ClInclude Include="BackgroundTasks.h">
      <Filter>Header Files</Filter>
    </ClInclude>
    <ClInclude Include="PreComp.h">
      <Filter>Header Files</Filter>
    </ClInclude>
    <ClInclude Include="resource.h">
      <Filter>Header Files</Filter>
    </ClInclude>
    <ClInclude Include="Sessions.h">
      <Filter>Header Files</Filter>
    </ClInclude>
    <ClInclude Include="TransSaver.h">
      <Filter>Header Files</Filter>
    </ClInclude>
  </ItemGroup>
  <ItemGroup>
    <ResourceCompile Include="TransSaver.rc">
      <Filter>Resource Files</Filter>
    </ResourceCompile>
  </ItemGroup>
</Project>