<?xml version="1.0" encoding="utf-8"?>
<Project ToolsVersion="4.0" xmlns="http://schemas.microsoft.com/developer/msbuild/2003">
  <ItemGroup>
    <Filter Include="Core Types">
      <UniqueIdentifier>{1d9661e2-d4b2-4f18-a607-56be2ae2e0c6}</UniqueIdentifier>
    </Filter>
    <Filter Include="Human Space Library">
      <UniqueIdentifier>{fefdab5f-3d19-4a52-95e8-540fa05cca61}</UniqueIdentifier>
    </Filter>
    <Filter Include="Part I">
      <UniqueIdentifier>{c3b1f499-71ce-4a94-a913-9ccce2f9cc67}</UniqueIdentifier>
    </Filter>
    <Filter Include="RPG Library">
      <UniqueIdentifier>{c3f4cfa7-ec01-4091-a0b9-bbbaf23c8c54}</UniqueIdentifier>
    </Filter>
    <Filter Include="Compatibility">
      <UniqueIdentifier>{8f3618c8-6142-4e3d-b310-1fa17883042d}</UniqueIdentifier>
    </Filter>
    <Filter Include="Transcendence Galaxy Library">
      <UniqueIdentifier>{f0df8dab-f35b-432f-8f48-d857cf0f924e}</UniqueIdentifier>
    </Filter>
  </ItemGroup>
  <ItemGroup>
    <None Include="Transcendence.xml" />
    <None Include="Antarctica.xml">
      <Filter>Human Space Library</Filter>
    </None>
    <None Include="AresOrthodoxy.xml">
      <Filter>Human Space Library</Filter>
    </None>
    <None Include="BattleArena.xml">
      <Filter>Human Space Library</Filter>
    </None>
    <None Include="BattleArenaGladiators.xml">
      <Filter>Human Space Library</Filter>
    </None>
    <None Include="BlackMarket.xml">
      <Filter>Human Space Library</Filter>
    </None>
    <None Include="CentauriWarlords.xml">
      <Filter>Human Space Library</Filter>
    </None>
    <None Include="CharonFortress.xml">
      <Filter>Human Space Library</Filter>
    </None>
    <None Include="CharonPirates.xml">
      <Filter>Human Space Library</Filter>
    </None>
    <None Include="Code.xml">
      <Filter>Human Space Library</Filter>
    </None>
    <None Include="Commonwealth.xml">
      <Filter>Human Space Library</Filter>
    </None>
    <None Include="CommonwealthAgricultural.xml">
      <Filter>Human Space Library</Filter>
    </None>
    <None Include="CommonwealthFleet.xml">
      <Filter>Human Space Library</Filter>
    </None>
    <None Include="CommonwealthMetropolis.xml">
      <Filter>Human Space Library</Filter>
    </None>
    <None Include="CommonwealthMilitia.xml">
      <Filter>Human Space Library</Filter>
    </None>
    <None Include="CommonwealthMining.xml">
      <Filter>Human Space Library</Filter>
    </None>
    <None Include="CorporateHierarchy.xml">
      <Filter>Human Space Library</Filter>
    </None>
    <None Include="Domina.xml">
      <Filter>Human Space Library</Filter>
    </None>
    <None Include="DwargRaiders.xml">
      <Filter>Human Space Library</Filter>
    </None>
    <None Include="EncountersVol01.xml">
      <Filter>Human Space Library</Filter>
    </None>
    <None Include="Eridani.xml">
      <Filter>Human Space Library</Filter>
    </None>
    <None Include="Heretic.xml">
      <Filter>Human Space Library</Filter>
    </None>
    <None Include="HSCompatibility.xml">
      <Filter>Human Space Library</Filter>
    </None>
    <None Include="HumanSpaceMap.xml">
      <Filter>Human Space Library</Filter>
    </None>
    <None Include="Iocrym.xml">
      <Filter>Human Space Library</Filter>
    </None>
    <None Include="KateMorgental.xml">
      <Filter>Human Space Library</Filter>
    </None>
    <None Include="KorolovShipping.xml">
      <Filter>Human Space Library</Filter>
    </None>
    <None Include="Luminous.xml">
      <Filter>Human Space Library</Filter>
    </None>
    <None Include="MiscItems.xml">
      <Filter>Human Space Library</Filter>
    </None>
    <None Include="OutlawMiners.xml">
      <Filter>Human Space Library</Filter>
    </None>
    <None Include="PointJuno.xml">
      <Filter>Human Space Library</Filter>
    </None>
    <None Include="Rasiermesser.xml">
      <Filter>Human Space Library</Filter>
    </None>
    <None Include="Ringers.xml">
      <Filter>Human Space Library</Filter>
    </None>
    <None Include="RogueFleet.xml">
      <Filter>Human Space Library</Filter>
    </None>
    <None Include="RPGAnalyzers.xml">
      <Filter>Human Space Library</Filter>
    </None>
    <None Include="SistersOfDomina.xml">
      <Filter>Human Space Library</Filter>
    </None>
    <None Include="StdArmor.xml">
      <Filter>Human Space Library</Filter>
    </None>
    <None Include="StdAutons.xml">
      <Filter>Human Space Library</Filter>
    </None>
    <None Include="StdDevices.xml">
      <Filter>Human Space Library</Filter>
    </None>
    <None Include="StdDockScreens.xml">
      <Filter>Human Space Library</Filter>
    </None>
    <None Include="StdEffects.xml">
      <Filter>Human Space Library</Filter>
    </None>
    <None Include="StdFuel.xml">
      <Filter>Human Space Library</Filter>
    </None>
    <None Include="StdPlayerShips.xml">
      <Filter>Human Space Library</Filter>
    </None>
    <None Include="StdShields.xml">
      <Filter>Human Space Library</Filter>
    </None>
    <None Include="StdSovereigns.xml">
      <Filter>Human Space Library</Filter>
    </None>
    <None Include="StdSystems.xml">
      <Filter>Human Space Library</Filter>
    </None>
    <None Include="StdTypes.xml">
      <Filter>Human Space Library</Filter>
    </None>
    <None Include="StdUnknownItems.xml">
      <Filter>Human Space Library</Filter>
    </None>
    <None Include="StdWeapons.xml">
      <Filter>Human Space Library</Filter>
    </None>
    <None Include="StKatharines.xml">
      <Filter>Human Space Library</Filter>
    </None>
    <None Include="SungSlavers.xml">
      <Filter>Human Space Library</Filter>
    </None>
    <None Include="Teratons.xml">
      <Filter>Human Space Library</Filter>
    </None>
    <None Include="Tinkers.xml">
      <Filter>Human Space Library</Filter>
    </None>
    <None Include="UrakWarlords.xml">
      <Filter>Human Space Library</Filter>
    </None>
    <None Include="UsefulItems.xml">
      <Filter>Human Space Library</Filter>
    </None>
    <None Include="CoreCode.xml">
      <Filter>Core Types</Filter>
    </None>
    <None Include="CoreEffects.xml">
      <Filter>Core Types</Filter>
    </None>
    <None Include="RPGArmorDockScreens.xml">
      <Filter>RPG Library</Filter>
    </None>
    <None Include="RPGAutons.xml">
      <Filter>RPG Library</Filter>
    </None>
    <None Include="RPGAuxDevices.xml">
      <Filter>RPG Library</Filter>
    </None>
    <None Include="RPGBehaviors.xml">
      <Filter>RPG Library</Filter>
    </None>
    <None Include="RPGCharacterClasses.xml">
      <Filter>RPG Library</Filter>
    </None>
    <None Include="RPGCharacters.xml">
      <Filter>RPG Library</Filter>
    </None>
    <None Include="RPGCode.xml">
      <Filter>RPG Library</Filter>
    </None>
    <None Include="RPGCompatibility.xml">
      <Filter>RPG Library</Filter>
    </None>
    <None Include="RPGDeviceDockScreens.xml">
      <Filter>RPG Library</Filter>
    </None>
    <None Include="RPGDialog.xml">
      <Filter>RPG Library</Filter>
    </None>
    <None Include="RPGDockScreens.xml">
      <Filter>RPG Library</Filter>
    </None>
    <None Include="RPGMissions.xml">
      <Filter>RPG Library</Filter>
    </None>
    <None Include="RPGPlayer.xml">
      <Filter>RPG Library</Filter>
    </None>
    <None Include="RPGShipScreens.xml">
      <Filter>RPG Library</Filter>
    </None>
    <None Include="RPGTypes.xml">
      <Filter>RPG Library</Filter>
    </None>
    <None Include="RPGWingmen.xml">
      <Filter>RPG Library</Filter>
    </None>
    <None Include="HUD.xml">
      <Filter>RPG Library</Filter>
    </None>
    <None Include="Benedict00.xml">
      <Filter>Part I</Filter>
    </None>
    <None Include="Benedict01.xml">
      <Filter>Part I</Filter>
    </None>
    <None Include="Benedict02.xml">
      <Filter>Part I</Filter>
    </None>
    <None Include="Benedict03.xml">
      <Filter>Part I</Filter>
    </None>
    <None Include="BenedictStoryArc.xml">
      <Filter>Part I</Filter>
    </None>
    <None Include="Elysium.xml">
      <Filter>Part I</Filter>
    </None>
    <None Include="Huari.xml">
      <Filter>Part I</Filter>
    </None>
    <None Include="PlayerShips.xml">
      <Filter>Part I</Filter>
    </None>
    <None Include="StarsOfThePilgrim.xml">
      <Filter>Part I</Filter>
    </None>
    <None Include="Environments.xml">
      <Filter>Transcendence Galaxy Library</Filter>
    </None>
    <None Include="Groups.xml">
      <Filter>Transcendence Galaxy Library</Filter>
    </None>
    <None Include="Ice.xml">
      <Filter>Transcendence Galaxy Library</Filter>
    </None>
    <None Include="Metallic.xml">
      <Filter>Transcendence Galaxy Library</Filter>
    </None>
    <None Include="Mining.xml">
      <Filter>Transcendence Galaxy Library</Filter>
    </None>
    <None Include="Ovoids.xml">
      <Filter>Transcendence Galaxy Library</Filter>
    </None>
    <None Include="Neurohack.xml">
      <Filter>Transcendence Galaxy Library</Filter>
    </None>
    <None Include="Primordial.xml">
      <Filter>Transcendence Galaxy Library</Filter>
    </None>
    <None Include="Rocky.xml">
      <Filter>Transcendence Galaxy Library</Filter>
    </None>
    <None Include="Stargates.xml">
      <Filter>Transcendence Galaxy Library</Filter>
    </None>
    <None Include="Stars.xml">
      <Filter>Transcendence Galaxy Library</Filter>
    </None>
    <None Include="StarSystems.xml">
      <Filter>Transcendence Galaxy Library</Filter>
    </None>
    <None Include="Volcanic.xml">
      <Filter>Transcendence Galaxy Library</Filter>
    </None>
    <None Include="Worlds.xml">
      <Filter>Transcendence Galaxy Library</Filter>
    </None>
    <None Include="CoreExplosions.xml">
      <Filter>Core Types</Filter>
    </None>
    <None Include="CoreTypesLibrary.xml">
      <Filter>Core Types</Filter>
    </None>
    <None Include="Compatibility10.xml">
      <Filter>Compatibility</Filter>
    </None>
    <None Include="GalaxyCompatibility.xml">
      <Filter>Transcendence Galaxy Library</Filter>
    </None>
    <None Include="GalaxyEffects.xml">
      <Filter>Transcendence Galaxy Library</Filter>
    </None>
  </ItemGroup>
  <ItemGroup>
    <Xml Include="Benedict.xml">
      <Filter>Part I</Filter>
    </Xml>
    <Xml Include="CorePlaceholders.xml">
      <Filter>Core Types</Filter>
    </Xml>
    <Xml Include="RPGLibrary.xml">
      <Filter>RPG Library</Filter>
    </Xml>
    <Xml Include="HumanSpaceVol01.xml">
      <Filter>Human Space Library</Filter>
    </Xml>
    <Xml Include="CompatibilityLibrary.xml">
      <Filter>Compatibility</Filter>
    </Xml>
    <Xml Include="Ore.xml">
      <Filter>Transcendence Galaxy Library</Filter>
    </Xml>
    <Xml Include="GalaxyLibrary.xml">
      <Filter>Transcendence Galaxy Library</Filter>
    </Xml>
    <Xml Include="StdMiningEquipment.xml">
      <Filter>Human Space Library</Filter>
    </Xml>
    <Xml Include="Ferians.xml">
      <Filter>Human Space Library</Filter>
    </Xml>
  </ItemGroup>
</Project>