<?xml version="1.0" encoding="utf-8"?>
<Project ToolsVersion="4.0" xmlns="http://schemas.microsoft.com/developer/msbuild/2003">
  <ItemGroup>
    <Filter Include="Core Types">
      <UniqueIdentifier>{1d9661e2-d4b2-4f18-a607-56be2ae2e0c6}</UniqueIdentifier>
    </Filter>
    <Filter Include="Human Space Library">
      <UniqueIdentifier>{fefdab5f-3d19-4a52-95e8-540fa05cca61}</UniqueIdentifier>
    </Filter>
    <Filter Include="Part I">
      <UniqueIdentifier>{c3b1f499-71ce-4a94-a913-9ccce2f9cc67}</UniqueIdentifier>
    </Filter>
    <Filter Include="RPG Library">
      <UniqueIdentifier>{c3f4cfa7-ec01-4091-a0b9-bbbaf23c8c54}</UniqueIdentifier>
    </Filter>
    <Filter Include="Compatibility">
      <UniqueIdentifier>{8f3618c8-6142-4e3d-b310-1fa17883042d}</UniqueIdentifier>
    </Filter>
    <Filter Include="Transcendence Galaxy Library">
      <UniqueIdentifier>{f0df8dab-f35b-432f-8f48-d857cf0f924e}</UniqueIdentifier>
    </Filter>
    <Filter Include="Human Space Library\Star Systems">
      <UniqueIdentifier>{d4cb7273-3da3-4275-9fc5-78295e095dc5}</UniqueIdentifier>
    </Filter>
    <Filter Include="Human Space Library\Items">
      <UniqueIdentifier>{36ba9821-7ac3-48a5-b32c-77fbe79b8a73}</UniqueIdentifier>
    </Filter>
    <Filter Include="Human Space Library\Miscellaneous">
      <UniqueIdentifier>{63cc6687-e95b-4c83-8021-ea2fc3f9c088}</UniqueIdentifier>
    </Filter>
    <Filter Include="Human Space Library\Characters">
      <UniqueIdentifier>{dbe8cf34-7bb0-4df2-a8c4-5578f693ba9a}</UniqueIdentifier>
    </Filter>
    <Filter Include="Human Space Library\Eridani">
      <UniqueIdentifier>{94156faf-ceb4-48b0-a89b-172afb19a909}</UniqueIdentifier>
    </Filter>
    <Filter Include="Human Space Library\Battle Arena">
      <UniqueIdentifier>{17b55370-2fac-4749-99d5-6e4d8bb6ef01}</UniqueIdentifier>
    </Filter>
    <Filter Include="Human Space Library\Black Market">
      <UniqueIdentifier>{5e1c42af-292d-430e-bb05-b469c331a8e7}</UniqueIdentifier>
    </Filter>
    <Filter Include="Human Space Library\Charon Pirates">
      <UniqueIdentifier>{1236f70a-8cee-4f37-bb66-3ffdd7be825e}</UniqueIdentifier>
    </Filter>
    <Filter Include="Human Space Library\Commonwealth">
      <UniqueIdentifier>{4841bfd2-a67e-44c5-b420-8578299339e6}</UniqueIdentifier>
    </Filter>
    <Filter Include="Human Space Library\Commonwealth Fleet">
      <UniqueIdentifier>{2a2f1032-cd48-4b41-a38a-38b029905090}</UniqueIdentifier>
    </Filter>
    <Filter Include="Human Space Library\Commonwealth Militia">
      <UniqueIdentifier>{dbfea604-ebb1-4f1c-a164-4f726aa728c2}</UniqueIdentifier>
    </Filter>
    <Filter Include="Human Space Library\Corporate Hierarchy">
      <UniqueIdentifier>{8f38a4f7-d0dc-4b9d-9a73-26d59d9defe9}</UniqueIdentifier>
    </Filter>
    <Filter Include="Human Space Library\Huari">
      <UniqueIdentifier>{ccad0110-f465-40d2-874f-409983752c4b}</UniqueIdentifier>
    </Filter>
    <Filter Include="Human Space Library\Korolov Shipping">
      <UniqueIdentifier>{b04f8c8f-53ab-4024-b123-f5ee2b24f189}</UniqueIdentifier>
    </Filter>
    <Filter Include="Human Space Library\Sisters">
      <UniqueIdentifier>{2dee5eed-6a06-4261-a4c4-87d876d17953}</UniqueIdentifier>
    </Filter>
    <Filter Include="Human Space Library\St Katharines">
      <UniqueIdentifier>{5c5bdacd-627e-4c19-8a98-3e14216c61ef}</UniqueIdentifier>
    </Filter>
    <Filter Include="Human Space Library\Teratons">
      <UniqueIdentifier>{95e56c36-5b2d-4c56-95f4-a524716c4ce5}</UniqueIdentifier>
    </Filter>
    <Filter Include="Human Space Library\Misc Encounters">
      <UniqueIdentifier>{b33ac3ac-3346-4d8b-b1b3-ef7b253a1f89}</UniqueIdentifier>
    </Filter>
    <Filter Include="Human Space Library\Sung Slavers">
      <UniqueIdentifier>{fb38e338-1ce7-4323-8cae-1c58f0d6e634}</UniqueIdentifier>
    </Filter>
    <Filter Include="Human Space Library\Ares Orthodoxy">
      <UniqueIdentifier>{4dcfeca2-2723-4a4f-af5e-501c47fec0ea}</UniqueIdentifier>
    </Filter>
    <Filter Include="Extensions">
      <UniqueIdentifier>{91476686-c52f-4c21-b57c-29ac984418a1}</UniqueIdentifier>
    </Filter>
    <Filter Include="Extensions\Diagnostics">
      <UniqueIdentifier>{8b9944e2-a1f1-4e36-9d1c-c54d80472cfb}</UniqueIdentifier>
    </Filter>
  </ItemGroup>
  <ItemGroup>
    <None Include="Transcendence.xml" />
    <None Include="CoreCode.xml">
      <Filter>Core Types</Filter>
    </None>
    <None Include="CoreEffects.xml">
      <Filter>Core Types</Filter>
    </None>
    <None Include="RPGAutons.xml">
      <Filter>RPG Library</Filter>
    </None>
    <None Include="RPGAuxDevices.xml">
      <Filter>RPG Library</Filter>
    </None>
    <None Include="RPGBehaviors.xml">
      <Filter>RPG Library</Filter>
    </None>
    <None Include="RPGCharacterClasses.xml">
      <Filter>RPG Library</Filter>
    </None>
    <None Include="RPGCharacters.xml">
      <Filter>RPG Library</Filter>
    </None>
    <None Include="RPGCode.xml">
      <Filter>RPG Library</Filter>
    </None>
    <None Include="RPGCompatibility.xml">
      <Filter>RPG Library</Filter>
    </None>
    <None Include="RPGDeviceDockScreens.xml">
      <Filter>RPG Library</Filter>
    </None>
    <None Include="RPGDialog.xml">
      <Filter>RPG Library</Filter>
    </None>
    <None Include="RPGDockScreens.xml">
      <Filter>RPG Library</Filter>
    </None>
    <None Include="RPGDockServices.xml">
      <Filter>RPG Library</Filter>
    </None>
    <None Include="RPGMissions.xml">
      <Filter>RPG Library</Filter>
    </None>
    <None Include="RPGPlayer.xml">
      <Filter>RPG Library</Filter>
    </None>
    <None Include="RPGShipScreens.xml">
      <Filter>RPG Library</Filter>
    </None>
    <None Include="RPGTypes.xml">
      <Filter>RPG Library</Filter>
    </None>
    <None Include="RPGWingmen.xml">
      <Filter>RPG Library</Filter>
    </None>
    <None Include="HUD.xml">
      <Filter>RPG Library</Filter>
    </None>
    <None Include="Benedict00.xml">
      <Filter>Part I</Filter>
    </None>
    <None Include="Benedict01.xml">
      <Filter>Part I</Filter>
    </None>
    <None Include="Benedict02.xml">
      <Filter>Part I</Filter>
    </None>
    <None Include="Benedict03.xml">
      <Filter>Part I</Filter>
    </None>
    <None Include="BenedictStoryArc.xml">
      <Filter>Part I</Filter>
    </None>
    <None Include="Elysium.xml">
      <Filter>Part I</Filter>
    </None>
    <None Include="PlayerShips.xml">
      <Filter>Part I</Filter>
    </None>
    <None Include="StarsOfThePilgrim.xml">
      <Filter>Part I</Filter>
    </None>
    <None Include="Environments.xml">
      <Filter>Transcendence Galaxy Library</Filter>
    </None>
    <None Include="Groups.xml">
      <Filter>Transcendence Galaxy Library</Filter>
    </None>
    <None Include="Ice.xml">
      <Filter>Transcendence Galaxy Library</Filter>
    </None>
    <None Include="Metallic.xml">
      <Filter>Transcendence Galaxy Library</Filter>
    </None>
    <None Include="Mining.xml">
      <Filter>Transcendence Galaxy Library</Filter>
    </None>
    <None Include="Ovoids.xml">
      <Filter>Transcendence Galaxy Library</Filter>
    </None>
    <None Include="Neurohack.xml">
      <Filter>Transcendence Galaxy Library</Filter>
    </None>
    <None Include="Primordial.xml">
      <Filter>Transcendence Galaxy Library</Filter>
    </None>
    <None Include="Rocky.xml">
      <Filter>Transcendence Galaxy Library</Filter>
    </None>
    <None Include="Stargates.xml">
      <Filter>Transcendence Galaxy Library</Filter>
    </None>
    <None Include="Stars.xml">
      <Filter>Transcendence Galaxy Library</Filter>
    </None>
    <None Include="StarSystems.xml">
      <Filter>Transcendence Galaxy Library</Filter>
    </None>
    <None Include="Volcanic.xml">
      <Filter>Transcendence Galaxy Library</Filter>
    </None>
    <None Include="Worlds.xml">
      <Filter>Transcendence Galaxy Library</Filter>
    </None>
    <None Include="CoreExplosions.xml">
      <Filter>Core Types</Filter>
    </None>
    <None Include="CoreTypesLibrary.xml">
      <Filter>Core Types</Filter>
    </None>
    <None Include="Compatibility10.xml">
      <Filter>Compatibility</Filter>
    </None>
    <None Include="GalaxyCompatibility.xml">
      <Filter>Transcendence Galaxy Library</Filter>
    </None>
    <None Include="GalaxyEffects.xml">
      <Filter>Transcendence Galaxy Library</Filter>
    </None>
    <None Include="RPGAnalyzers.xml">
      <Filter>RPG Library</Filter>
    </None>
    <None Include="CentauriWarlords.xml">
      <Filter>Human Space Library\Misc Encounters</Filter>
    </None>
    <None Include="Code.xml">
      <Filter>Human Space Library\Miscellaneous</Filter>
    </None>
    <None Include="Domina.xml">
      <Filter>Human Space Library\Miscellaneous</Filter>
    </None>
    <None Include="DwargRaiders.xml">
      <Filter>Human Space Library\Misc Encounters</Filter>
    </None>
    <None Include="Heretic.xml">
      <Filter>Human Space Library\Star Systems</Filter>
    </None>
    <None Include="HSCompatibility.xml">
      <Filter>Human Space Library\Miscellaneous</Filter>
    </None>
    <None Include="HumanSpaceMap.xml">
      <Filter>Human Space Library\Star Systems</Filter>
    </None>
    <None Include="Iocrym.xml">
      <Filter>Human Space Library\Misc Encounters</Filter>
    </None>
    <None Include="KateMorgental.xml">
      <Filter>Human Space Library\Characters</Filter>
    </None>
    <None Include="Luminous.xml">
      <Filter>Human Space Library\Misc Encounters</Filter>
    </None>
    <None Include="MiscItems.xml">
      <Filter>Human Space Library\Items</Filter>
    </None>
    <None Include="OutlawMiners.xml">
      <Filter>Human Space Library\Misc Encounters</Filter>
    </None>
    <None Include="Ringers.xml">
      <Filter>Human Space Library\Misc Encounters</Filter>
    </None>
    <None Include="RogueFleet.xml">
      <Filter>Human Space Library\Misc Encounters</Filter>
    </None>
    <None Include="StdArmor.xml">
      <Filter>Human Space Library\Items</Filter>
    </None>
    <None Include="StdAutons.xml">
      <Filter>Human Space Library\Items</Filter>
    </None>
    <None Include="StdDevices.xml">
      <Filter>Human Space Library\Items</Filter>
    </None>
    <None Include="StdFuel.xml">
      <Filter>Human Space Library\Items</Filter>
    </None>
    <None Include="StdShields.xml">
      <Filter>Human Space Library\Items</Filter>
    </None>
    <None Include="StdWeapons.xml">
      <Filter>Human Space Library\Items</Filter>
    </None>
    <None Include="StdDockScreens.xml">
      <Filter>Human Space Library\Miscellaneous</Filter>
    </None>
    <None Include="StdEffects.xml">
      <Filter>Human Space Library\Miscellaneous</Filter>
    </None>
    <None Include="StdPlayerShips.xml">
      <Filter>Human Space Library\Miscellaneous</Filter>
    </None>
    <None Include="StdSovereigns.xml">
      <Filter>Human Space Library\Miscellaneous</Filter>
    </None>
    <None Include="StdSystems.xml">
      <Filter>Human Space Library\Star Systems</Filter>
    </None>
    <None Include="StdTypes.xml">
      <Filter>Human Space Library\Miscellaneous</Filter>
    </None>
    <None Include="StdUnknownItems.xml">
      <Filter>Human Space Library\Items</Filter>
    </None>
    <None Include="Tinkers.xml">
      <Filter>Human Space Library\Misc Encounters</Filter>
    </None>
    <None Include="UrakWarlords.xml">
      <Filter>Human Space Library\Misc Encounters</Filter>
    </None>
    <None Include="UsefulItems.xml">
      <Filter>Human Space Library\Items</Filter>
    </None>
    <None Include="CommonwealthFleet.xml">
      <Filter>Human Space Library\Commonwealth Fleet</Filter>
    </None>
    <None Include="CommonwealthMilitia.xml">
      <Filter>Human Space Library\Commonwealth Militia</Filter>
    </None>
    <None Include="KorolovShipping.xml">
      <Filter>Human Space Library\Korolov Shipping</Filter>
    </None>
    <None Include="CorporateHierarchy.xml">
      <Filter>Human Space Library\Corporate Hierarchy</Filter>
    </None>
    <None Include="Rasiermesser.xml">
      <Filter>Human Space Library\Corporate Hierarchy</Filter>
    </None>
    <None Include="Commonwealth.xml">
      <Filter>Human Space Library\Commonwealth</Filter>
    </None>
    <None Include="CommonwealthAgricultural.xml">
      <Filter>Human Space Library\Commonwealth</Filter>
    </None>
    <None Include="CommonwealthMetropolis.xml">
      <Filter>Human Space Library\Commonwealth</Filter>
    </None>
    <None Include="CommonwealthMining.xml">
      <Filter>Human Space Library\Commonwealth</Filter>
    </None>
    <None Include="PointJuno.xml">
      <Filter>Human Space Library\Commonwealth Fleet</Filter>
    </None>
    <None Include="Antarctica.xml">
      <Filter>Human Space Library\Commonwealth Fleet</Filter>
    </None>
    <None Include="Eridani.xml">
      <Filter>Human Space Library\Eridani</Filter>
    </None>
    <None Include="BlackMarket.xml">
      <Filter>Human Space Library\Black Market</Filter>
    </None>
    <None Include="BattleArena.xml">
      <Filter>Human Space Library\Battle Arena</Filter>
    </None>
    <None Include="BattleArenaGladiators.xml">
      <Filter>Human Space Library\Battle Arena</Filter>
    </None>
    <None Include="CharonFortress.xml">
      <Filter>Human Space Library\Charon Pirates</Filter>
    </None>
    <None Include="CharonPirates.xml">
      <Filter>Human Space Library\Charon Pirates</Filter>
    </None>
    <None Include="StKatharines.xml">
      <Filter>Human Space Library\St Katharines</Filter>
    </None>
    <None Include="SistersOfDomina.xml">
      <Filter>Human Space Library\Sisters</Filter>
    </None>
    <None Include="Huari.xml">
      <Filter>Human Space Library\Huari</Filter>
    </None>
    <None Include="Teratons.xml">
      <Filter>Human Space Library\Teratons</Filter>
    </None>
    <None Include="SungSlavers.xml">
      <Filter>Human Space Library\Sung Slavers</Filter>
    </None>
    <None Include="AresOrthodoxy.xml">
      <Filter>Human Space Library\Ares Orthodoxy</Filter>
    </None>
  </ItemGroup>
  <ItemGroup>
    <Xml Include="CorePlaceholders.xml">
      <Filter>Core Types</Filter>
    </Xml>
    <Xml Include="RPGLibrary.xml">
      <Filter>RPG Library</Filter>
    </Xml>
    <Xml Include="HumanSpaceVol01.xml">
      <Filter>Human Space Library</Filter>
    </Xml>
    <Xml Include="CompatibilityLibrary.xml">
      <Filter>Compatibility</Filter>
    </Xml>
    <Xml Include="Ore.xml">
      <Filter>Transcendence Galaxy Library</Filter>
    </Xml>
    <Xml Include="GalaxyLibrary.xml">
      <Filter>Transcendence Galaxy Library</Filter>
    </Xml>
    <Xml Include="RPGComponents.xml">
      <Filter>RPG Library</Filter>
    </Xml>
    <Xml Include="CoreProjectileEffects.xml">
      <Filter>Core Types</Filter>
    </Xml>
    <Xml Include="CoreHitEffects.xml">
      <Filter>Core Types</Filter>
    </Xml>
    <Xml Include="CoreFireEffects.xml">
      <Filter>Core Types</Filter>
    </Xml>
    <Xml Include="RPGShipBroker.xml">
      <Filter>RPG Library</Filter>
    </Xml>
    <Xml Include="Benedict04.xml">
      <Filter>Part I</Filter>
    </Xml>
    <Xml Include="Benedict05.xml">
      <Filter>Part I</Filter>
    </Xml>
    <Xml Include="Benedict05A.xml">
      <Filter>Part I</Filter>
    </Xml>
    <Xml Include="Benedict06.xml">
      <Filter>Part I</Filter>
    </Xml>
    <Xml Include="Benedict07.xml">
      <Filter>Part I</Filter>
    </Xml>
    <Xml Include="Benedict08.xml">
      <Filter>Part I</Filter>
    </Xml>
    <Xml Include="Benedict.xml">
      <Filter>Human Space Library\Characters</Filter>
    </Xml>
    <Xml Include="EtaCeti.xml">
      <Filter>Human Space Library\Star Systems</Filter>
    </Xml>
    <Xml Include="Ferians.xml">
      <Filter>Human Space Library\Misc Encounters</Filter>
    </Xml>
    <Xml Include="Fiona.xml">
      <Filter>Human Space Library\Characters</Filter>
    </Xml>
    <Xml Include="HugoSandoval.xml">
      <Filter>Human Space Library\Characters</Filter>
    </Xml>
    <Xml Include="Penitents.xml">
      <Filter>Human Space Library\Misc Encounters</Filter>
    </Xml>
    <Xml Include="StdMiningEquipment.xml">
      <Filter>Human Space Library\Items</Filter>
    </Xml>
    <Xml Include="Stormhound.xml">
      <Filter>Human Space Library\Characters</Filter>
    </Xml>
    <Xml Include="Rama.xml">
      <Filter>Human Space Library\Characters</Filter>
    </Xml>
    <Xml Include="Jenna.xml">
      <Filter>Human Space Library\Characters</Filter>
    </Xml>
    <Xml Include="Volkov.xml">
      <Filter>Human Space Library\Characters</Filter>
    </Xml>
    <Xml Include="CommonwealthFleetMission01.xml">
      <Filter>Human Space Library\Commonwealth Fleet</Filter>
    </Xml>
    <Xml Include="CommonwealthFleetMission02.xml">
      <Filter>Human Space Library\Commonwealth Fleet</Filter>
    </Xml>
    <Xml Include="CommonwealthFleetMission03.xml">
      <Filter>Human Space Library\Commonwealth Fleet</Filter>
    </Xml>
    <Xml Include="CommonwealthFleetMission04.xml">
      <Filter>Human Space Library\Commonwealth Fleet</Filter>
    </Xml>
    <Xml Include="CommonwealthFleetMission05.xml">
      <Filter>Human Space Library\Commonwealth Fleet</Filter>
    </Xml>
    <Xml Include="CommonwealthFleetMission06.xml">
      <Filter>Human Space Library\Commonwealth Fleet</Filter>
    </Xml>
    <Xml Include="CommonwealthFleetMission07.xml">
      <Filter>Human Space Library\Commonwealth Fleet</Filter>
    </Xml>
    <Xml Include="CommonwealthFleetMission08.xml">
      <Filter>Human Space Library\Commonwealth Fleet</Filter>
    </Xml>
    <Xml Include="CommonwealthFleetMission09.xml">
      <Filter>Human Space Library\Commonwealth Fleet</Filter>
    </Xml>
    <Xml Include="CommonwealthFleetMission10.xml">
      <Filter>Human Space Library\Commonwealth Fleet</Filter>
    </Xml>
    <Xml Include="CommonwealthFleetMission11.xml">
      <Filter>Human Space Library\Commonwealth Fleet</Filter>
    </Xml>
    <Xml Include="CommonwealthFleetMissionLL01.xml">
      <Filter>Human Space Library\Commonwealth Fleet</Filter>
    </Xml>
    <Xml Include="CommonwealthFleetMissionLL02.xml">
      <Filter>Human Space Library\Commonwealth Fleet</Filter>
    </Xml>
    <Xml Include="CommonwealthMilitiaMission04.xml">
      <Filter>Human Space Library\Commonwealth Militia</Filter>
    </Xml>
    <Xml Include="CommonwealthMilitiaMission01.xml">
      <Filter>Human Space Library\Commonwealth Militia</Filter>
    </Xml>
    <Xml Include="CommonwealthMilitiaMission02.xml">
      <Filter>Human Space Library\Commonwealth Militia</Filter>
    </Xml>
    <Xml Include="CommonwealthMilitiaMission03.xml">
      <Filter>Human Space Library\Commonwealth Militia</Filter>
    </Xml>
    <Xml Include="KSMission03.xml">
      <Filter>Human Space Library\Korolov Shipping</Filter>
    </Xml>
    <Xml Include="KronosaurusMission01.xml">
      <Filter>Human Space Library\Korolov Shipping</Filter>
    </Xml>
    <Xml Include="KSMission01.xml">
      <Filter>Human Space Library\Korolov Shipping</Filter>
    </Xml>
    <Xml Include="KSMission02.xml">
      <Filter>Human Space Library\Korolov Shipping</Filter>
    </Xml>
    <Xml Include="CommonwealthShips.xml">
      <Filter>Human Space Library\Commonwealth</Filter>
    </Xml>
    <Xml Include="RPGCommoditiesExchange.xml">
      <Filter>RPG Library</Filter>
    </Xml>
    <Xml Include="RPGMembership.xml">
      <Filter>RPG Library</Filter>
    </Xml>
    <Xml Include="RaisuStation.xml">
      <Filter>Human Space Library\Eridani</Filter>
    </Xml>
    <Xml Include="BlackMarketMission00.xml">
      <Filter>Human Space Library\Black Market</Filter>
    </Xml>
    <Xml Include="BlackMarketMission01.xml">
      <Filter>Human Space Library\Black Market</Filter>
    </Xml>
    <Xml Include="CommonwealthMilitiaMissionSK01.xml">
      <Filter>Human Space Library\Commonwealth Militia</Filter>
    </Xml>
    <Xml Include="BattleArenaKidnapped.xml">
      <Filter>Human Space Library\Battle Arena</Filter>
    </Xml>
    <Xml Include="BattleArenaMelee.xml">
      <Filter>Human Space Library\Battle Arena</Filter>
    </Xml>
    <Xml Include="Dall01.xml">
      <Filter>Human Space Library\St Katharines</Filter>
    </Xml>
    <Xml Include="Sanctuary.xml">
      <Filter>Human Space Library\Sisters</Filter>
    </Xml>
    <Xml Include="HuariMission01.xml">
      <Filter>Human Space Library\Huari</Filter>
    </Xml>
    <Xml Include="HuariMission02.xml">
      <Filter>Human Space Library\Huari</Filter>
    </Xml>
    <Xml Include="HuariMission03.xml">
      <Filter>Human Space Library\Huari</Filter>
    </Xml>
    <Xml Include="HuaramarcaMission07.xml">
      <Filter>Part I</Filter>
    </Xml>
    <Xml Include="Huaramarca.xml">
      <Filter>Part I</Filter>
    </Xml>
    <Xml Include="HuaramarcaMission01.xml">
      <Filter>Part I</Filter>
    </Xml>
    <Xml Include="HuaramarcaMission02.xml">
      <Filter>Part I</Filter>
    </Xml>
    <Xml Include="HuaramarcaMission03.xml">
      <Filter>Part I</Filter>
    </Xml>
    <Xml Include="HuaramarcaMission04.xml">
      <Filter>Part I</Filter>
    </Xml>
    <Xml Include="HuaramarcaMission05.xml">
      <Filter>Part I</Filter>
    </Xml>
    <Xml Include="HuaramarcaMission06.xml">
      <Filter>Part I</Filter>
    </Xml>
    <Xml Include="Kronosaurus.xml">
      <Filter>Human Space Library\Charon Pirates</Filter>
    </Xml>
    <Xml Include="KSMissionC01.xml">
      <Filter>Human Space Library\Korolov Shipping</Filter>
    </Xml>
    <Xml Include="KSMissionC02.xml">
      <Filter>Human Space Library\Korolov Shipping</Filter>
    </Xml>
    <Xml Include="TeratonResearch.xml">
      <Filter>Human Space Library\Teratons</Filter>
    </Xml>
    <Xml Include="KorolovFreighters.xml">
      <Filter>Human Space Library\Korolov Shipping</Filter>
    </Xml>
    <Xml Include="RPGCommonText.xml">
      <Filter>RPG Library</Filter>
    </Xml>
    <Xml Include="RPGUsefulItems.xml">
      <Filter>RPG Library</Filter>
    </Xml>
    <Xml Include="Dantalion.xml">
      <Filter>Human Space Library\Commonwealth Fleet</Filter>
    </Xml>
    <Xml Include="CoreItems.xml">
      <Filter>Core Types</Filter>
    </Xml>
    <Xml Include="RPGTradingComputer.xml">
      <Filter>RPG Library</Filter>
    </Xml>
    <Xml Include="Abbasid.xml">
      <Filter>Human Space Library\Misc Encounters</Filter>
    </Xml>
    <Xml Include="Xenophobes.xml">
      <Filter>Human Space Library\Misc Encounters</Filter>
    </Xml>
    <Xml Include="DeathDrugsCartel.xml">
      <Filter>Human Space Library\Misc Encounters</Filter>
    </Xml>
    <Xml Include="Anarchists.xml">
      <Filter>Human Space Library\Misc Encounters</Filter>
    </Xml>
    <Xml Include="Gaians.xml">
      <Filter>Human Space Library\Misc Encounters</Filter>
    </Xml>
    <Xml Include="Heliotropes.xml">
      <Filter>Human Space Library\Misc Encounters</Filter>
    </Xml>
    <Xml Include="Himal.xml">
      <Filter>Human Space Library\Misc Encounters</Filter>
    </Xml>
    <Xml Include="KobolWarlords.xml">
      <Filter>Human Space Library\Misc Encounters</Filter>
    </Xml>
    <Xml Include="Marauders.xml">
      <Filter>Human Space Library\Misc Encounters</Filter>
    </Xml>
    <Xml Include="Outlaws.xml">
      <Filter>Human Space Library\Misc Encounters</Filter>
    </Xml>
    <Xml Include="Pteravores.xml">
      <Filter>Human Space Library\Misc Encounters</Filter>
    </Xml>
    <Xml Include="RanxEmpire.xml">
      <Filter>Human Space Library\Misc Encounters</Filter>
    </Xml>
    <Xml Include="Salvagers.xml">
      <Filter>Human Space Library\Misc Encounters</Filter>
    </Xml>
    <Xml Include="Sapiens.xml">
      <Filter>Human Space Library\Misc Encounters</Filter>
    </Xml>
    <Xml Include="Debris.xml">
      <Filter>Human Space Library\Misc Encounters</Filter>
    </Xml>
    <Xml Include="Ventari.xml">
      <Filter>Human Space Library\Misc Encounters</Filter>
    </Xml>
    <Xml Include="CommonwealthFleetMissionLL03.xml">
      <Filter>Human Space Library\Commonwealth Fleet</Filter>
    </Xml>
    <Xml Include="CommonwealthFleetMissionLL04.xml">
      <Filter>Human Space Library\Commonwealth Fleet</Filter>
    </Xml>
    <Xml Include="CommonwealthFleetMissionPJ01.xml">
      <Filter>Human Space Library\Commonwealth Fleet</Filter>
    </Xml>
    <Xml Include="Antarctica01.xml">
      <Filter>Human Space Library\Commonwealth Fleet</Filter>
    </Xml>
    <Xml Include="Antarctica02.xml">
      <Filter>Human Space Library\Commonwealth Fleet</Filter>
    </Xml>
    <Xml Include="AntarcticaD01.xml">
      <Filter>Human Space Library\Commonwealth Fleet</Filter>
    </Xml>
    <Xml Include="RPGDockManagement.xml">
      <Filter>RPG Library</Filter>
    </Xml>
    <Xml Include="HumanTech.xml">
      <Filter>Human Space Library\Miscellaneous</Filter>
    </Xml>
    <Xml Include="CommonwealthCenturions.xml">
      <Filter>Human Space Library\Commonwealth</Filter>
    </Xml>
    <Xml Include="CommonwealthStarCarrier.xml">
      <Filter>Human Space Library\Commonwealth Fleet</Filter>
    </Xml>
    <Xml Include="CSCTerra.xml">
      <Filter>Human Space Library\Commonwealth Fleet</Filter>
    </Xml>
    <Xml Include="Heretic00.xml">
      <Filter>Part I</Filter>
    </Xml>
    <Xml Include="Heretic01.xml">
      <Filter>Part I</Filter>
    </Xml>
    <Xml Include="Heretic02.xml">
      <Filter>Part I</Filter>
    </Xml>
    <Xml Include="Heretic03.xml">
      <Filter>Part I</Filter>
    </Xml>
    <Xml Include="Heretic04.xml">
      <Filter>Part I</Filter>
    </Xml>
    <Xml Include="Heretic05.xml">
      <Filter>Part I</Filter>
    </Xml>
    <Xml Include="Heretic06.xml">
      <Filter>Part I</Filter>
    </Xml>
    <Xml Include="Heretic07.xml">
      <Filter>Part I</Filter>
    </Xml>
    <Xml Include="Heretic08.xml">
      <Filter>Part I</Filter>
    </Xml>
    <Xml Include="CommonwealthMission01.xml">
      <Filter>Human Space Library\Commonwealth</Filter>
    </Xml>
    <Xml Include="RPGRumors.xml">
      <Filter>RPG Library</Filter>
    </Xml>
    <Xml Include="BattleArenaChallenger.xml">
      <Filter>Human Space Library\Battle Arena</Filter>
    </Xml>
    <Xml Include="BattleArenaFight.xml">
      <Filter>Human Space Library\Battle Arena</Filter>
    </Xml>
    <Xml Include="CommonwealthRonins.xml">
      <Filter>Human Space Library\Commonwealth</Filter>
    </Xml>
    <Xml Include="CorporateInsurance.xml">
      <Filter>Human Space Library\Corporate Hierarchy</Filter>
    </Xml>
    <Xml Include="QuantumCPU.xml">
      <Filter>Human Space Library\Items</Filter>
    </Xml>
    <Xml Include="SungSlaveCamp.xml">
      <Filter>Human Space Library\Sung Slavers</Filter>
    </Xml>
    <Xml Include="Barricades.xml">
      <Filter>Human Space Library\Items</Filter>
    </Xml>
    <Xml Include="AresItems.xml">
      <Filter>Human Space Library\Ares Orthodoxy</Filter>
    </Xml>
    <Xml Include="AresShips.xml">
      <Filter>Human Space Library\Ares Orthodoxy</Filter>
    </Xml>
    <Xml Include="CorporateTradingPost.xml">
      <Filter>Human Space Library\Corporate Hierarchy</Filter>
    </Xml>
    <Xml Include="..\Extensions\Diagnostics\Diagnostics.xml">
      <Filter>Extensions\Diagnostics</Filter>
    </Xml>
    <Xml Include="CommonwealthCharacters.xml">
      <Filter>Human Space Library\Commonwealth</Filter>
    </Xml>
    <Xml Include="..\Extensions\Diagnostics\ItemUnitTests.xml">
      <Filter>Extensions\Diagnostics</Filter>
    </Xml>
    <Xml Include="..\Extensions\Diagnostics\RPGUnitTests.xml">
      <Filter>Extensions\Diagnostics</Filter>
    </Xml>
    <Xml Include="..\Extensions\Diagnostics\DockScreenTests.xml">
      <Filter>Extensions\Diagnostics</Filter>
    </Xml>
    <Xml Include="..\Extensions\Diagnostics\TestItems.xml">
      <Filter>Extensions\Diagnostics</Filter>
    </Xml>
    <Xml Include="Analyzers.xml">
      <Filter>Human Space Library\Items</Filter>
    </Xml>
    <Xml Include="CoreSamples.xml">
      <Filter>Core Types</Filter>
    </Xml>
  </ItemGroup>
</Project>