<?xml version="1.0" encoding="utf-8"?>
<Project ToolsVersion="4.0" xmlns="http://schemas.microsoft.com/developer/msbuild/2003">
  <ItemGroup>
    <Filter Include="Source Files">
      <UniqueIdentifier>{4FC737F1-C7A5-4376-A066-2A32D752A2FF}</UniqueIdentifier>
      <Extensions>cpp;c;cc;cxx;def;odl;idl;hpj;bat;asm;asmx</Extensions>
    </Filter>
    <Filter Include="Source Files\CloudInterface Files">
      <UniqueIdentifier>{3e59c5c5-ea70-4259-b58e-f67d87aa2b4d}</UniqueIdentifier>
    </Filter>
    <Filter Include="Source Files\UIHelpers">
      <UniqueIdentifier>{723456dd-7fd3-425e-9185-a329fc262abd}</UniqueIdentifier>
    </Filter>
    <Filter Include="Header Files">
      <UniqueIdentifier>{93995380-89BD-4b04-88EB-625FBE52EBFB}</UniqueIdentifier>
      <Extensions>h;hpp;hxx;hm;inl;inc;xsd</Extensions>
    </Filter>
    <Filter Include="Resource Files">
      <UniqueIdentifier>{67DA6AB6-F800-4c08-8B7A-83BB121AAD01}</UniqueIdentifier>
      <Extensions>rc;ico;cur;bmp;dlg;rc2;rct;bin;rgs;gif;jpg;jpeg;jpe;resx;tiff;tif;png;wav</Extensions>
    </Filter>
  </ItemGroup>
  <ItemGroup>
    <ClCompile Include="CBackgroundProcessor.cpp">
      <Filter>Source Files</Filter>
    </ClCompile>
    <ClCompile Include="CGalacticMapPainter.cpp">
      <Filter>Source Files</Filter>
    </ClCompile>
    <ClCompile Include="CHumanInterface.cpp">
      <Filter>Source Files</Filter>
    </ClCompile>
    <ClCompile Include="CTimerRegistry.cpp">
      <Filter>Source Files</Filter>
    </ClCompile>
    <ClCompile Include="CVisualPalette.cpp">
      <Filter>Source Files</Filter>
    </ClCompile>
    <ClCompile Include="Dialogs.cpp">
      <Filter>Source Files</Filter>
    </ClCompile>
    <ClCompile Include="HardCrash.cpp">
      <Filter>Source Files</Filter>
    </ClCompile>
    <ClCompile Include="IHIController.cpp">
      <Filter>Source Files</Filter>
    </ClCompile>
    <ClCompile Include="IHISession.cpp">
      <Filter>Source Files</Filter>
    </ClCompile>
    <ClCompile Include="TSUICodeChain.cpp">
      <Filter>Source Files</Filter>
    </ClCompile>
    <ClCompile Include="CCloudService.cpp">
      <Filter>Source Files\CloudInterface Files</Filter>
    </ClCompile>
    <ClCompile Include="CHexarcService.cpp">
      <Filter>Source Files\CloudInterface Files</Filter>
    </ClCompile>
    <ClCompile Include="CHexarcServiceStub.cpp">
      <Filter>Source Files\CloudInterface Files</Filter>
    </ClCompile>
    <ClCompile Include="CXelerus.cpp">
      <Filter>Source Files\CloudInterface Files</Filter>
    </ClCompile>
    <ClCompile Include="CItemDataAnimatron.cpp">
      <Filter>Source Files\UIHelpers</Filter>
    </ClCompile>
    <ClCompile Include="ClassInfoHelpers.cpp">
      <Filter>Source Files\UIHelpers</Filter>
    </ClCompile>
    <ClCompile Include="CListSaveFilesTask.cpp">
      <Filter>Source Files\UIHelpers</Filter>
    </ClCompile>
    <ClCompile Include="CReadProfileTask.cpp">
      <Filter>Source Files\UIHelpers</Filter>
    </ClCompile>
    <ClCompile Include="CUIHelper.cpp">
      <Filter>Source Files\UIHelpers</Filter>
    </ClCompile>
    <ClCompile Include="CSoundtrackManager.cpp">
      <Filter>Source Files</Filter>
    </ClCompile>
    <ClCompile Include="CListCollectionTask.cpp">
      <Filter>Source Files\UIHelpers</Filter>
    </ClCompile>
    <ClCompile Include="CMCIMixer.cpp">
      <Filter>Source Files</Filter>
    </ClCompile>
  </ItemGroup>
  <ItemGroup>
    <ClInclude Include="CloudInterface.h">
      <Filter>Header Files</Filter>
    </ClInclude>
    <ClInclude Include="Painters.h">
      <Filter>Header Files</Filter>
    </ClInclude>
    <ClInclude Include="stdafx.h">
      <Filter>Header Files</Filter>
    </ClInclude>
    <ClInclude Include="TSUI.h">
      <Filter>Header Files</Filter>
    </ClInclude>
    <ClInclude Include="UIHelpers.h">
      <Filter>Header Files</Filter>
    </ClInclude>
    <ClInclude Include="Soundtrack.h">
      <Filter>Header Files</Filter>
    </ClInclude>
  </ItemGroup>
  <ItemGroup>
    <None Include="ReadMe.txt" />
  </ItemGroup>
</Project>