Microsoft Visual Studio Solution File, Format Version 12.00
# Visual Studio 2012
Project("{8BC9CEB8-8B4A-11D0-8D11-00A0C91BC942}") = "TransCompiler", "TransCompiler\TransCompiler.vcxproj", "{4A1A0260-94CB-4E72-ADF5-D927C291670C}"
EndProject
Project("{8BC9CEB8-8B4A-11D0-8D11-00A0C91BC942}") = "TransData", "TransData\TransData.vcxproj", "{52B71F3D-BCFA-4BF9-8171-043573D95F34}"
EndProject
Project("{8BC9CEB8-8B4A-11D0-8D11-00A0C91BC942}") = "Transcendence", "Transcendence.vcxproj", "{EB0AFA5B-DC60-4B46-9BD7-3371612AE9C9}"
EndProject
Project("{8BC9CEB8-8B4A-11D0-8D11-00A0C91BC942}") = "XMLUtil", "..\XMLUtil\XMLUtil.vcxproj", "{482B1658-7F28-4E62-94B6-ED71259C5F44}"
EndProject
Project("{8BC9CEB8-8B4A-11D0-8D11-00A0C91BC942}") = "CodeChain", "..\Alchemy\CodeChain\CodeChain.vcxproj", "{39983CCD-095B-4B41-854F-4967A254A07C}"
EndProject
Project("{8BC9CEB8-8B4A-11D0-8D11-00A0C91BC942}") = "DirectXUtil", "..\DirectXUtil\DirectXUtil.vcxproj", "{696AFBF6-CA1A-4302-B9EF-01BDBC483280}"
EndProject
Project("{8BC9CEB8-8B4A-11D0-8D11-00A0C91BC942}") = "Graphics", "..\Alchemy\Graphics\Graphics.vcxproj", "{D52D8A0E-FD89-44D9-903D-624AAD7E7155}"
EndProject
Project("{8BC9CEB8-8B4A-11D0-8D11-00A0C91BC942}") = "IntelJPEGUtil", "..\IntelJPEGUtil\IntelJPEGUtil.vcxproj", "{ECAC7E19-ACBC-4C3C-B89A-7BC7049B6F2E}"
EndProject
Project("{8BC9CEB8-8B4A-11D0-8D11-00A0C91BC942}") = "Kernel", "..\Alchemy\Kernel\Kernel.vcxproj", "{86CE5721-1967-49B7-9EED-3A014171DAF1}"
EndProject
Project("{8BC9CEB8-8B4A-11D0-8D11-00A0C91BC942}") = "TransSaver", "TransSaver\TransSaver.vcxproj", "{EE2B7BA4-AD5D-4C64-92CC-574DE237E8AF}"
EndProject
Project("{8BC9CEB8-8B4A-11D0-8D11-00A0C91BC942}") = "TransBench", "TransBench\TransBench.vcxproj", "{82A59E21-FC0E-4E31-B2B6-7D272021363C}"
EndProject
Project("{8BC9CEB8-8B4A-11D0-8D11-00A0C91BC942}") = "DirectXFont", "..\DirectXFont\DirectXFont.vcxproj", "{DEB58FD5-F9EE-424E-A53C-B0CAC9B0DF07}"
EndProject
Project("{8BC9CEB8-8B4A-11D0-8D11-00A0C91BC942}") = "TSE", "TSE\TSE.vcxproj", "{797712EA-A2B5-4E30-A2F9-5998E90AFECC}"
EndProject
Project("{8BC9CEB8-8B4A-11D0-8D11-00A0C91BC942}") = "CCShell", "..\CCShell\CCShell.vcxproj", "{18710B85-A835-44D9-A00F-CB31B7528525}"
EndProject
Project("{8BC9CEB8-8B4A-11D0-8D11-00A0C91BC942}") = "TSUI", "TSUI\TSUI.vcxproj", "{54A735D5-A8EA-4D72-A4B5-593F79080882}"
EndProject
Project("{8BC9CEB8-8B4A-11D0-8D11-00A0C91BC942}") = "WikiData", "..\WikiData\WikiData.vcxproj", "{E8FB2959-9FFF-4941-B901-CC9D9EFD0F80}"
EndProject
Project("{8BC9CEB8-8B4A-11D0-8D11-00A0C91BC942}") = "TransExec", "TransExec\TransExec.vcxproj", "{AEFFEAA2-3E98-435A-80E1-5E9C92D01CA3}"
EndProject
Project("{8BC9CEB8-8B4A-11D0-8D11-00A0C91BC942}") = "TransExplorer", "TransExplorer\TransExplorer.vcxproj", "{00B0FF6A-D18D-450C-93D0-E5A0F7791C60}"
EndProject
Global
	GlobalSection(SolutionConfigurationPlatforms) = preSolution
		Debug|Win32 = Debug|Win32
		Release|Win32 = Release|Win32
	EndGlobalSection
	GlobalSection(ProjectConfigurationPlatforms) = postSolution
		{4A1A0260-94CB-4E72-ADF5-D927C291670C}.Debug|Win32.ActiveCfg = Debug|Win32
		{4A1A0260-94CB-4E72-ADF5-D927C291670C}.Debug|Win32.Build.0 = Debug|Win32
		{4A1A0260-94CB-4E72-ADF5-D927C291670C}.Release|Win32.ActiveCfg = Release|Win32
		{4A1A0260-94CB-4E72-ADF5-D927C291670C}.Release|Win32.Build.0 = Release|Win32
		{52B71F3D-BCFA-4BF9-8171-043573D95F34}.Debug|Win32.ActiveCfg = Debug|Win32
		{52B71F3D-BCFA-4BF9-8171-043573D95F34}.Debug|Win32.Build.0 = Debug|Win32
		{52B71F3D-BCFA-4BF9-8171-043573D95F34}.Release|Win32.ActiveCfg = Release|Win32
		{52B71F3D-BCFA-4BF9-8171-043573D95F34}.Release|Win32.Build.0 = Release|Win32
		{EB0AFA5B-DC60-4B46-9BD7-3371612AE9C9}.Debug|Win32.ActiveCfg = Debug|Win32
		{EB0AFA5B-DC60-4B46-9BD7-3371612AE9C9}.Debug|Win32.Build.0 = Debug|Win32
		{EB0AFA5B-DC60-4B46-9BD7-3371612AE9C9}.Release|Win32.ActiveCfg = Release|Win32
		{EB0AFA5B-DC60-4B46-9BD7-3371612AE9C9}.Release|Win32.Build.0 = Release|Win32
		{482B1658-7F28-4E62-94B6-ED71259C5F44}.Debug|Win32.ActiveCfg = Debug|Win32
		{482B1658-7F28-4E62-94B6-ED71259C5F44}.Debug|Win32.Build.0 = Debug|Win32
		{482B1658-7F28-4E62-94B6-ED71259C5F44}.Release|Win32.ActiveCfg = Release|Win32
		{482B1658-7F28-4E62-94B6-ED71259C5F44}.Release|Win32.Build.0 = Release|Win32
		{39983CCD-095B-4B41-854F-4967A254A07C}.Debug|Win32.ActiveCfg = Debug|Win32
		{39983CCD-095B-4B41-854F-4967A254A07C}.Debug|Win32.Build.0 = Debug|Win32
		{39983CCD-095B-4B41-854F-4967A254A07C}.Release|Win32.ActiveCfg = Release|Win32
		{39983CCD-095B-4B41-854F-4967A254A07C}.Release|Win32.Build.0 = Release|Win32
		{696AFBF6-CA1A-4302-B9EF-01BDBC483280}.Debug|Win32.ActiveCfg = Debug|Win32
		{696AFBF6-CA1A-4302-B9EF-01BDBC483280}.Debug|Win32.Build.0 = Debug|Win32
		{696AFBF6-CA1A-4302-B9EF-01BDBC483280}.Release|Win32.ActiveCfg = Release|Win32
		{696AFBF6-CA1A-4302-B9EF-01BDBC483280}.Release|Win32.Build.0 = Release|Win32
		{D52D8A0E-FD89-44D9-903D-624AAD7E7155}.Debug|Win32.ActiveCfg = Debug|Win32
		{D52D8A0E-FD89-44D9-903D-624AAD7E7155}.Debug|Win32.Build.0 = Debug|Win32
		{D52D8A0E-FD89-44D9-903D-624AAD7E7155}.Release|Win32.ActiveCfg = Release|Win32
		{D52D8A0E-FD89-44D9-903D-624AAD7E7155}.Release|Win32.Build.0 = Release|Win32
		{ECAC7E19-ACBC-4C3C-B89A-7BC7049B6F2E}.Debug|Win32.ActiveCfg = Debug|Win32
		{ECAC7E19-ACBC-4C3C-B89A-7BC7049B6F2E}.Debug|Win32.Build.0 = Debug|Win32
		{ECAC7E19-ACBC-4C3C-B89A-7BC7049B6F2E}.Release|Win32.ActiveCfg = Release|Win32
		{ECAC7E19-ACBC-4C3C-B89A-7BC7049B6F2E}.Release|Win32.Build.0 = Release|Win32
		{86CE5721-1967-49B7-9EED-3A014171DAF1}.Debug|Win32.ActiveCfg = Debug|Win32
		{86CE5721-1967-49B7-9EED-3A014171DAF1}.Debug|Win32.Build.0 = Debug|Win32
		{86CE5721-1967-49B7-9EED-3A014171DAF1}.Release|Win32.ActiveCfg = Release|Win32
		{86CE5721-1967-49B7-9EED-3A014171DAF1}.Release|Win32.Build.0 = Release|Win32
		{EE2B7BA4-AD5D-4C64-92CC-574DE237E8AF}.Debug|Win32.ActiveCfg = Debug|Win32
		{EE2B7BA4-AD5D-4C64-92CC-574DE237E8AF}.Debug|Win32.Build.0 = Debug|Win32
		{EE2B7BA4-AD5D-4C64-92CC-574DE237E8AF}.Release|Win32.ActiveCfg = Release|Win32
		{EE2B7BA4-AD5D-4C64-92CC-574DE237E8AF}.Release|Win32.Build.0 = Release|Win32
		{82A59E21-FC0E-4E31-B2B6-7D272021363C}.Debug|Win32.ActiveCfg = Debug|Win32
		{82A59E21-FC0E-4E31-B2B6-7D272021363C}.Release|Win32.ActiveCfg = Release|Win32
		{82A59E21-FC0E-4E31-B2B6-7D272021363C}.Release|Win32.Build.0 = Release|Win32
		{DEB58FD5-F9EE-424E-A53C-B0CAC9B0DF07}.Debug|Win32.ActiveCfg = Debug|Win32
		{DEB58FD5-F9EE-424E-A53C-B0CAC9B0DF07}.Debug|Win32.Build.0 = Debug|Win32
		{DEB58FD5-F9EE-424E-A53C-B0CAC9B0DF07}.Release|Win32.ActiveCfg = Release|Win32
		{DEB58FD5-F9EE-424E-A53C-B0CAC9B0DF07}.Release|Win32.Build.0 = Release|Win32
		{797712EA-A2B5-4E30-A2F9-5998E90AFECC}.Debug|Win32.ActiveCfg = Debug|Win32
		{797712EA-A2B5-4E30-A2F9-5998E90AFECC}.Debug|Win32.Build.0 = Debug|Win32
		{797712EA-A2B5-4E30-A2F9-5998E90AFECC}.Release|Win32.ActiveCfg = Release|Win32
		{797712EA-A2B5-4E30-A2F9-5998E90AFECC}.Release|Win32.Build.0 = Release|Win32
		{18710B85-A835-44D9-A00F-CB31B7528525}.Debug|Win32.ActiveCfg = Debug|Win32
		{18710B85-A835-44D9-A00F-CB31B7528525}.Debug|Win32.Build.0 = Debug|Win32
		{18710B85-A835-44D9-A00F-CB31B7528525}.Release|Win32.ActiveCfg = Release|Win32
		{18710B85-A835-44D9-A00F-CB31B7528525}.Release|Win32.Build.0 = Release|Win32
		{54A735D5-A8EA-4D72-A4B5-593F79080882}.Debug|Win32.ActiveCfg = Debug|Win32
		{54A735D5-A8EA-4D72-A4B5-593F79080882}.Debug|Win32.Build.0 = Debug|Win32
		{54A735D5-A8EA-4D72-A4B5-593F79080882}.Release|Win32.ActiveCfg = Release|Win32
		{54A735D5-A8EA-4D72-A4B5-593F79080882}.Release|Win32.Build.0 = Release|Win32
		{E8FB2959-9FFF-4941-B901-CC9D9EFD0F80}.Debug|Win32.ActiveCfg = Debug|Win32
		{E8FB2959-9FFF-4941-B901-CC9D9EFD0F80}.Debug|Win32.Build.0 = Debug|Win32
		{E8FB2959-9FFF-4941-B901-CC9D9EFD0F80}.Release|Win32.ActiveCfg = Release|Win32
		{E8FB2959-9FFF-4941-B901-CC9D9EFD0F80}.Release|Win32.Build.0 = Release|Win32
		{AEFFEAA2-3E98-435A-80E1-5E9C92D01CA3}.Debug|Win32.ActiveCfg = Debug|Win32
		{AEFFEAA2-3E98-435A-80E1-5E9C92D01CA3}.Debug|Win32.Build.0 = Debug|Win32
		{AEFFEAA2-3E98-435A-80E1-5E9C92D01CA3}.Release|Win32.ActiveCfg = Release|Win32
		{AEFFEAA2-3E98-435A-80E1-5E9C92D01CA3}.Release|Win32.Build.0 = Release|Win32
		{00B0FF6A-D18D-450C-93D0-E5A0F7791C60}.Debug|Win32.ActiveCfg = Debug|Win32
		{00B0FF6A-D18D-450C-93D0-E5A0F7791C60}.Debug|Win32.Build.0 = Debug|Win32
		{00B0FF6A-D18D-450C-93D0-E5A0F7791C60}.Release|Win32.ActiveCfg = Release|Win32
		{00B0FF6A-D18D-450C-93D0-E5A0F7791C60}.Release|Win32.Build.0 = Release|Win32
	EndGlobalSection
	GlobalSection(SolutionProperties) = preSolution
		HideSolutionNode = FALSE
	EndGlobalSection
EndGlobal
