<?xml version="1.0" encoding="utf-8"?>
<Project ToolsVersion="4.0" xmlns="http://schemas.microsoft.com/developer/msbuild/2003">
  <ItemGroup>
    <Filter Include="Source Files">
      <UniqueIdentifier>{a5886e23-7951-4063-971e-5e26f7d07e50}</UniqueIdentifier>
      <Extensions>*.cpp</Extensions>
    </Filter>
    <Filter Include="Source Files\Sessions">
      <UniqueIdentifier>{db4f9821-9571-4acb-9aba-882832eb95d4}</UniqueIdentifier>
    </Filter>
    <Filter Include="Source Files\Displays">
      <UniqueIdentifier>{ecdba8b0-a522-4e4c-82c4-d2d4b2946bf8}</UniqueIdentifier>
    </Filter>
    <Filter Include="Source Files\Animations">
      <UniqueIdentifier>{63c5d2a2-d8e2-4197-bf29-64671eeee6d6}</UniqueIdentifier>
    </Filter>
    <Filter Include="Source Files\Utilities">
      <UniqueIdentifier>{53c353e0-e355-49af-9a6e-b762d37cf656}</UniqueIdentifier>
    </Filter>
    <Filter Include="Source Files\Dock Screens">
      <UniqueIdentifier>{fe19ade8-756f-4200-9b2c-386eac61f06d}</UniqueIdentifier>
    </Filter>
    <Filter Include="Source Files\Player">
      <UniqueIdentifier>{89c9e3f2-25ef-41a8-906e-de4e61c407d2}</UniqueIdentifier>
    </Filter>
    <Filter Include="Header Files">
      <UniqueIdentifier>{c94e9a25-546a-4e85-b87d-018322444002}</UniqueIdentifier>
      <Extensions>*.h</Extensions>
    </Filter>
    <Filter Include="Resources">
      <UniqueIdentifier>{e907d0cc-f231-4f78-baaa-977a771506a1}</UniqueIdentifier>
    </Filter>
    <Filter Include="Notes and Documents">
      <UniqueIdentifier>{64f46807-8cf9-4d33-9bb2-b2543826e0a6}</UniqueIdentifier>
    </Filter>
    <Filter Include="Source Files\Game Session">
      <UniqueIdentifier>{71f6b08b-1213-4ea9-b840-8e42661b07de}</UniqueIdentifier>
    </Filter>
    <Filter Include="SteamBuild">
      <UniqueIdentifier>{fc4384a3-226d-4c29-a344-98fc8a0ddece}</UniqueIdentifier>
    </Filter>
    <Filter Include="Source Files\Intro Session">
      <UniqueIdentifier>{5a650eb1-4f17-43ad-b2f3-0a076786ce4f}</UniqueIdentifier>
    </Filter>
    <Filter Include="Source Files\Artifact Awakening">
      <UniqueIdentifier>{87d58081-1ea7-431e-9628-572c79e4a22f}</UniqueIdentifier>
    </Filter>
  </ItemGroup>
  <ItemGroup>
    <ClCompile Include="CLoadGameWithSignInTask.cpp">
      <Filter>Source Files</Filter>
    </ClCompile>
    <ClCompile Include="CodeChainExtensions.cpp">
      <Filter>Source Files</Filter>
    </ClCompile>
    <ClCompile Include="CTranscendenceController.cpp">
      <Filter>Source Files</Filter>
    </ClCompile>
    <ClCompile Include="CTranscendenceModel.cpp">
      <Filter>Source Files</Filter>
    </ClCompile>
    <ClCompile Include="CTranscendenceWnd.cpp">
      <Filter>Source Files</Filter>
    </ClCompile>
    <ClCompile Include="Main.cpp">
      <Filter>Source Files</Filter>
    </ClCompile>
    <ClCompile Include="CAdventureIntroSession.cpp">
      <Filter>Source Files\Sessions</Filter>
    </ClCompile>
    <ClCompile Include="CChangePasswordSession.cpp">
      <Filter>Source Files\Sessions</Filter>
    </ClCompile>
    <ClCompile Include="CGalacticMapSession.cpp">
      <Filter>Source Files\Sessions</Filter>
    </ClCompile>
    <ClCompile Include="CHelpSession.cpp">
      <Filter>Source Files\Sessions</Filter>
    </ClCompile>
    <ClCompile Include="CLoadGameSession.cpp">
      <Filter>Source Files\Sessions</Filter>
    </ClCompile>
    <ClCompile Include="CLoadingSession.cpp">
      <Filter>Source Files\Sessions</Filter>
    </ClCompile>
    <ClCompile Include="CLoginSession.cpp">
      <Filter>Source Files\Sessions</Filter>
    </ClCompile>
    <ClCompile Include="CModExchangeSession.cpp">
      <Filter>Source Files\Sessions</Filter>
    </ClCompile>
    <ClCompile Include="CNewGameSession.cpp">
      <Filter>Source Files\Sessions</Filter>
    </ClCompile>
    <ClCompile Include="CProfileSession.cpp">
      <Filter>Source Files\Sessions</Filter>
    </ClCompile>
    <ClCompile Include="CStatsSession.cpp">
      <Filter>Source Files\Sessions</Filter>
    </ClCompile>
    <ClCompile Include="CTextCrawlSession.cpp">
      <Filter>Source Files\Sessions</Filter>
    </ClCompile>
    <ClCompile Include="CWaitSession.cpp">
      <Filter>Source Files\Sessions</Filter>
    </ClCompile>
    <ClCompile Include="CButtonBarDisplay.cpp">
      <Filter>Source Files\Displays</Filter>
    </ClCompile>
    <ClCompile Include="CCommandLineDisplay.cpp">
      <Filter>Source Files\Displays</Filter>
    </ClCompile>
    <ClCompile Include="CDeviceCounterDisplay.cpp">
      <Filter>Source Files\Displays</Filter>
    </ClCompile>
    <ClCompile Include="CGDrawArea.cpp">
      <Filter>Source Files\Displays</Filter>
    </ClCompile>
    <ClCompile Include="CGItemListArea.cpp">
      <Filter>Source Files\Displays</Filter>
    </ClCompile>
    <ClCompile Include="CGNeurohackArea.cpp">
      <Filter>Source Files\Displays</Filter>
    </ClCompile>
    <ClCompile Include="CMenuDisplay.cpp">
      <Filter>Source Files\Displays</Filter>
    </ClCompile>
    <ClCompile Include="CMessageDisplay.cpp">
      <Filter>Source Files\Displays</Filter>
    </ClCompile>
    <ClCompile Include="CPickerDisplay.cpp">
      <Filter>Source Files\Displays</Filter>
    </ClCompile>
    <ClCompile Include="CTextCrawlDisplay.cpp">
      <Filter>Source Files\Displays</Filter>
    </ClCompile>
    <ClCompile Include="GameStatsAnimation.cpp">
      <Filter>Source Files\Animations</Filter>
    </ClCompile>
    <ClCompile Include="CButtonBarData.cpp">
      <Filter>Source Files\Utilities</Filter>
    </ClCompile>
    <ClCompile Include="CGameKeys.cpp">
      <Filter>Source Files\Utilities</Filter>
    </ClCompile>
    <ClCompile Include="CGameSettings.cpp">
      <Filter>Source Files\Utilities</Filter>
    </ClCompile>
    <ClCompile Include="CHighScoreList.cpp">
      <Filter>Source Files\Utilities</Filter>
    </ClCompile>
    <ClCompile Include="CMenuData.cpp">
      <Filter>Source Files\Utilities</Filter>
    </ClCompile>
    <ClCompile Include="CUIResources.cpp">
      <Filter>Source Files\Utilities</Filter>
    </ClCompile>
    <ClCompile Include="GameOutput.cpp">
      <Filter>Source Files\Utilities</Filter>
    </ClCompile>
    <ClCompile Include="Utilities.cpp">
      <Filter>Source Files\Utilities</Filter>
    </ClCompile>
    <ClCompile Include="CDockScreen.cpp">
      <Filter>Source Files\Dock Screens</Filter>
    </ClCompile>
    <ClCompile Include="CDockScreenActions.cpp">
      <Filter>Source Files\Dock Screens</Filter>
    </ClCompile>
    <ClCompile Include="CUIMessageController.cpp">
      <Filter>Source Files\Player</Filter>
    </ClCompile>
    <ClCompile Include="PlayerController.cpp">
      <Filter>Source Files\Player</Filter>
    </ClCompile>
    <ClCompile Include="CChooseAdventureSession.cpp">
      <Filter>Source Files\Sessions</Filter>
    </ClCompile>
    <ClCompile Include="GameScreen.cpp">
      <Filter>Source Files\Game Session</Filter>
    </ClCompile>
    <ClCompile Include="CGameSession.cpp">
      <Filter>Source Files\Game Session</Filter>
    </ClCompile>
    <ClCompile Include="CDockScreenList.cpp">
      <Filter>Source Files\Dock Screens</Filter>
    </ClCompile>
    <ClCompile Include="CDockScreenCustomItemList.cpp">
      <Filter>Source Files\Dock Screens</Filter>
    </ClCompile>
    <ClCompile Include="CDockScreenItemList.cpp">
      <Filter>Source Files\Dock Screens</Filter>
    </ClCompile>
    <ClCompile Include="CDockScreenCustomList.cpp">
      <Filter>Source Files\Dock Screens</Filter>
    </ClCompile>
    <ClCompile Include="IDockScreenDisplay.cpp">
      <Filter>Source Files\Dock Screens</Filter>
    </ClCompile>
    <ClCompile Include="CDockScreenSelector.cpp">
      <Filter>Source Files\Dock Screens</Filter>
    </ClCompile>
    <ClCompile Include="CGSelectorArea.cpp">
      <Filter>Source Files\Displays</Filter>
    </ClCompile>
    <ClCompile Include="CDockPane.cpp">
      <Filter>Source Files\Dock Screens</Filter>
    </ClCompile>
    <ClCompile Include="CGItemDisplayArea.cpp">
      <Filter>Source Files\Displays</Filter>
    </ClCompile>
    <ClCompile Include="CTranscendencePlayer.cpp">
      <Filter>Source Files\Player</Filter>
    </ClCompile>
    <ClCompile Include="CIntroSession.cpp">
      <Filter>Source Files\Intro Session</Filter>
    </ClCompile>
    <ClCompile Include="CIntroShipController.cpp">
      <Filter>Source Files\Intro Session</Filter>
    </ClCompile>
    <ClCompile Include="IntroScreen.cpp">
      <Filter>Source Files\Intro Session</Filter>
    </ClCompile>
    <ClCompile Include="CHighScoreDisplay.cpp">
      <Filter>Source Files\Intro Session</Filter>
    </ClCompile>
    <ClCompile Include="CLRSDisplay.cpp">
      <Filter>Source Files\Displays</Filter>
    </ClCompile>
    <ClCompile Include="CGItemListDisplayArea.cpp">
      <Filter>Source Files\Displays</Filter>
    </ClCompile>
    <ClCompile Include="CKeyboardMapSession.cpp">
      <Filter>Source Files\Sessions</Filter>
    </ClCompile>
    <ClCompile Include="GameSessionAnimate.cpp">
      <Filter>Source Files\Game Session</Filter>
    </ClCompile>
    <ClCompile Include="CSystemMapDisplay.cpp">
      <Filter>Source Files\Game Session</Filter>
    </ClCompile>
    <ClCompile Include="CHeadsUpDisplay.cpp">
      <Filter>Source Files\Game Session</Filter>
    </ClCompile>
    <ClCompile Include="GameSessionCommands.cpp">
      <Filter>Source Files\Game Session</Filter>
    </ClCompile>
    <ClCompile Include="GameSessionInput.cpp">
      <Filter>Source Files\Game Session</Filter>
    </ClCompile>
    <ClCompile Include="CArtifactAICorePainter.cpp">
      <Filter>Source Files\Artifact Awakening</Filter>
    </ClCompile>
    <ClCompile Include="CGSubjugateArea.cpp">
      <Filter>Source Files\Artifact Awakening</Filter>
    </ClCompile>
    <ClCompile Include="CDockScreenSubjugate.cpp">
      <Filter>Source Files\Artifact Awakening</Filter>
    </ClCompile>
    <ClCompile Include="CDaimonButtonPainter.cpp">
      <Filter>Source Files\Artifact Awakening</Filter>
    </ClCompile>
    <ClCompile Include="CDaimonList.cpp">
      <Filter>Source Files\Artifact Awakening</Filter>
    </ClCompile>
    <ClCompile Include="CDaimonListPainter.cpp">
      <Filter>Source Files\Artifact Awakening</Filter>
    </ClCompile>
    <ClCompile Include="CArtifactAwakenVisuals.cpp">
      <Filter>Source Files\Artifact Awakening</Filter>
    </ClCompile>
    <ClCompile Include="CArtifactStatPainter.cpp">
      <Filter>Source Files\Artifact Awakening</Filter>
    </ClCompile>
    <ClCompile Include="CArtifactResultPainter.cpp">
      <Filter>Source Files\Artifact Awakening</Filter>
    </ClCompile>
    <ClCompile Include="CArtifactMessagePainter.cpp">
      <Filter>Source Files\Artifact Awakening</Filter>
    </ClCompile>
    <ClCompile Include="CManeuverController.cpp">
      <Filter>Source Files\Player</Filter>
    </ClCompile>
    <ClCompile Include="CDockScreenCarousel.cpp">
      <Filter>Source Files\Dock Screens</Filter>
    </ClCompile>
    <ClCompile Include="CGCarouselArea.cpp">
      <Filter>Source Files\Displays</Filter>
    </ClCompile>
    <ClCompile Include="CDetailList.cpp">
      <Filter>Source Files\Displays</Filter>
    </ClCompile>
    <ClCompile Include="CGDetailsArea.cpp">
      <Filter>Source Files\Displays</Filter>
    </ClCompile>
    <ClCompile Include="CDockScreenDetailsPane.cpp">
      <Filter>Source Files\Dock Screens</Filter>
    </ClCompile>
  </ItemGroup>
  <ItemGroup>
    <ClInclude Include="BackgroundTasks.h">
      <Filter>Header Files</Filter>
    </ClInclude>
    <ClInclude Include="Credits.h">
      <Filter>Header Files</Filter>
    </ClInclude>
    <ClInclude Include="PreComp.h">
      <Filter>Header Files</Filter>
    </ClInclude>
    <ClInclude Include="Sessions.h">
      <Filter>Header Files</Filter>
    </ClInclude>
    <ClInclude Include="Transcendence.h">
      <Filter>Header Files</Filter>
    </ClInclude>
    <ClInclude Include="resource.h">
      <Filter>Header Files</Filter>
    </ClInclude>
    <ClInclude Include="DockScreen.h">
      <Filter>Header Files</Filter>
    </ClInclude>
    <ClInclude Include="CGAreas.h">
      <Filter>Header Files</Filter>
    </ClInclude>
    <ClInclude Include="DockScreenDisplayImpl.h">
      <Filter>Header Files</Filter>
    </ClInclude>
    <ClInclude Include="IntroSession.h">
      <Filter>Header Files</Filter>
    </ClInclude>
    <ClInclude Include="GameSettings.h">
      <Filter>Header Files</Filter>
    </ClInclude>
    <ClInclude Include="GameSession.h">
      <Filter>Header Files</Filter>
    </ClInclude>
    <ClInclude Include="DockScreenSubjugate.h">
      <Filter>Header Files</Filter>
    </ClInclude>
    <ClInclude Include="KeyboardMapData.h">
      <Filter>Header Files</Filter>
    </ClInclude>
    <ClInclude Include="GameSessionDisplays.h">
      <Filter>Header Files</Filter>
    </ClInclude>
    <ClInclude Include="PlayerShip.h">
      <Filter>Header Files</Filter>
    </ClInclude>
  </ItemGroup>
  <ItemGroup>
    <None Include="..\.gitignore">
      <Filter>Notes and Documents</Filter>
    </None>
    <None Include="..\LICENSE">
      <Filter>Notes and Documents</Filter>
    </None>
    <None Include="..\README">
      <Filter>Notes and Documents</Filter>
    </None>
    <None Include="..\Game\Readme.htm">
      <Filter>Notes and Documents</Filter>
    </None>
    <None Include="..\Game\ReadmeSource.htm">
      <Filter>Notes and Documents</Filter>
    </None>
    <None Include="..\Game\ReadmeStub.htm">
      <Filter>Notes and Documents</Filter>
    </None>
    <None Include="Resources\Header.dxfn">
      <Filter>Resources</Filter>
    </None>
    <None Include="Resources\HeaderBold.dxfn">
      <Filter>Resources</Filter>
    </None>
    <None Include="Resources\LogoTitle.dxfn">
      <Filter>Resources</Filter>
    </None>
    <None Include="Resources\SubTitle.dxfn">
      <Filter>Resources</Filter>
    </None>
    <None Include="Resources\SubTitleBold.dxfn">
      <Filter>Resources</Filter>
    </None>
    <None Include="Resources\SubTitleHeavyBold.dxfn">
      <Filter>Resources</Filter>
    </None>
    <None Include="Resources\Title.dxfn">
      <Filter>Resources</Filter>
    </None>
    <None Include="..\..\..\SteamBuild\ContentBuilder\scripts\app_build_1000.vdf">
      <Filter>SteamBuild</Filter>
    </None>
    <None Include="..\..\..\SteamBuild\ContentBuilder\scripts\depot_build_1001.vdf">
      <Filter>SteamBuild</Filter>
    </None>
  </ItemGroup>
  <ItemGroup>
    <ResourceCompile Include="Transcendence.rc">
      <Filter>Resources</Filter>
    </ResourceCompile>
  </ItemGroup>
  <ItemGroup>
    <Text Include="..\Docs\Checklist.txt">
      <Filter>Notes and Documents</Filter>
    </Text>
    <Text Include="..\Docs\FeaturesByLevel.txt">
      <Filter>Notes and Documents</Filter>
    </Text>
    <Text Include="..\Docs\FunctionReference.txt">
      <Filter>Notes and Documents</Filter>
    </Text>
    <Text Include="..\Docs\ItemSuggestions.txt">
      <Filter>Notes and Documents</Filter>
    </Text>
  </ItemGroup>
  <ItemGroup>
    <Image Include="Resources\DamageTypes.jpg">
      <Filter>Resources</Filter>
    </Image>
    <Image Include="Resources\DamageTypesMask.bmp">
      <Filter>Resources</Filter>
    </Image>
    <Image Include="Resources\Game Stats Screen.jpg">
      <Filter>Resources</Filter>
    </Image>
    <Image Include="Resources\GameButtonIcons.jpg">
      <Filter>Resources</Filter>
    </Image>
    <Image Include="Resources\GameButtonIconsMask.bmp">
      <Filter>Resources</Filter>
    </Image>
    <Image Include="Resources\Help Screen.jpg">
      <Filter>Resources</Filter>
    </Image>
    <Image Include="Resources\IconDisplay.JPG">
      <Filter>Resources</Filter>
    </Image>
    <Image Include="Resources\SelectShipIcons.jpg">
      <Filter>Resources</Filter>
    </Image>
    <Image Include="Resources\SelectShipIconsMask.bmp">
      <Filter>Resources</Filter>
    </Image>
    <Image Include="Resources\Stargate.JPG">
      <Filter>Resources</Filter>
    </Image>
    <Image Include="Resources\StargateMask.BMP">
      <Filter>Resources</Filter>
    </Image>
    <Image Include="Resources\Title.JPG">
      <Filter>Resources</Filter>
    </Image>
    <Image Include="Resources\Transcendence.ico">
      <Filter>Resources</Filter>
    </Image>
    <Image Include="Resources\UIIcons.jpg">
      <Filter>Resources</Filter>
    </Image>
    <Image Include="Resources\UIIconsMask.bmp">
      <Filter>Resources</Filter>
    </Image>
  </ItemGroup>
</Project>