<?xml version="1.0" encoding="utf-8"?>
<Project ToolsVersion="4.0" xmlns="http://schemas.microsoft.com/developer/msbuild/2003">
  <ItemGroup>
    <Filter Include="Source Files">
      <UniqueIdentifier>{791957ea-cace-4edc-906d-bfe01755d0bd}</UniqueIdentifier>
      <Extensions>cpp;c;cxx;rc;def;r;odl;hpj;bat;for;f90</Extensions>
    </Filter>
    <Filter Include="Source Files\Libraries">
      <UniqueIdentifier>{068a35ab-55d6-4baa-9427-208318367ff8}</UniqueIdentifier>
    </Filter>
    <Filter Include="Source Files\Pages">
      <UniqueIdentifier>{8024f9b0-0f35-41e9-b59e-61d235bda94c}</UniqueIdentifier>
    </Filter>
    <Filter Include="Header Files">
      <UniqueIdentifier>{883dc987-0c14-43b7-9d3c-b0c72b16f3d0}</UniqueIdentifier>
      <Extensions>h;hpp;hxx;hm;inl;fi;fd</Extensions>
    </Filter>
    <Filter Include="Resource Files">
      <UniqueIdentifier>{83500c37-ef82-41c3-b395-769e337dc6ed}</UniqueIdentifier>
      <Extensions>ico;cur;bmp;dlg;rc2;rct;bin;cnt;rtf;gif;jpg;jpeg;jpe</Extensions>
    </Filter>
  </ItemGroup>
  <ItemGroup>
    <ClCompile Include="CCAtomTable.cpp">
      <Filter>Source Files</Filter>
    </ClCompile>
    <ClCompile Include="CCInteger.cpp">
      <Filter>Source Files</Filter>
    </ClCompile>
    <ClCompile Include="CCItemPool.cpp">
      <Filter>Source Files</Filter>
    </ClCompile>
    <ClCompile Include="CCLambda.cpp">
      <Filter>Source Files</Filter>
    </ClCompile>
    <ClCompile Include="CCLinkedList.cpp">
      <Filter>Source Files</Filter>
    </ClCompile>
    <ClCompile Include="CCNil.cpp">
      <Filter>Source Files</Filter>
    </ClCompile>
    <ClCompile Include="CConsPool.cpp">
      <Filter>Source Files</Filter>
    </ClCompile>
    <ClCompile Include="CCPrimitive.cpp">
      <Filter>Source Files</Filter>
    </ClCompile>
    <ClCompile Include="CCString.cpp">
      <Filter>Source Files</Filter>
    </ClCompile>
    <ClCompile Include="CCSymbolTable.cpp">
      <Filter>Source Files</Filter>
    </ClCompile>
    <ClCompile Include="CCTrue.cpp">
      <Filter>Source Files</Filter>
    </ClCompile>
    <ClCompile Include="CCVector.cpp">
      <Filter>Source Files</Filter>
    </ClCompile>
    <ClCompile Include="CodeChain.cpp">
      <Filter>Source Files</Filter>
    </ClCompile>
    <ClCompile Include="Functions.cpp">
      <Filter>Source Files</Filter>
    </ClCompile>
    <ClCompile Include="ICCItem.cpp">
      <Filter>Source Files</Filter>
    </ClCompile>
    <ClCompile Include="Link.cpp">
      <Filter>Source Files</Filter>
    </ClCompile>
    <ClCompile Include="LoadApp.cpp">
      <Filter>Source Files</Filter>
    </ClCompile>
    <ClCompile Include="pageLibrary.cpp">
      <Filter>Source Files\Libraries</Filter>
    </ClCompile>
    <ClCompile Include="CPageManager.cpp">
      <Filter>Source Files\Pages</Filter>
    </ClCompile>
    <ClCompile Include="CTextFilePage.cpp">
      <Filter>Source Files\Pages</Filter>
    </ClCompile>
  </ItemGroup>
  <ItemGroup>
    <ClInclude Include="..\..\Includes\CodeChain.h">
      <Filter>Header Files</Filter>
    </ClInclude>
    <ClInclude Include="DefPrimitives.h">
      <Filter>Header Files</Filter>
    </ClInclude>
    <ClInclude Include="Functions.h">
      <Filter>Header Files</Filter>
    </ClInclude>
    <ClInclude Include="Pages.h">
      <Filter>Header Files</Filter>
    </ClInclude>
  </ItemGroup>
</Project>